
Microsoft Visual Studio Solution File, Format Version 10.00
# Visual C# Express 2008
Project("{FAE04EC0-301F-11D3-BF4B-00C04F79EFBC}") = "pal_control", "pal_control\pal_control.csproj", "{C9AD0D33-7F72-4E7B-AC03-DDAE54BA72A5}"
EndProject
Global
	GlobalSection(SolutionConfigurationPlatforms) = preSolution
		Debug|Any CPU = Debug|Any CPU
		Release|Any CPU = Release|Any CPU
	EndGlobalSection
	GlobalSection(ProjectConfigurationPlatforms) = postSolution
		{C9AD0D33-7F72-4E7B-AC03-DDAE54BA72A5}.Debug|Any CPU.ActiveCfg = Debug|Any CPU
		{C9AD0D33-7F72-4E7B-AC03-DDAE54BA72A5}.Debug|Any CPU.Build.0 = Debug|Any CPU
		{C9AD0D33-7F72-4E7B-AC03-DDAE54BA72A5}.Release|Any CPU.ActiveCfg = Release|Any CPU
		{C9AD0D33-7F72-4E7B-AC03-DDAE54BA72A5}.Release|Any CPU.Build.0 = Release|Any CPU
	EndGlobalSection
	GlobalSection(SolutionProperties) = preSolution
		HideSolutionNode = FALSE
	EndGlobalSection
EndGlobal
