
Microsoft Visual Studio Solution File, Format Version 12.00
# Visual Studio 2013
VisualStudioVersion = 12.0.30723.0
MinimumVisualStudioVersion = 10.0.40219.1
Project("{FAE04EC0-301F-11D3-BF4B-00C04F79EFBC}") = "FluidicsSimulator", "FluidicsSimulator\FluidicsSimulator.csproj", "{36D7F168-8910-4126-A2C8-F0C78398D64D}"
EndProject
Project("{FAE04EC0-301F-11D3-BF4B-00C04F79EFBC}") = "PDFGen", "PDFGen\PDFGen.csproj", "{76F845F5-FDC2-45E5-BE2C-5EFC6FE60E79}"
EndProject
Project("{FAE04EC0-301F-11D3-BF4B-00C04F79EFBC}") = "LcmsNetSDK", "LcmsNetSDK\LcmsNetSDK.csproj", "{DDCCB3F9-7B2B-43F2-B98F-40644BEA2A85}"
EndProject
Project("{FAE04EC0-301F-11D3-BF4B-00C04F79EFBC}") = "FluidicsSDK", "FluidicsSDK\FluidicsSDK.csproj", "{150D2DD0-F6AE-4E64-9499-B91B7A01D5AD}"
EndProject
Project("{2150E333-8FDC-42A3-9474-1A3956D46DE8}") = "Tests", "Tests", "{D6317C97-85E3-400C-B374-3FAA2A3226D6}"
EndProject
Project("{FAE04EC0-301F-11D3-BF4B-00C04F79EFBC}") = "LcmsNetSDKUnitTests", "LcmsNetSDKUnitTests\LcmsNetSDKUnitTests.csproj", "{21CFC3A0-B761-46D2-9E41-E7D75E3AE1B9}"
	ProjectSection(ProjectDependencies) = postProject
		{DDCCB3F9-7B2B-43F2-B98F-40644BEA2A85} = {DDCCB3F9-7B2B-43F2-B98F-40644BEA2A85}
	EndProjectSection
EndProject
Project("{FAE04EC0-301F-11D3-BF4B-00C04F79EFBC}") = "FluidicsSDKUnitTests", "FluidicsSDKUnitTests\FluidicsSDKUnitTests.csproj", "{3DE94267-3EEE-4B9D-887D-B97A6CD07698}"
EndProject
Project("{FAE04EC0-301F-11D3-BF4B-00C04F79EFBC}") = "FluidicsPack", "FluidicsPack\FluidicsPack.csproj", "{6544BDEA-10AE-4867-AFC2-8113D7983D7D}"
	ProjectSection(ProjectDependencies) = postProject
		{150D2DD0-F6AE-4E64-9499-B91B7A01D5AD} = {150D2DD0-F6AE-4E64-9499-B91B7A01D5AD}
		{DDCCB3F9-7B2B-43F2-B98F-40644BEA2A85} = {DDCCB3F9-7B2B-43F2-B98F-40644BEA2A85}
	EndProjectSection
EndProject
Project("{FAE04EC0-301F-11D3-BF4B-00C04F79EFBC}") = "CoreSampleValidator", "CoreSampleValidator\CoreSampleValidator.csproj", "{6B4EA740-F750-43A6-A0EA-522A06B22331}"
EndProject
Global
	GlobalSection(SolutionConfigurationPlatforms) = preSolution
		Debug|Any CPU = Debug|Any CPU
		Debug|Mixed Platforms = Debug|Mixed Platforms
		Debug|x86 = Debug|x86
		PNNLRelease|Any CPU = PNNLRelease|Any CPU
		PNNLRelease|Mixed Platforms = PNNLRelease|Mixed Platforms
		PNNLRelease|x86 = PNNLRelease|x86
		Release|Any CPU = Release|Any CPU
		Release|Mixed Platforms = Release|Mixed Platforms
		Release|x86 = Release|x86
	EndGlobalSection
	GlobalSection(ProjectConfigurationPlatforms) = postSolution
		{36D7F168-8910-4126-A2C8-F0C78398D64D}.Debug|Any CPU.ActiveCfg = Debug|Any CPU
		{36D7F168-8910-4126-A2C8-F0C78398D64D}.Debug|Any CPU.Build.0 = Debug|Any CPU
		{36D7F168-8910-4126-A2C8-F0C78398D64D}.Debug|Mixed Platforms.ActiveCfg = Debug|x86
		{36D7F168-8910-4126-A2C8-F0C78398D64D}.Debug|Mixed Platforms.Build.0 = Debug|x86
		{36D7F168-8910-4126-A2C8-F0C78398D64D}.Debug|x86.ActiveCfg = Debug|x86
		{36D7F168-8910-4126-A2C8-F0C78398D64D}.Debug|x86.Build.0 = Debug|x86
		{36D7F168-8910-4126-A2C8-F0C78398D64D}.PNNLRelease|Any CPU.ActiveCfg = PNNLRelease|Any CPU
		{36D7F168-8910-4126-A2C8-F0C78398D64D}.PNNLRelease|Any CPU.Build.0 = PNNLRelease|Any CPU
		{36D7F168-8910-4126-A2C8-F0C78398D64D}.PNNLRelease|Mixed Platforms.ActiveCfg = PNNLRelease|x86
		{36D7F168-8910-4126-A2C8-F0C78398D64D}.PNNLRelease|Mixed Platforms.Build.0 = PNNLRelease|x86
		{36D7F168-8910-4126-A2C8-F0C78398D64D}.PNNLRelease|x86.ActiveCfg = PNNLRelease|x86
		{36D7F168-8910-4126-A2C8-F0C78398D64D}.PNNLRelease|x86.Build.0 = PNNLRelease|x86
		{36D7F168-8910-4126-A2C8-F0C78398D64D}.Release|Any CPU.ActiveCfg = PNNLRelease|Any CPU
		{36D7F168-8910-4126-A2C8-F0C78398D64D}.Release|Any CPU.Build.0 = PNNLRelease|Any CPU
		{36D7F168-8910-4126-A2C8-F0C78398D64D}.Release|Mixed Platforms.ActiveCfg = PNNLRelease|x86
		{36D7F168-8910-4126-A2C8-F0C78398D64D}.Release|Mixed Platforms.Build.0 = PNNLRelease|x86
		{36D7F168-8910-4126-A2C8-F0C78398D64D}.Release|x86.ActiveCfg = PNNLRelease|x86
		{36D7F168-8910-4126-A2C8-F0C78398D64D}.Release|x86.Build.0 = PNNLRelease|x86
		{76F845F5-FDC2-45E5-BE2C-5EFC6FE60E79}.Debug|Any CPU.ActiveCfg = Debug|Any CPU
		{76F845F5-FDC2-45E5-BE2C-5EFC6FE60E79}.Debug|Any CPU.Build.0 = Debug|Any CPU
		{76F845F5-FDC2-45E5-BE2C-5EFC6FE60E79}.Debug|Mixed Platforms.ActiveCfg = Debug|x86
		{76F845F5-FDC2-45E5-BE2C-5EFC6FE60E79}.Debug|Mixed Platforms.Build.0 = Debug|x86
		{76F845F5-FDC2-45E5-BE2C-5EFC6FE60E79}.Debug|x86.ActiveCfg = Debug|x86
		{76F845F5-FDC2-45E5-BE2C-5EFC6FE60E79}.Debug|x86.Build.0 = Debug|x86
		{76F845F5-FDC2-45E5-BE2C-5EFC6FE60E79}.PNNLRelease|Any CPU.ActiveCfg = PNNLRelease|Any CPU
		{76F845F5-FDC2-45E5-BE2C-5EFC6FE60E79}.PNNLRelease|Any CPU.Build.0 = PNNLRelease|Any CPU
		{76F845F5-FDC2-45E5-BE2C-5EFC6FE60E79}.PNNLRelease|Mixed Platforms.ActiveCfg = PNNLRelease|x86
		{76F845F5-FDC2-45E5-BE2C-5EFC6FE60E79}.PNNLRelease|Mixed Platforms.Build.0 = PNNLRelease|x86
		{76F845F5-FDC2-45E5-BE2C-5EFC6FE60E79}.PNNLRelease|x86.ActiveCfg = PNNLRelease|x86
		{76F845F5-FDC2-45E5-BE2C-5EFC6FE60E79}.PNNLRelease|x86.Build.0 = PNNLRelease|x86
		{76F845F5-FDC2-45E5-BE2C-5EFC6FE60E79}.Release|Any CPU.ActiveCfg = PNNLRelease|Any CPU
		{76F845F5-FDC2-45E5-BE2C-5EFC6FE60E79}.Release|Any CPU.Build.0 = PNNLRelease|Any CPU
		{76F845F5-FDC2-45E5-BE2C-5EFC6FE60E79}.Release|Mixed Platforms.ActiveCfg = PNNLRelease|x86
		{76F845F5-FDC2-45E5-BE2C-5EFC6FE60E79}.Release|Mixed Platforms.Build.0 = PNNLRelease|x86
		{76F845F5-FDC2-45E5-BE2C-5EFC6FE60E79}.Release|x86.ActiveCfg = PNNLRelease|x86
		{76F845F5-FDC2-45E5-BE2C-5EFC6FE60E79}.Release|x86.Build.0 = PNNLRelease|x86
		{DDCCB3F9-7B2B-43F2-B98F-40644BEA2A85}.Debug|Any CPU.ActiveCfg = Debug|x86
		{DDCCB3F9-7B2B-43F2-B98F-40644BEA2A85}.Debug|Mixed Platforms.ActiveCfg = Debug|x86
		{DDCCB3F9-7B2B-43F2-B98F-40644BEA2A85}.Debug|Mixed Platforms.Build.0 = Debug|x86
		{DDCCB3F9-7B2B-43F2-B98F-40644BEA2A85}.Debug|x86.ActiveCfg = Debug|x86
		{DDCCB3F9-7B2B-43F2-B98F-40644BEA2A85}.Debug|x86.Build.0 = Debug|x86
		{DDCCB3F9-7B2B-43F2-B98F-40644BEA2A85}.PNNLRelease|Any CPU.ActiveCfg = PNNLRelease|x86
		{DDCCB3F9-7B2B-43F2-B98F-40644BEA2A85}.PNNLRelease|Mixed Platforms.ActiveCfg = PNNLRelease|x86
		{DDCCB3F9-7B2B-43F2-B98F-40644BEA2A85}.PNNLRelease|Mixed Platforms.Build.0 = PNNLRelease|x86
		{DDCCB3F9-7B2B-43F2-B98F-40644BEA2A85}.PNNLRelease|x86.ActiveCfg = PNNLRelease|x86
		{DDCCB3F9-7B2B-43F2-B98F-40644BEA2A85}.PNNLRelease|x86.Build.0 = PNNLRelease|x86
		{DDCCB3F9-7B2B-43F2-B98F-40644BEA2A85}.Release|Any CPU.ActiveCfg = PNNLRelease|x86
		{DDCCB3F9-7B2B-43F2-B98F-40644BEA2A85}.Release|Mixed Platforms.ActiveCfg = PNNLRelease|x86
		{DDCCB3F9-7B2B-43F2-B98F-40644BEA2A85}.Release|Mixed Platforms.Build.0 = PNNLRelease|x86
		{DDCCB3F9-7B2B-43F2-B98F-40644BEA2A85}.Release|x86.ActiveCfg = PNNLRelease|x86
		{DDCCB3F9-7B2B-43F2-B98F-40644BEA2A85}.Release|x86.Build.0 = PNNLRelease|x86
		{150D2DD0-F6AE-4E64-9499-B91B7A01D5AD}.Debug|Any CPU.ActiveCfg = Debug|Any CPU
		{150D2DD0-F6AE-4E64-9499-B91B7A01D5AD}.Debug|Any CPU.Build.0 = Debug|Any CPU
		{150D2DD0-F6AE-4E64-9499-B91B7A01D5AD}.Debug|Mixed Platforms.ActiveCfg = Debug|x86
		{150D2DD0-F6AE-4E64-9499-B91B7A01D5AD}.Debug|Mixed Platforms.Build.0 = Debug|x86
		{150D2DD0-F6AE-4E64-9499-B91B7A01D5AD}.Debug|x86.ActiveCfg = Debug|x86
		{150D2DD0-F6AE-4E64-9499-B91B7A01D5AD}.Debug|x86.Build.0 = Debug|x86
		{150D2DD0-F6AE-4E64-9499-B91B7A01D5AD}.PNNLRelease|Any CPU.ActiveCfg = PNNLRelease|Any CPU
		{150D2DD0-F6AE-4E64-9499-B91B7A01D5AD}.PNNLRelease|Any CPU.Build.0 = PNNLRelease|Any CPU
		{150D2DD0-F6AE-4E64-9499-B91B7A01D5AD}.PNNLRelease|Mixed Platforms.ActiveCfg = PNNLRelease|x86
		{150D2DD0-F6AE-4E64-9499-B91B7A01D5AD}.PNNLRelease|Mixed Platforms.Build.0 = PNNLRelease|x86
		{150D2DD0-F6AE-4E64-9499-B91B7A01D5AD}.PNNLRelease|x86.ActiveCfg = PNNLRelease|x86
		{150D2DD0-F6AE-4E64-9499-B91B7A01D5AD}.PNNLRelease|x86.Build.0 = PNNLRelease|x86
		{150D2DD0-F6AE-4E64-9499-B91B7A01D5AD}.Release|Any CPU.ActiveCfg = PNNLRelease|Any CPU
		{150D2DD0-F6AE-4E64-9499-B91B7A01D5AD}.Release|Any CPU.Build.0 = PNNLRelease|Any CPU
		{150D2DD0-F6AE-4E64-9499-B91B7A01D5AD}.Release|Mixed Platforms.ActiveCfg = PNNLRelease|x86
		{150D2DD0-F6AE-4E64-9499-B91B7A01D5AD}.Release|Mixed Platforms.Build.0 = PNNLRelease|x86
		{150D2DD0-F6AE-4E64-9499-B91B7A01D5AD}.Release|x86.ActiveCfg = PNNLRelease|x86
		{150D2DD0-F6AE-4E64-9499-B91B7A01D5AD}.Release|x86.Build.0 = PNNLRelease|x86
		{21CFC3A0-B761-46D2-9E41-E7D75E3AE1B9}.Debug|Any CPU.ActiveCfg = Debug|Any CPU
		{21CFC3A0-B761-46D2-9E41-E7D75E3AE1B9}.Debug|Any CPU.Build.0 = Debug|Any CPU
		{21CFC3A0-B761-46D2-9E41-E7D75E3AE1B9}.Debug|Mixed Platforms.ActiveCfg = Debug|Any CPU
		{21CFC3A0-B761-46D2-9E41-E7D75E3AE1B9}.Debug|Mixed Platforms.Build.0 = Debug|Any CPU
		{21CFC3A0-B761-46D2-9E41-E7D75E3AE1B9}.Debug|x86.ActiveCfg = Debug|Any CPU
		{21CFC3A0-B761-46D2-9E41-E7D75E3AE1B9}.PNNLRelease|Any CPU.ActiveCfg = Release|Any CPU
		{21CFC3A0-B761-46D2-9E41-E7D75E3AE1B9}.PNNLRelease|Any CPU.Build.0 = Release|Any CPU
		{21CFC3A0-B761-46D2-9E41-E7D75E3AE1B9}.PNNLRelease|Mixed Platforms.ActiveCfg = Release|Any CPU
		{21CFC3A0-B761-46D2-9E41-E7D75E3AE1B9}.PNNLRelease|Mixed Platforms.Build.0 = Release|Any CPU
		{21CFC3A0-B761-46D2-9E41-E7D75E3AE1B9}.PNNLRelease|x86.ActiveCfg = Release|Any CPU
		{21CFC3A0-B761-46D2-9E41-E7D75E3AE1B9}.Release|Any CPU.ActiveCfg = Release|Any CPU
		{21CFC3A0-B761-46D2-9E41-E7D75E3AE1B9}.Release|Any CPU.Build.0 = Release|Any CPU
		{21CFC3A0-B761-46D2-9E41-E7D75E3AE1B9}.Release|Mixed Platforms.ActiveCfg = Release|Any CPU
		{21CFC3A0-B761-46D2-9E41-E7D75E3AE1B9}.Release|Mixed Platforms.Build.0 = Release|Any CPU
		{21CFC3A0-B761-46D2-9E41-E7D75E3AE1B9}.Release|x86.ActiveCfg = Release|Any CPU
		{3DE94267-3EEE-4B9D-887D-B97A6CD07698}.Debug|Any CPU.ActiveCfg = Debug|Any CPU
		{3DE94267-3EEE-4B9D-887D-B97A6CD07698}.Debug|Any CPU.Build.0 = Debug|Any CPU
		{3DE94267-3EEE-4B9D-887D-B97A6CD07698}.Debug|Mixed Platforms.ActiveCfg = Debug|x86
		{3DE94267-3EEE-4B9D-887D-B97A6CD07698}.Debug|Mixed Platforms.Build.0 = Debug|x86
		{3DE94267-3EEE-4B9D-887D-B97A6CD07698}.Debug|x86.ActiveCfg = Debug|x86
		{3DE94267-3EEE-4B9D-887D-B97A6CD07698}.Debug|x86.Build.0 = Debug|x86
		{3DE94267-3EEE-4B9D-887D-B97A6CD07698}.PNNLRelease|Any CPU.ActiveCfg = PNNLRelease|Any CPU
		{3DE94267-3EEE-4B9D-887D-B97A6CD07698}.PNNLRelease|Any CPU.Build.0 = PNNLRelease|Any CPU
		{3DE94267-3EEE-4B9D-887D-B97A6CD07698}.PNNLRelease|Mixed Platforms.ActiveCfg = PNNLRelease|x86
		{3DE94267-3EEE-4B9D-887D-B97A6CD07698}.PNNLRelease|Mixed Platforms.Build.0 = PNNLRelease|x86
		{3DE94267-3EEE-4B9D-887D-B97A6CD07698}.PNNLRelease|x86.ActiveCfg = PNNLRelease|x86
		{3DE94267-3EEE-4B9D-887D-B97A6CD07698}.Release|Any CPU.ActiveCfg = PNNLRelease|Any CPU
		{3DE94267-3EEE-4B9D-887D-B97A6CD07698}.Release|Any CPU.Build.0 = PNNLRelease|Any CPU
		{3DE94267-3EEE-4B9D-887D-B97A6CD07698}.Release|Mixed Platforms.ActiveCfg = PNNLRelease|x86
		{3DE94267-3EEE-4B9D-887D-B97A6CD07698}.Release|Mixed Platforms.Build.0 = PNNLRelease|x86
		{3DE94267-3EEE-4B9D-887D-B97A6CD07698}.Release|x86.ActiveCfg = PNNLRelease|x86
		{3DE94267-3EEE-4B9D-887D-B97A6CD07698}.Release|x86.Build.0 = PNNLRelease|x86
		{6544BDEA-10AE-4867-AFC2-8113D7983D7D}.Debug|Any CPU.ActiveCfg = Debug|Any CPU
		{6544BDEA-10AE-4867-AFC2-8113D7983D7D}.Debug|Any CPU.Build.0 = Debug|Any CPU
		{6544BDEA-10AE-4867-AFC2-8113D7983D7D}.Debug|Mixed Platforms.ActiveCfg = Debug|x86
		{6544BDEA-10AE-4867-AFC2-8113D7983D7D}.Debug|Mixed Platforms.Build.0 = Debug|x86
		{6544BDEA-10AE-4867-AFC2-8113D7983D7D}.Debug|x86.ActiveCfg = Debug|x86
		{6544BDEA-10AE-4867-AFC2-8113D7983D7D}.Debug|x86.Build.0 = Debug|x86
		{6544BDEA-10AE-4867-AFC2-8113D7983D7D}.PNNLRelease|Any CPU.ActiveCfg = PNNLRelease|Any CPU
		{6544BDEA-10AE-4867-AFC2-8113D7983D7D}.PNNLRelease|Any CPU.Build.0 = PNNLRelease|Any CPU
		{6544BDEA-10AE-4867-AFC2-8113D7983D7D}.PNNLRelease|Mixed Platforms.ActiveCfg = PNNLRelease|x86
		{6544BDEA-10AE-4867-AFC2-8113D7983D7D}.PNNLRelease|Mixed Platforms.Build.0 = PNNLRelease|x86
		{6544BDEA-10AE-4867-AFC2-8113D7983D7D}.PNNLRelease|x86.ActiveCfg = PNNLRelease|x86
		{6544BDEA-10AE-4867-AFC2-8113D7983D7D}.PNNLRelease|x86.Build.0 = PNNLRelease|x86
		{6544BDEA-10AE-4867-AFC2-8113D7983D7D}.Release|Any CPU.ActiveCfg = PNNLRelease|Any CPU
		{6544BDEA-10AE-4867-AFC2-8113D7983D7D}.Release|Any CPU.Build.0 = PNNLRelease|Any CPU
		{6544BDEA-10AE-4867-AFC2-8113D7983D7D}.Release|Mixed Platforms.ActiveCfg = PNNLRelease|x86
		{6544BDEA-10AE-4867-AFC2-8113D7983D7D}.Release|Mixed Platforms.Build.0 = PNNLRelease|x86
		{6544BDEA-10AE-4867-AFC2-8113D7983D7D}.Release|x86.ActiveCfg = PNNLRelease|x86
		{6544BDEA-10AE-4867-AFC2-8113D7983D7D}.Release|x86.Build.0 = PNNLRelease|x86
		{6B4EA740-F750-43A6-A0EA-522A06B22331}.Debug|Any CPU.ActiveCfg = Debug|Any CPU
		{6B4EA740-F750-43A6-A0EA-522A06B22331}.Debug|Any CPU.Build.0 = Debug|Any CPU
		{6B4EA740-F750-43A6-A0EA-522A06B22331}.Debug|Mixed Platforms.ActiveCfg = Debug|Any CPU
		{6B4EA740-F750-43A6-A0EA-522A06B22331}.Debug|Mixed Platforms.Build.0 = Debug|Any CPU
		{6B4EA740-F750-43A6-A0EA-522A06B22331}.Debug|x86.ActiveCfg = Debug|x86
		{6B4EA740-F750-43A6-A0EA-522A06B22331}.Debug|x86.Build.0 = Debug|x86
		{6B4EA740-F750-43A6-A0EA-522A06B22331}.PNNLRelease|Any CPU.ActiveCfg = Release|Any CPU
		{6B4EA740-F750-43A6-A0EA-522A06B22331}.PNNLRelease|Any CPU.Build.0 = Release|Any CPU
		{6B4EA740-F750-43A6-A0EA-522A06B22331}.PNNLRelease|Mixed Platforms.ActiveCfg = Release|Any CPU
		{6B4EA740-F750-43A6-A0EA-522A06B22331}.PNNLRelease|Mixed Platforms.Build.0 = Release|Any CPU
		{6B4EA740-F750-43A6-A0EA-522A06B22331}.PNNLRelease|x86.ActiveCfg = PNNLRelease|x86
		{6B4EA740-F750-43A6-A0EA-522A06B22331}.PNNLRelease|x86.Build.0 = PNNLRelease|x86
		{6B4EA740-F750-43A6-A0EA-522A06B22331}.Release|Any CPU.ActiveCfg = Release|Any CPU
		{6B4EA740-F750-43A6-A0EA-522A06B22331}.Release|Any CPU.Build.0 = Release|Any CPU
		{6B4EA740-F750-43A6-A0EA-522A06B22331}.Release|Mixed Platforms.ActiveCfg = Release|Any CPU
		{6B4EA740-F750-43A6-A0EA-522A06B22331}.Release|Mixed Platforms.Build.0 = Release|Any CPU
		{6B4EA740-F750-43A6-A0EA-522A06B22331}.Release|x86.ActiveCfg = Release|Any CPU
	EndGlobalSection
	GlobalSection(SolutionProperties) = preSolution
		HideSolutionNode = FALSE
	EndGlobalSection
	GlobalSection(NestedProjects) = preSolution
		{21CFC3A0-B761-46D2-9E41-E7D75E3AE1B9} = {D6317C97-85E3-400C-B374-3FAA2A3226D6}
		{3DE94267-3EEE-4B9D-887D-B97A6CD07698} = {D6317C97-85E3-400C-B374-3FAA2A3226D6}
	EndGlobalSection
EndGlobal
