
Microsoft Visual Studio Solution File, Format Version 9.00
# Visual Studio 2005
Project("{FAE04EC0-301F-11D3-BF4B-00C04F79EFBC}") = "LicopDemo", "LicopDemo.csproj", "{4147B062-C98B-4624-A972-22EF9033A9A7}"
EndProject
Global
	GlobalSection(SourceCodeControl) = preSolution
		SccNumberOfProjects = 2
		SccProjectName0 = LicopDemo
		SccLocalPath0 = .
		SccProvider0 = MSSCCI:ClearCase
		CanCheckoutShared = true
		SccProjectUniqueName1 = LicopDemo.csproj
		SccLocalPath1 = .
		CanCheckoutShared = true
	EndGlobalSection
	GlobalSection(SolutionConfigurationPlatforms) = preSolution
		Debug|Any CPU = Debug|Any CPU
		Release|Any CPU = Release|Any CPU
	EndGlobalSection
	GlobalSection(ProjectConfigurationPlatforms) = postSolution
		{4147B062-C98B-4624-A972-22EF9033A9A7}.Debug|Any CPU.ActiveCfg = Debug|Any CPU
		{4147B062-C98B-4624-A972-22EF9033A9A7}.Debug|Any CPU.Build.0 = Debug|Any CPU
		{4147B062-C98B-4624-A972-22EF9033A9A7}.Release|Any CPU.ActiveCfg = Release|Any CPU
		{4147B062-C98B-4624-A972-22EF9033A9A7}.Release|Any CPU.Build.0 = Release|Any CPU
	EndGlobalSection
	GlobalSection(SolutionProperties) = preSolution
		HideSolutionNode = FALSE
	EndGlobalSection
EndGlobal
