
Microsoft Visual Studio Solution File, Format Version 12.00
# Visual Studio 15
VisualStudioVersion = 15.0.26430.16
MinimumVisualStudioVersion = 10.0.40219.1
Project("{FAE04EC0-301F-11D3-BF4B-00C04F79EFBC}") = "LcmsNetDmsTools_DotNET4", "LcmsNetDmsTools\LcmsNetDmsTools\LcmsNetDmsTools_DotNET4.csproj", "{F3EB0B04-7562-4B7D-871C-579C2C8A2045}"
EndProject
Global
	GlobalSection(SolutionConfigurationPlatforms) = preSolution
		Debug|Any CPU = Debug|Any CPU
		Release|Any CPU = Release|Any CPU
	EndGlobalSection
	GlobalSection(ProjectConfigurationPlatforms) = postSolution
		{F3EB0B04-7562-4B7D-871C-579C2C8A2045}.Debug|Any CPU.ActiveCfg = Debug|Any CPU
		{F3EB0B04-7562-4B7D-871C-579C2C8A2045}.Debug|Any CPU.Build.0 = Debug|Any CPU
		{F3EB0B04-7562-4B7D-871C-579C2C8A2045}.Release|Any CPU.ActiveCfg = Release|Any CPU
		{F3EB0B04-7562-4B7D-871C-579C2C8A2045}.Release|Any CPU.Build.0 = Release|Any CPU
		{DDCCB3F9-7B2B-43F2-B98F-40644BEA2A85}.Debug|Any CPU.ActiveCfg = Debug|Any CPU
		{DDCCB3F9-7B2B-43F2-B98F-40644BEA2A85}.Debug|Any CPU.Build.0 = Debug|Any CPU
		{DDCCB3F9-7B2B-43F2-B98F-40644BEA2A85}.Release|Any CPU.ActiveCfg = Release|Any CPU
		{DDCCB3F9-7B2B-43F2-B98F-40644BEA2A85}.Release|Any CPU.Build.0 = Release|Any CPU
		{B164F88D-3799-46B9-8926-20B40707B2E4}.Debug|Any CPU.ActiveCfg = Debug|Any CPU
		{B164F88D-3799-46B9-8926-20B40707B2E4}.Debug|Any CPU.Build.0 = Debug|Any CPU
		{B164F88D-3799-46B9-8926-20B40707B2E4}.Release|Any CPU.ActiveCfg = Release|Any CPU
		{B164F88D-3799-46B9-8926-20B40707B2E4}.Release|Any CPU.Build.0 = Release|Any CPU
	EndGlobalSection
	GlobalSection(SolutionProperties) = preSolution
		HideSolutionNode = FALSE
	EndGlobalSection
EndGlobal
