
Microsoft Visual Studio Solution File, Format Version 12.00
# Visual Studio Version 17
VisualStudioVersion = 17.2.32630.192
MinimumVisualStudioVersion = 10.0.40219.1
Project("{FAE04EC0-301F-11D3-BF4B-00C04F79EFBC}") = "LCMSNetProg", "LCMSNetProg\LCMSNetProg.csproj", "{51F59458-D3D7-41D6-8E09-19A12AD54B7A}"
EndProject
Project("{FAE04EC0-301F-11D3-BF4B-00C04F79EFBC}") = "LcmsnetUnitTest", "LcmsnetUnitTest\LcmsnetUnitTest.csproj", "{08F2C18B-27E7-4DD4-A47F-760E52C2D552}"
EndProject
Project("{FAE04EC0-301F-11D3-BF4B-00C04F79EFBC}") = "LcmsNetSDK", "SDK\LcmsNetSDK\LcmsNetSDK.csproj", "{DDCCB3F9-7B2B-43F2-B98F-40644BEA2A85}"
EndProject
Project("{FAE04EC0-301F-11D3-BF4B-00C04F79EFBC}") = "LcmsNetCommonControls", "SDK\LcmsNetCommonControls\LcmsNetCommonControls.csproj", "{176AACC9-480E-4425-BA4B-40BB7B8A2E04}"
EndProject
Project("{FAE04EC0-301F-11D3-BF4B-00C04F79EFBC}") = "FluidicsSDK", "SDK\FluidicsSDK\FluidicsSDK.csproj", "{150D2DD0-F6AE-4E64-9499-B91B7A01D5AD}"
EndProject
Project("{FAE04EC0-301F-11D3-BF4B-00C04F79EFBC}") = "PDFGen", "SDK\PDFGen\PDFGen.csproj", "{76F845F5-FDC2-45E5-BE2C-5EFC6FE60E79}"
EndProject
Global
	GlobalSection(SolutionConfigurationPlatforms) = preSolution
		Debug|Any CPU = Debug|Any CPU
		Debug|x86 = Debug|x86
		Release|Any CPU = Release|Any CPU
		Release|x86 = Release|x86
	EndGlobalSection
	GlobalSection(ProjectConfigurationPlatforms) = postSolution
		{51F59458-D3D7-41D6-8E09-19A12AD54B7A}.Debug|Any CPU.ActiveCfg = Debug|x86
		{51F59458-D3D7-41D6-8E09-19A12AD54B7A}.Debug|Any CPU.Build.0 = Debug|x86
		{51F59458-D3D7-41D6-8E09-19A12AD54B7A}.Debug|x86.ActiveCfg = Debug|x86
		{51F59458-D3D7-41D6-8E09-19A12AD54B7A}.Debug|x86.Build.0 = Debug|x86
		{51F59458-D3D7-41D6-8E09-19A12AD54B7A}.Release|Any CPU.ActiveCfg = Release|x86
		{51F59458-D3D7-41D6-8E09-19A12AD54B7A}.Release|Any CPU.Build.0 = Release|x86
		{51F59458-D3D7-41D6-8E09-19A12AD54B7A}.Release|x86.ActiveCfg = Release|x86
		{51F59458-D3D7-41D6-8E09-19A12AD54B7A}.Release|x86.Build.0 = Release|x86
		{08F2C18B-27E7-4DD4-A47F-760E52C2D552}.Debug|Any CPU.ActiveCfg = Debug|x86
		{08F2C18B-27E7-4DD4-A47F-760E52C2D552}.Debug|Any CPU.Build.0 = Debug|x86
		{08F2C18B-27E7-4DD4-A47F-760E52C2D552}.Debug|x86.ActiveCfg = Debug|x86
		{08F2C18B-27E7-4DD4-A47F-760E52C2D552}.Debug|x86.Build.0 = Debug|x86
		{08F2C18B-27E7-4DD4-A47F-760E52C2D552}.Release|Any CPU.ActiveCfg = Debug|x86
		{08F2C18B-27E7-4DD4-A47F-760E52C2D552}.Release|Any CPU.Build.0 = Debug|x86
		{08F2C18B-27E7-4DD4-A47F-760E52C2D552}.Release|x86.ActiveCfg = Debug|x86
		{DDCCB3F9-7B2B-43F2-B98F-40644BEA2A85}.Debug|Any CPU.ActiveCfg = Debug|Any CPU
		{DDCCB3F9-7B2B-43F2-B98F-40644BEA2A85}.Debug|Any CPU.Build.0 = Debug|Any CPU
		{DDCCB3F9-7B2B-43F2-B98F-40644BEA2A85}.Debug|x86.ActiveCfg = Debug|Any CPU
		{DDCCB3F9-7B2B-43F2-B98F-40644BEA2A85}.Debug|x86.Build.0 = Debug|Any CPU
		{DDCCB3F9-7B2B-43F2-B98F-40644BEA2A85}.Release|Any CPU.ActiveCfg = Release|Any CPU
		{DDCCB3F9-7B2B-43F2-B98F-40644BEA2A85}.Release|Any CPU.Build.0 = Release|Any CPU
		{DDCCB3F9-7B2B-43F2-B98F-40644BEA2A85}.Release|x86.ActiveCfg = Release|Any CPU
		{DDCCB3F9-7B2B-43F2-B98F-40644BEA2A85}.Release|x86.Build.0 = Release|Any CPU
		{176AACC9-480E-4425-BA4B-40BB7B8A2E04}.Debug|Any CPU.ActiveCfg = Debug|Any CPU
		{176AACC9-480E-4425-BA4B-40BB7B8A2E04}.Debug|Any CPU.Build.0 = Debug|Any CPU
		{176AACC9-480E-4425-BA4B-40BB7B8A2E04}.Debug|x86.ActiveCfg = Debug|Any CPU
		{176AACC9-480E-4425-BA4B-40BB7B8A2E04}.Debug|x86.Build.0 = Debug|Any CPU
		{176AACC9-480E-4425-BA4B-40BB7B8A2E04}.Release|Any CPU.ActiveCfg = Release|Any CPU
		{176AACC9-480E-4425-BA4B-40BB7B8A2E04}.Release|Any CPU.Build.0 = Release|Any CPU
		{176AACC9-480E-4425-BA4B-40BB7B8A2E04}.Release|x86.ActiveCfg = Release|Any CPU
		{176AACC9-480E-4425-BA4B-40BB7B8A2E04}.Release|x86.Build.0 = Release|Any CPU
		{150D2DD0-F6AE-4E64-9499-B91B7A01D5AD}.Debug|Any CPU.ActiveCfg = Debug|Any CPU
		{150D2DD0-F6AE-4E64-9499-B91B7A01D5AD}.Debug|Any CPU.Build.0 = Debug|Any CPU
		{150D2DD0-F6AE-4E64-9499-B91B7A01D5AD}.Debug|x86.ActiveCfg = Debug|Any CPU
		{150D2DD0-F6AE-4E64-9499-B91B7A01D5AD}.Debug|x86.Build.0 = Debug|Any CPU
		{150D2DD0-F6AE-4E64-9499-B91B7A01D5AD}.Release|Any CPU.ActiveCfg = Release|Any CPU
		{150D2DD0-F6AE-4E64-9499-B91B7A01D5AD}.Release|Any CPU.Build.0 = Release|Any CPU
		{150D2DD0-F6AE-4E64-9499-B91B7A01D5AD}.Release|x86.ActiveCfg = Release|Any CPU
		{150D2DD0-F6AE-4E64-9499-B91B7A01D5AD}.Release|x86.Build.0 = Release|Any CPU
		{76F845F5-FDC2-45E5-BE2C-5EFC6FE60E79}.Debug|Any CPU.ActiveCfg = Debug|Any CPU
		{76F845F5-FDC2-45E5-BE2C-5EFC6FE60E79}.Debug|Any CPU.Build.0 = Debug|Any CPU
		{76F845F5-FDC2-45E5-BE2C-5EFC6FE60E79}.Debug|x86.ActiveCfg = Debug|Any CPU
		{76F845F5-FDC2-45E5-BE2C-5EFC6FE60E79}.Debug|x86.Build.0 = Debug|Any CPU
		{76F845F5-FDC2-45E5-BE2C-5EFC6FE60E79}.Release|Any CPU.ActiveCfg = Release|Any CPU
		{76F845F5-FDC2-45E5-BE2C-5EFC6FE60E79}.Release|Any CPU.Build.0 = Release|Any CPU
		{76F845F5-FDC2-45E5-BE2C-5EFC6FE60E79}.Release|x86.ActiveCfg = Release|Any CPU
		{76F845F5-FDC2-45E5-BE2C-5EFC6FE60E79}.Release|x86.Build.0 = Release|Any CPU
	EndGlobalSection
	GlobalSection(SolutionProperties) = preSolution
		HideSolutionNode = FALSE
	EndGlobalSection
	GlobalSection(ExtensibilityGlobals) = postSolution
		SolutionGuid = {19606B2F-8168-41F3-8628-91626DC162D2}
	EndGlobalSection
EndGlobal
