
Microsoft Visual Studio Solution File, Format Version 12.00
# Visual Studio Version 17
VisualStudioVersion = 17.2.32516.85
MinimumVisualStudioVersion = 10.0.40219.1
Project("{FAE04EC0-301F-11D3-BF4B-00C04F79EFBC}") = "PDFGen", "SDK\PDFGen\PDFGen.csproj", "{76F845F5-FDC2-45E5-BE2C-5EFC6FE60E79}"
EndProject
Project("{FAE04EC0-301F-11D3-BF4B-00C04F79EFBC}") = "LcmsNetSDK", "SDK\LcmsNetSDK\LcmsNetSDK.csproj", "{DDCCB3F9-7B2B-43F2-B98F-40644BEA2A85}"
EndProject
Project("{FAE04EC0-301F-11D3-BF4B-00C04F79EFBC}") = "LcmsNetCommonControls", "SDK\LcmsNetCommonControls\LcmsNetCommonControls.csproj", "{176AACC9-480E-4425-BA4B-40BB7B8A2E04}"
EndProject
Project("{FAE04EC0-301F-11D3-BF4B-00C04F79EFBC}") = "FluidicsSDK", "SDK\FluidicsSDK\FluidicsSDK.csproj", "{150D2DD0-F6AE-4E64-9499-B91B7A01D5AD}"
EndProject
Project("{FAE04EC0-301F-11D3-BF4B-00C04F79EFBC}") = "FluidicsSDKUnitTests", "SDK\FluidicsSDKUnitTests\FluidicsSDKUnitTests.csproj", "{3DE94267-3EEE-4B9D-887D-B97A6CD07698}"
EndProject
Project("{FAE04EC0-301F-11D3-BF4B-00C04F79EFBC}") = "FluidicsPack", "SDK\FluidicsPack\FluidicsPack.csproj", "{6544BDEA-10AE-4867-AFC2-8113D7983D7D}"
	ProjectSection(ProjectDependencies) = postProject
		{150D2DD0-F6AE-4E64-9499-B91B7A01D5AD} = {150D2DD0-F6AE-4E64-9499-B91B7A01D5AD}
		{DDCCB3F9-7B2B-43F2-B98F-40644BEA2A85} = {DDCCB3F9-7B2B-43F2-B98F-40644BEA2A85}
	EndProjectSection
EndProject
Project("{FAE04EC0-301F-11D3-BF4B-00C04F79EFBC}") = "DemoPluginLibrary", "SDK\Demo\DemoPluginLibrary.csproj", "{36381F3A-1CA7-4C8B-B99C-035B3C4E84F4}"
EndProject
Project("{FAE04EC0-301F-11D3-BF4B-00C04F79EFBC}") = "Agilent", "Plugins\Agilent\Agilent.csproj", "{D6DAC36B-61D0-406A-AB13-F34C9EDF0D65}"
	ProjectSection(ProjectDependencies) = postProject
		{150D2DD0-F6AE-4E64-9499-B91B7A01D5AD} = {150D2DD0-F6AE-4E64-9499-B91B7A01D5AD}
		{176AACC9-480E-4425-BA4B-40BB7B8A2E04} = {176AACC9-480E-4425-BA4B-40BB7B8A2E04}
		{DDCCB3F9-7B2B-43F2-B98F-40644BEA2A85} = {DDCCB3F9-7B2B-43F2-B98F-40644BEA2A85}
	EndProjectSection
EndProject
Project("{2150E333-8FDC-42A3-9474-1A3956D46DE8}") = "Plugins", "Plugins", "{910C58F0-264B-417C-8192-6E857AAA85DE}"
EndProject
Project("{FAE04EC0-301F-11D3-BF4B-00C04F79EFBC}") = "LabJackU12", "Plugins\LabJackU12\LabJackU12.csproj", "{4E97009E-F375-426B-8108-DEE8575C8D67}"
	ProjectSection(ProjectDependencies) = postProject
		{150D2DD0-F6AE-4E64-9499-B91B7A01D5AD} = {150D2DD0-F6AE-4E64-9499-B91B7A01D5AD}
		{176AACC9-480E-4425-BA4B-40BB7B8A2E04} = {176AACC9-480E-4425-BA4B-40BB7B8A2E04}
		{DDCCB3F9-7B2B-43F2-B98F-40644BEA2A85} = {DDCCB3F9-7B2B-43F2-B98F-40644BEA2A85}
	EndProjectSection
EndProject
Project("{FAE04EC0-301F-11D3-BF4B-00C04F79EFBC}") = "LabJackU3", "Plugins\LabJackU3\LabJackU3.csproj", "{90551821-B121-4C22-BA8D-116E1502D6CE}"
	ProjectSection(ProjectDependencies) = postProject
		{150D2DD0-F6AE-4E64-9499-B91B7A01D5AD} = {150D2DD0-F6AE-4E64-9499-B91B7A01D5AD}
		{176AACC9-480E-4425-BA4B-40BB7B8A2E04} = {176AACC9-480E-4425-BA4B-40BB7B8A2E04}
		{DDCCB3F9-7B2B-43F2-B98F-40644BEA2A85} = {DDCCB3F9-7B2B-43F2-B98F-40644BEA2A85}
	EndProjectSection
EndProject
Project("{FAE04EC0-301F-11D3-BF4B-00C04F79EFBC}") = "PALAutoSampler", "Plugins\PALAutoSampler\PALAutoSampler.csproj", "{A68203D4-AF87-44F6-A2F6-9A34FE308789}"
	ProjectSection(ProjectDependencies) = postProject
		{150D2DD0-F6AE-4E64-9499-B91B7A01D5AD} = {150D2DD0-F6AE-4E64-9499-B91B7A01D5AD}
		{176AACC9-480E-4425-BA4B-40BB7B8A2E04} = {176AACC9-480E-4425-BA4B-40BB7B8A2E04}
		{DDCCB3F9-7B2B-43F2-B98F-40644BEA2A85} = {DDCCB3F9-7B2B-43F2-B98F-40644BEA2A85}
	EndProjectSection
EndProject
Project("{FAE04EC0-301F-11D3-BF4B-00C04F79EFBC}") = "PNNLDevices", "Plugins\PNNLDevices\PNNLDevices.csproj", "{16B43514-F328-4401-B5B6-D14F9FF51516}"
	ProjectSection(ProjectDependencies) = postProject
		{150D2DD0-F6AE-4E64-9499-B91B7A01D5AD} = {150D2DD0-F6AE-4E64-9499-B91B7A01D5AD}
		{176AACC9-480E-4425-BA4B-40BB7B8A2E04} = {176AACC9-480E-4425-BA4B-40BB7B8A2E04}
		{DDCCB3F9-7B2B-43F2-B98F-40644BEA2A85} = {DDCCB3F9-7B2B-43F2-B98F-40644BEA2A85}
	EndProjectSection
EndProject
Project("{FAE04EC0-301F-11D3-BF4B-00C04F79EFBC}") = "FailureInjector", "Plugins\PNNLNotificationDriver\FailureInjector.csproj", "{A9ED704A-295B-4BAD-8B6A-9A07BEC1A315}"
	ProjectSection(ProjectDependencies) = postProject
		{150D2DD0-F6AE-4E64-9499-B91B7A01D5AD} = {150D2DD0-F6AE-4E64-9499-B91B7A01D5AD}
		{DDCCB3F9-7B2B-43F2-B98F-40644BEA2A85} = {DDCCB3F9-7B2B-43F2-B98F-40644BEA2A85}
	EndProjectSection
EndProject
Project("{FAE04EC0-301F-11D3-BF4B-00C04F79EFBC}") = "Teledyne", "Plugins\Teledyne\Teledyne.csproj", "{44F85A93-8010-44CE-8655-21DDAEC72AC1}"
	ProjectSection(ProjectDependencies) = postProject
		{150D2DD0-F6AE-4E64-9499-B91B7A01D5AD} = {150D2DD0-F6AE-4E64-9499-B91B7A01D5AD}
		{176AACC9-480E-4425-BA4B-40BB7B8A2E04} = {176AACC9-480E-4425-BA4B-40BB7B8A2E04}
		{DDCCB3F9-7B2B-43F2-B98F-40644BEA2A85} = {DDCCB3F9-7B2B-43F2-B98F-40644BEA2A85}
	EndProjectSection
EndProject
Project("{FAE04EC0-301F-11D3-BF4B-00C04F79EFBC}") = "VICI", "Plugins\VICI\VICI.csproj", "{EDF39882-C0AF-424B-9096-6F1384A5FD71}"
	ProjectSection(ProjectDependencies) = postProject
		{150D2DD0-F6AE-4E64-9499-B91B7A01D5AD} = {150D2DD0-F6AE-4E64-9499-B91B7A01D5AD}
		{176AACC9-480E-4425-BA4B-40BB7B8A2E04} = {176AACC9-480E-4425-BA4B-40BB7B8A2E04}
		{DDCCB3F9-7B2B-43F2-B98F-40644BEA2A85} = {DDCCB3F9-7B2B-43F2-B98F-40644BEA2A85}
	EndProjectSection
EndProject
Project("{FAE04EC0-301F-11D3-BF4B-00C04F79EFBC}") = "LabJackU3TestApp", "Plugins\LabJackU3TestApp\LabJackU3TestApp.csproj", "{81761693-59ED-42AC-B879-5D1594EFA7B4}"
EndProject
Project("{2150E333-8FDC-42A3-9474-1A3956D46DE8}") = "App", "App", "{07984DDF-DE3A-4AAB-8E48-A6F4ACC2C598}"
EndProject
Project("{FAE04EC0-301F-11D3-BF4B-00C04F79EFBC}") = "LCMSNetProg", "LCMSNetProg\LCMSNetProg.csproj", "{51F59458-D3D7-41D6-8E09-19A12AD54B7A}"
	ProjectSection(ProjectDependencies) = postProject
		{150D2DD0-F6AE-4E64-9499-B91B7A01D5AD} = {150D2DD0-F6AE-4E64-9499-B91B7A01D5AD}
		{16B43514-F328-4401-B5B6-D14F9FF51516} = {16B43514-F328-4401-B5B6-D14F9FF51516}
		{36381F3A-1CA7-4C8B-B99C-035B3C4E84F4} = {36381F3A-1CA7-4C8B-B99C-035B3C4E84F4}
		{3DE94267-3EEE-4B9D-887D-B97A6CD07698} = {3DE94267-3EEE-4B9D-887D-B97A6CD07698}
		{44F85A93-8010-44CE-8655-21DDAEC72AC1} = {44F85A93-8010-44CE-8655-21DDAEC72AC1}
		{4E97009E-F375-426B-8108-DEE8575C8D67} = {4E97009E-F375-426B-8108-DEE8575C8D67}
		{6544BDEA-10AE-4867-AFC2-8113D7983D7D} = {6544BDEA-10AE-4867-AFC2-8113D7983D7D}
		{76F845F5-FDC2-45E5-BE2C-5EFC6FE60E79} = {76F845F5-FDC2-45E5-BE2C-5EFC6FE60E79}
		{90551821-B121-4C22-BA8D-116E1502D6CE} = {90551821-B121-4C22-BA8D-116E1502D6CE}
		{A68203D4-AF87-44F6-A2F6-9A34FE308789} = {A68203D4-AF87-44F6-A2F6-9A34FE308789}
		{A9ED704A-295B-4BAD-8B6A-9A07BEC1A315} = {A9ED704A-295B-4BAD-8B6A-9A07BEC1A315}
		{BFF6C136-5FB1-4EA1-986E-1FC592D4A60F} = {BFF6C136-5FB1-4EA1-986E-1FC592D4A60F}
		{D6DAC36B-61D0-406A-AB13-F34C9EDF0D65} = {D6DAC36B-61D0-406A-AB13-F34C9EDF0D65}
		{EDF39882-C0AF-424B-9096-6F1384A5FD71} = {EDF39882-C0AF-424B-9096-6F1384A5FD71}
		{EEAEE762-66DF-4A0F-9A32-704BA2D8C803} = {EEAEE762-66DF-4A0F-9A32-704BA2D8C803}
	EndProjectSection
EndProject
Project("{FAE04EC0-301F-11D3-BF4B-00C04F79EFBC}") = "LcmsnetUnitTest", "LcmsnetUnitTest\LcmsnetUnitTest.csproj", "{08F2C18B-27E7-4DD4-A47F-760E52C2D552}"
	ProjectSection(ProjectDependencies) = postProject
		{150D2DD0-F6AE-4E64-9499-B91B7A01D5AD} = {150D2DD0-F6AE-4E64-9499-B91B7A01D5AD}
		{36381F3A-1CA7-4C8B-B99C-035B3C4E84F4} = {36381F3A-1CA7-4C8B-B99C-035B3C4E84F4}
		{DDCCB3F9-7B2B-43F2-B98F-40644BEA2A85} = {DDCCB3F9-7B2B-43F2-B98F-40644BEA2A85}
	EndProjectSection
EndProject
Project("{2150E333-8FDC-42A3-9474-1A3956D46DE8}") = "SDKs", "SDKs", "{CCF1478E-6C1C-4470-8FA9-9282A3969582}"
EndProject
Project("{2150E333-8FDC-42A3-9474-1A3956D46DE8}") = "Tests", "Tests", "{B05505B1-7DF9-4CE5-82E0-E3A21DB55DE9}"
EndProject
Project("{FAE04EC0-301F-11D3-BF4B-00C04F79EFBC}") = "XcaliburLC", "Plugins\XcaliburLC\XcaliburLC.csproj", "{BFF6C136-5FB1-4EA1-986E-1FC592D4A60F}"
	ProjectSection(ProjectDependencies) = postProject
		{176AACC9-480E-4425-BA4B-40BB7B8A2E04} = {176AACC9-480E-4425-BA4B-40BB7B8A2E04}
		{DDCCB3F9-7B2B-43F2-B98F-40644BEA2A85} = {DDCCB3F9-7B2B-43F2-B98F-40644BEA2A85}
	EndProjectSection
EndProject
Project("{FAE04EC0-301F-11D3-BF4B-00C04F79EFBC}") = "ZaberStage", "Plugins\ZaberStage\ZaberStage.csproj", "{EEAEE762-66DF-4A0F-9A32-704BA2D8C803}"
	ProjectSection(ProjectDependencies) = postProject
		{176AACC9-480E-4425-BA4B-40BB7B8A2E04} = {176AACC9-480E-4425-BA4B-40BB7B8A2E04}
		{DDCCB3F9-7B2B-43F2-B98F-40644BEA2A85} = {DDCCB3F9-7B2B-43F2-B98F-40644BEA2A85}
	EndProjectSection
EndProject
Project("{FAE04EC0-301F-11D3-BF4B-00C04F79EFBC}") = "PDFGenUnitTests", "SDK\PDFGenUnitTests\PDFGenUnitTests.csproj", "{483B8F1B-1A43-4A8A-8EA1-0ED4F8532AA0}"
EndProject
Project("{2150E333-8FDC-42A3-9474-1A3956D46DE8}") = "Libraries", "Libraries", "{0EA3405E-04D2-47A3-9DCB-FC8A7F6FDD5D}"
EndProject
Project("{FAE04EC0-301F-11D3-BF4B-00C04F79EFBC}") = "XcaliburControl", "Libraries\XcaliburControl\XcaliburControl.csproj", "{A4EE6917-0EDA-4677-BD65-8DC5CE40FA20}"
EndProject
Project("{FAE04EC0-301F-11D3-BF4B-00C04F79EFBC}") = "ZaberStageControl", "Libraries\ZaberStageControl\ZaberStageControl.csproj", "{E2161E9C-FE91-4B4A-B6A9-4E4A2DAB32F6}"
EndProject
Project("{FAE04EC0-301F-11D3-BF4B-00C04F79EFBC}") = "SerialPortDevices", "Libraries\SerialPortDevices\SerialPortDevices.csproj", "{320A9F34-C22B-47E9-9B3F-FD47A2F1AB3A}"
EndProject
Project("{FAE04EC0-301F-11D3-BF4B-00C04F79EFBC}") = "LabJackTSeries", "Libraries\LabJackTSeries\LabJackTSeries.csproj", "{3E66CD5B-6AFB-456E-A980-3AC3D8D309B4}"
EndProject
Project("{FAE04EC0-301F-11D3-BF4B-00C04F79EFBC}") = "LabJackTDevice", "Plugins\LabJackTDevice\LabJackTDevice.csproj", "{5F38383D-E14B-4D03-8942-6CDF702AE76A}"
EndProject
Global
	GlobalSection(SolutionConfigurationPlatforms) = preSolution
		Debug|x86 = Debug|x86
		Release|x86 = Release|x86
	EndGlobalSection
	GlobalSection(ProjectConfigurationPlatforms) = postSolution
		{76F845F5-FDC2-45E5-BE2C-5EFC6FE60E79}.Debug|x86.ActiveCfg = Debug|Any CPU
		{76F845F5-FDC2-45E5-BE2C-5EFC6FE60E79}.Debug|x86.Build.0 = Debug|Any CPU
		{76F845F5-FDC2-45E5-BE2C-5EFC6FE60E79}.Release|x86.ActiveCfg = Release|Any CPU
		{76F845F5-FDC2-45E5-BE2C-5EFC6FE60E79}.Release|x86.Build.0 = Release|Any CPU
		{DDCCB3F9-7B2B-43F2-B98F-40644BEA2A85}.Debug|x86.ActiveCfg = Debug|Any CPU
		{DDCCB3F9-7B2B-43F2-B98F-40644BEA2A85}.Debug|x86.Build.0 = Debug|Any CPU
		{DDCCB3F9-7B2B-43F2-B98F-40644BEA2A85}.Release|x86.ActiveCfg = Release|Any CPU
		{DDCCB3F9-7B2B-43F2-B98F-40644BEA2A85}.Release|x86.Build.0 = Release|Any CPU
		{176AACC9-480E-4425-BA4B-40BB7B8A2E04}.Debug|x86.ActiveCfg = Debug|Any CPU
		{176AACC9-480E-4425-BA4B-40BB7B8A2E04}.Debug|x86.Build.0 = Debug|Any CPU
		{176AACC9-480E-4425-BA4B-40BB7B8A2E04}.Release|x86.ActiveCfg = Release|Any CPU
		{176AACC9-480E-4425-BA4B-40BB7B8A2E04}.Release|x86.Build.0 = Release|Any CPU
		{150D2DD0-F6AE-4E64-9499-B91B7A01D5AD}.Debug|x86.ActiveCfg = Debug|Any CPU
		{150D2DD0-F6AE-4E64-9499-B91B7A01D5AD}.Debug|x86.Build.0 = Debug|Any CPU
		{150D2DD0-F6AE-4E64-9499-B91B7A01D5AD}.Release|x86.ActiveCfg = Release|Any CPU
		{150D2DD0-F6AE-4E64-9499-B91B7A01D5AD}.Release|x86.Build.0 = Release|Any CPU
		{3DE94267-3EEE-4B9D-887D-B97A6CD07698}.Debug|x86.ActiveCfg = Debug|Any CPU
		{3DE94267-3EEE-4B9D-887D-B97A6CD07698}.Debug|x86.Build.0 = Debug|Any CPU
		{3DE94267-3EEE-4B9D-887D-B97A6CD07698}.Release|x86.ActiveCfg = Release|Any CPU
		{3DE94267-3EEE-4B9D-887D-B97A6CD07698}.Release|x86.Build.0 = Release|Any CPU
		{6544BDEA-10AE-4867-AFC2-8113D7983D7D}.Debug|x86.ActiveCfg = Debug|Any CPU
		{6544BDEA-10AE-4867-AFC2-8113D7983D7D}.Debug|x86.Build.0 = Debug|Any CPU
		{6544BDEA-10AE-4867-AFC2-8113D7983D7D}.Release|x86.ActiveCfg = Release|Any CPU
		{6544BDEA-10AE-4867-AFC2-8113D7983D7D}.Release|x86.Build.0 = Release|Any CPU
		{36381F3A-1CA7-4C8B-B99C-035B3C4E84F4}.Debug|x86.ActiveCfg = Debug|Any CPU
		{36381F3A-1CA7-4C8B-B99C-035B3C4E84F4}.Debug|x86.Build.0 = Debug|Any CPU
		{36381F3A-1CA7-4C8B-B99C-035B3C4E84F4}.Release|x86.ActiveCfg = Release|Any CPU
		{36381F3A-1CA7-4C8B-B99C-035B3C4E84F4}.Release|x86.Build.0 = Release|Any CPU
		{D6DAC36B-61D0-406A-AB13-F34C9EDF0D65}.Debug|x86.ActiveCfg = Debug|Any CPU
		{D6DAC36B-61D0-406A-AB13-F34C9EDF0D65}.Debug|x86.Build.0 = Debug|Any CPU
		{D6DAC36B-61D0-406A-AB13-F34C9EDF0D65}.Release|x86.ActiveCfg = Release|Any CPU
		{D6DAC36B-61D0-406A-AB13-F34C9EDF0D65}.Release|x86.Build.0 = Release|Any CPU
		{4E97009E-F375-426B-8108-DEE8575C8D67}.Debug|x86.ActiveCfg = Debug|Any CPU
		{4E97009E-F375-426B-8108-DEE8575C8D67}.Debug|x86.Build.0 = Debug|Any CPU
		{4E97009E-F375-426B-8108-DEE8575C8D67}.Release|x86.ActiveCfg = Release|Any CPU
		{4E97009E-F375-426B-8108-DEE8575C8D67}.Release|x86.Build.0 = Release|Any CPU
		{90551821-B121-4C22-BA8D-116E1502D6CE}.Debug|x86.ActiveCfg = Debug|Any CPU
		{90551821-B121-4C22-BA8D-116E1502D6CE}.Debug|x86.Build.0 = Debug|Any CPU
		{90551821-B121-4C22-BA8D-116E1502D6CE}.Release|x86.ActiveCfg = Release|Any CPU
		{90551821-B121-4C22-BA8D-116E1502D6CE}.Release|x86.Build.0 = Release|Any CPU
		{A68203D4-AF87-44F6-A2F6-9A34FE308789}.Debug|x86.ActiveCfg = Debug|x86
		{A68203D4-AF87-44F6-A2F6-9A34FE308789}.Debug|x86.Build.0 = Debug|x86
		{A68203D4-AF87-44F6-A2F6-9A34FE308789}.Release|x86.ActiveCfg = Release|x86
		{A68203D4-AF87-44F6-A2F6-9A34FE308789}.Release|x86.Build.0 = Release|x86
		{16B43514-F328-4401-B5B6-D14F9FF51516}.Debug|x86.ActiveCfg = Debug|Any CPU
		{16B43514-F328-4401-B5B6-D14F9FF51516}.Debug|x86.Build.0 = Debug|Any CPU
		{16B43514-F328-4401-B5B6-D14F9FF51516}.Release|x86.ActiveCfg = Release|Any CPU
		{16B43514-F328-4401-B5B6-D14F9FF51516}.Release|x86.Build.0 = Release|Any CPU
		{A9ED704A-295B-4BAD-8B6A-9A07BEC1A315}.Debug|x86.ActiveCfg = Debug|Any CPU
		{A9ED704A-295B-4BAD-8B6A-9A07BEC1A315}.Release|x86.ActiveCfg = Release|Any CPU
		{44F85A93-8010-44CE-8655-21DDAEC72AC1}.Debug|x86.ActiveCfg = Debug|Any CPU
		{44F85A93-8010-44CE-8655-21DDAEC72AC1}.Debug|x86.Build.0 = Debug|Any CPU
		{44F85A93-8010-44CE-8655-21DDAEC72AC1}.Release|x86.ActiveCfg = Release|Any CPU
		{44F85A93-8010-44CE-8655-21DDAEC72AC1}.Release|x86.Build.0 = Release|Any CPU
		{EDF39882-C0AF-424B-9096-6F1384A5FD71}.Debug|x86.ActiveCfg = Debug|Any CPU
		{EDF39882-C0AF-424B-9096-6F1384A5FD71}.Debug|x86.Build.0 = Debug|Any CPU
		{EDF39882-C0AF-424B-9096-6F1384A5FD71}.Release|x86.ActiveCfg = Release|Any CPU
		{EDF39882-C0AF-424B-9096-6F1384A5FD71}.Release|x86.Build.0 = Release|Any CPU
		{81761693-59ED-42AC-B879-5D1594EFA7B4}.Debug|x86.ActiveCfg = Debug|Any CPU
		{81761693-59ED-42AC-B879-5D1594EFA7B4}.Debug|x86.Build.0 = Debug|Any CPU
		{81761693-59ED-42AC-B879-5D1594EFA7B4}.Release|x86.ActiveCfg = Release|Any CPU
		{81761693-59ED-42AC-B879-5D1594EFA7B4}.Release|x86.Build.0 = Release|Any CPU
		{51F59458-D3D7-41D6-8E09-19A12AD54B7A}.Debug|x86.ActiveCfg = Debug|x86
		{51F59458-D3D7-41D6-8E09-19A12AD54B7A}.Debug|x86.Build.0 = Debug|x86
		{51F59458-D3D7-41D6-8E09-19A12AD54B7A}.Release|x86.ActiveCfg = Release|x86
		{51F59458-D3D7-41D6-8E09-19A12AD54B7A}.Release|x86.Build.0 = Release|x86
		{08F2C18B-27E7-4DD4-A47F-760E52C2D552}.Debug|x86.ActiveCfg = Debug|x86
		{08F2C18B-27E7-4DD4-A47F-760E52C2D552}.Debug|x86.Build.0 = Debug|x86
		{08F2C18B-27E7-4DD4-A47F-760E52C2D552}.Release|x86.ActiveCfg = Debug|x86
		{08F2C18B-27E7-4DD4-A47F-760E52C2D552}.Release|x86.Build.0 = Debug|x86
		{BFF6C136-5FB1-4EA1-986E-1FC592D4A60F}.Debug|x86.ActiveCfg = Debug|x86
		{BFF6C136-5FB1-4EA1-986E-1FC592D4A60F}.Debug|x86.Build.0 = Debug|x86
		{BFF6C136-5FB1-4EA1-986E-1FC592D4A60F}.Release|x86.ActiveCfg = Release|x86
		{BFF6C136-5FB1-4EA1-986E-1FC592D4A60F}.Release|x86.Build.0 = Release|x86
		{EEAEE762-66DF-4A0F-9A32-704BA2D8C803}.Debug|x86.ActiveCfg = Debug|Any CPU
		{EEAEE762-66DF-4A0F-9A32-704BA2D8C803}.Debug|x86.Build.0 = Debug|Any CPU
		{EEAEE762-66DF-4A0F-9A32-704BA2D8C803}.Release|x86.ActiveCfg = Release|Any CPU
		{483B8F1B-1A43-4A8A-8EA1-0ED4F8532AA0}.Debug|x86.ActiveCfg = Debug|Any CPU
		{483B8F1B-1A43-4A8A-8EA1-0ED4F8532AA0}.Debug|x86.Build.0 = Debug|Any CPU
		{483B8F1B-1A43-4A8A-8EA1-0ED4F8532AA0}.Release|x86.ActiveCfg = Release|Any CPU
		{483B8F1B-1A43-4A8A-8EA1-0ED4F8532AA0}.Release|x86.Build.0 = Release|Any CPU
		{A4EE6917-0EDA-4677-BD65-8DC5CE40FA20}.Debug|x86.ActiveCfg = Debug|x86
		{A4EE6917-0EDA-4677-BD65-8DC5CE40FA20}.Debug|x86.Build.0 = Debug|x86
		{A4EE6917-0EDA-4677-BD65-8DC5CE40FA20}.Release|x86.ActiveCfg = Release|x86
		{A4EE6917-0EDA-4677-BD65-8DC5CE40FA20}.Release|x86.Build.0 = Release|x86
		{E2161E9C-FE91-4B4A-B6A9-4E4A2DAB32F6}.Debug|x86.ActiveCfg = Debug|Any CPU
		{E2161E9C-FE91-4B4A-B6A9-4E4A2DAB32F6}.Debug|x86.Build.0 = Debug|Any CPU
		{E2161E9C-FE91-4B4A-B6A9-4E4A2DAB32F6}.Release|x86.ActiveCfg = Release|Any CPU
		{E2161E9C-FE91-4B4A-B6A9-4E4A2DAB32F6}.Release|x86.Build.0 = Release|Any CPU
		{320A9F34-C22B-47E9-9B3F-FD47A2F1AB3A}.Debug|x86.ActiveCfg = Debug|Any CPU
		{320A9F34-C22B-47E9-9B3F-FD47A2F1AB3A}.Debug|x86.Build.0 = Debug|Any CPU
		{320A9F34-C22B-47E9-9B3F-FD47A2F1AB3A}.Release|x86.ActiveCfg = Release|Any CPU
		{320A9F34-C22B-47E9-9B3F-FD47A2F1AB3A}.Release|x86.Build.0 = Release|Any CPU
		{3E66CD5B-6AFB-456E-A980-3AC3D8D309B4}.Debug|x86.ActiveCfg = Debug|Any CPU
		{3E66CD5B-6AFB-456E-A980-3AC3D8D309B4}.Debug|x86.Build.0 = Debug|Any CPU
		{3E66CD5B-6AFB-456E-A980-3AC3D8D309B4}.Release|x86.ActiveCfg = Release|Any CPU
		{3E66CD5B-6AFB-456E-A980-3AC3D8D309B4}.Release|x86.Build.0 = Release|Any CPU
		{5F38383D-E14B-4D03-8942-6CDF702AE76A}.Debug|x86.ActiveCfg = Debug|Any CPU
		{5F38383D-E14B-4D03-8942-6CDF702AE76A}.Debug|x86.Build.0 = Debug|Any CPU
		{5F38383D-E14B-4D03-8942-6CDF702AE76A}.Release|x86.ActiveCfg = Release|Any CPU
		{5F38383D-E14B-4D03-8942-6CDF702AE76A}.Release|x86.Build.0 = Release|Any CPU
	EndGlobalSection
	GlobalSection(SolutionProperties) = preSolution
		HideSolutionNode = FALSE
	EndGlobalSection
	GlobalSection(NestedProjects) = preSolution
		{76F845F5-FDC2-45E5-BE2C-5EFC6FE60E79} = {CCF1478E-6C1C-4470-8FA9-9282A3969582}
		{DDCCB3F9-7B2B-43F2-B98F-40644BEA2A85} = {CCF1478E-6C1C-4470-8FA9-9282A3969582}
		{176AACC9-480E-4425-BA4B-40BB7B8A2E04} = {CCF1478E-6C1C-4470-8FA9-9282A3969582}
		{150D2DD0-F6AE-4E64-9499-B91B7A01D5AD} = {CCF1478E-6C1C-4470-8FA9-9282A3969582}
		{3DE94267-3EEE-4B9D-887D-B97A6CD07698} = {B05505B1-7DF9-4CE5-82E0-E3A21DB55DE9}
		{6544BDEA-10AE-4867-AFC2-8113D7983D7D} = {CCF1478E-6C1C-4470-8FA9-9282A3969582}
		{36381F3A-1CA7-4C8B-B99C-035B3C4E84F4} = {CCF1478E-6C1C-4470-8FA9-9282A3969582}
		{D6DAC36B-61D0-406A-AB13-F34C9EDF0D65} = {910C58F0-264B-417C-8192-6E857AAA85DE}
		{4E97009E-F375-426B-8108-DEE8575C8D67} = {910C58F0-264B-417C-8192-6E857AAA85DE}
		{90551821-B121-4C22-BA8D-116E1502D6CE} = {910C58F0-264B-417C-8192-6E857AAA85DE}
		{A68203D4-AF87-44F6-A2F6-9A34FE308789} = {910C58F0-264B-417C-8192-6E857AAA85DE}
		{16B43514-F328-4401-B5B6-D14F9FF51516} = {910C58F0-264B-417C-8192-6E857AAA85DE}
		{A9ED704A-295B-4BAD-8B6A-9A07BEC1A315} = {910C58F0-264B-417C-8192-6E857AAA85DE}
		{44F85A93-8010-44CE-8655-21DDAEC72AC1} = {910C58F0-264B-417C-8192-6E857AAA85DE}
		{EDF39882-C0AF-424B-9096-6F1384A5FD71} = {910C58F0-264B-417C-8192-6E857AAA85DE}
		{81761693-59ED-42AC-B879-5D1594EFA7B4} = {B05505B1-7DF9-4CE5-82E0-E3A21DB55DE9}
		{51F59458-D3D7-41D6-8E09-19A12AD54B7A} = {07984DDF-DE3A-4AAB-8E48-A6F4ACC2C598}
		{08F2C18B-27E7-4DD4-A47F-760E52C2D552} = {B05505B1-7DF9-4CE5-82E0-E3A21DB55DE9}
		{BFF6C136-5FB1-4EA1-986E-1FC592D4A60F} = {910C58F0-264B-417C-8192-6E857AAA85DE}
		{EEAEE762-66DF-4A0F-9A32-704BA2D8C803} = {910C58F0-264B-417C-8192-6E857AAA85DE}
		{483B8F1B-1A43-4A8A-8EA1-0ED4F8532AA0} = {B05505B1-7DF9-4CE5-82E0-E3A21DB55DE9}
		{A4EE6917-0EDA-4677-BD65-8DC5CE40FA20} = {0EA3405E-04D2-47A3-9DCB-FC8A7F6FDD5D}
		{E2161E9C-FE91-4B4A-B6A9-4E4A2DAB32F6} = {0EA3405E-04D2-47A3-9DCB-FC8A7F6FDD5D}
		{320A9F34-C22B-47E9-9B3F-FD47A2F1AB3A} = {0EA3405E-04D2-47A3-9DCB-FC8A7F6FDD5D}
		{3E66CD5B-6AFB-456E-A980-3AC3D8D309B4} = {0EA3405E-04D2-47A3-9DCB-FC8A7F6FDD5D}
		{5F38383D-E14B-4D03-8942-6CDF702AE76A} = {910C58F0-264B-417C-8192-6E857AAA85DE}
	EndGlobalSection
	GlobalSection(ExtensibilityGlobals) = postSolution
		SolutionGuid = {882AF6ED-9FAB-4869-B2A0-899602387B59}
	EndGlobalSection
EndGlobal
