
Microsoft Visual Studio Solution File, Format Version 12.00
# Visual Studio 15
VisualStudioVersion = 15.0.26430.12
MinimumVisualStudioVersion = 10.0.40219.1
Project("{FAE04EC0-301F-11D3-BF4B-00C04F79EFBC}") = "LcmsNetDmsTools", "LcmsNetDmsTools\LcmsNetDmsTools\LcmsNetDmsTools.csproj", "{F3EB0B04-7562-4B7D-871C-579C2C8A2045}"
EndProject
Project("{FAE04EC0-301F-11D3-BF4B-00C04F79EFBC}") = "TestTool", "LcmsNetDmsTools\TestTool\TestTool.csproj", "{BEBD0826-4489-4E26-8456-240AF4C30E8A}"
EndProject
Project("{FAE04EC0-301F-11D3-BF4B-00C04F79EFBC}") = "SQLiteTools", "LcmsNet\SQLiteTools\LcmsNetSQLiteTools\SQLiteTools.csproj", "{B164F88D-3799-46B9-8926-20B40707B2E4}"
EndProject
Global
	GlobalSection(SolutionConfigurationPlatforms) = preSolution
		Debug|Any CPU = Debug|Any CPU
		Release|Any CPU = Release|Any CPU
	EndGlobalSection
	GlobalSection(ProjectConfigurationPlatforms) = postSolution
		{F3EB0B04-7562-4B7D-871C-579C2C8A2045}.Debug|Any CPU.ActiveCfg = Debug|Any CPU
		{F3EB0B04-7562-4B7D-871C-579C2C8A2045}.Debug|Any CPU.Build.0 = Debug|Any CPU
		{F3EB0B04-7562-4B7D-871C-579C2C8A2045}.Release|Any CPU.ActiveCfg = Release|Any CPU
		{F3EB0B04-7562-4B7D-871C-579C2C8A2045}.Release|Any CPU.Build.0 = Release|Any CPU
		{BEBD0826-4489-4E26-8456-240AF4C30E8A}.Debug|Any CPU.ActiveCfg = Debug|Any CPU
		{BEBD0826-4489-4E26-8456-240AF4C30E8A}.Debug|Any CPU.Build.0 = Debug|Any CPU
		{BEBD0826-4489-4E26-8456-240AF4C30E8A}.Release|Any CPU.ActiveCfg = Release|Any CPU
		{BEBD0826-4489-4E26-8456-240AF4C30E8A}.Release|Any CPU.Build.0 = Release|Any CPU
		{B164F88D-3799-46B9-8926-20B40707B2E4}.Debug|Any CPU.ActiveCfg = Debug|Any CPU
		{B164F88D-3799-46B9-8926-20B40707B2E4}.Debug|Any CPU.Build.0 = Debug|Any CPU
		{B164F88D-3799-46B9-8926-20B40707B2E4}.Release|Any CPU.ActiveCfg = Release|Any CPU
		{B164F88D-3799-46B9-8926-20B40707B2E4}.Release|Any CPU.Build.0 = Release|Any CPU
	EndGlobalSection
	GlobalSection(SolutionProperties) = preSolution
		HideSolutionNode = FALSE
	EndGlobalSection
	GlobalSection(ExtensibilityGlobals) = postSolution
		SolutionGuid = {00DF275A-4AA0-4869-BFF4-6639CAB85F59}
	EndGlobalSection
EndGlobal
