
Microsoft Visual Studio Solution File, Format Version 12.00
# Visual Studio 15
VisualStudioVersion = 15.0.26730.10
MinimumVisualStudioVersion = 10.0.40219.1
Project("{FAE04EC0-301F-11D3-BF4B-00C04F79EFBC}") = "FluidicsSimulator", "LcmsNet\SDK\FluidicsSimulator\FluidicsSimulator.csproj", "{36D7F168-8910-4126-A2C8-F0C78398D64D}"
EndProject
Project("{FAE04EC0-301F-11D3-BF4B-00C04F79EFBC}") = "PDFGen", "LcmsNet\SDK\PDFGen\PDFGen.csproj", "{76F845F5-FDC2-45E5-BE2C-5EFC6FE60E79}"
EndProject
Project("{FAE04EC0-301F-11D3-BF4B-00C04F79EFBC}") = "LcmsNetSDK", "LcmsNet\SDK\LcmsNetSDK\LcmsNetSDK.csproj", "{DDCCB3F9-7B2B-43F2-B98F-40644BEA2A85}"
EndProject
Project("{FAE04EC0-301F-11D3-BF4B-00C04F79EFBC}") = "LcmsNetCommonControls", "LcmsNet\SDK\LcmsNetCommonControls\LcmsNetCommonControls.csproj", "{176AACC9-480E-4425-BA4B-40BB7B8A2E04}"
EndProject
Project("{FAE04EC0-301F-11D3-BF4B-00C04F79EFBC}") = "FluidicsSDK", "LcmsNet\SDK\FluidicsSDK\FluidicsSDK.csproj", "{150D2DD0-F6AE-4E64-9499-B91B7A01D5AD}"
EndProject
Project("{2150E333-8FDC-42A3-9474-1A3956D46DE8}") = "SDKTests", "SDKTests", "{D6317C97-85E3-400C-B374-3FAA2A3226D6}"
EndProject
Project("{FAE04EC0-301F-11D3-BF4B-00C04F79EFBC}") = "LcmsNetSDKUnitTests", "LcmsNet\SDK\LcmsNetSDKUnitTests\LcmsNetSDKUnitTests.csproj", "{21CFC3A0-B761-46D2-9E41-E7D75E3AE1B9}"
	ProjectSection(ProjectDependencies) = postProject
		{DDCCB3F9-7B2B-43F2-B98F-40644BEA2A85} = {DDCCB3F9-7B2B-43F2-B98F-40644BEA2A85}
	EndProjectSection
EndProject
Project("{FAE04EC0-301F-11D3-BF4B-00C04F79EFBC}") = "FluidicsSDKUnitTests", "LcmsNet\SDK\FluidicsSDKUnitTests\FluidicsSDKUnitTests.csproj", "{3DE94267-3EEE-4B9D-887D-B97A6CD07698}"
EndProject
Project("{FAE04EC0-301F-11D3-BF4B-00C04F79EFBC}") = "FluidicsPack", "LcmsNet\SDK\FluidicsPack\FluidicsPack.csproj", "{6544BDEA-10AE-4867-AFC2-8113D7983D7D}"
	ProjectSection(ProjectDependencies) = postProject
		{150D2DD0-F6AE-4E64-9499-B91B7A01D5AD} = {150D2DD0-F6AE-4E64-9499-B91B7A01D5AD}
		{DDCCB3F9-7B2B-43F2-B98F-40644BEA2A85} = {DDCCB3F9-7B2B-43F2-B98F-40644BEA2A85}
	EndProjectSection
EndProject
Project("{FAE04EC0-301F-11D3-BF4B-00C04F79EFBC}") = "CoreSampleValidator", "LcmsNet\SDK\CoreSampleValidator\CoreSampleValidator.csproj", "{6B4EA740-F750-43A6-A0EA-522A06B22331}"
EndProject
Project("{FAE04EC0-301F-11D3-BF4B-00C04F79EFBC}") = "DemoPluginLibrary", "LcmsNet\SDK\Demo\DemoPluginLibrary.csproj", "{36381F3A-1CA7-4C8B-B99C-035B3C4E84F4}"
EndProject
Project("{FAE04EC0-301F-11D3-BF4B-00C04F79EFBC}") = "SQLiteTools", "LcmsNet\SQLiteTools\LcmsNetSQLiteTools\SQLiteTools.csproj", "{B164F88D-3799-46B9-8926-20B40707B2E4}"
	ProjectSection(ProjectDependencies) = postProject
		{DDCCB3F9-7B2B-43F2-B98F-40644BEA2A85} = {DDCCB3F9-7B2B-43F2-B98F-40644BEA2A85}
	EndProjectSection
EndProject
Project("{FAE04EC0-301F-11D3-BF4B-00C04F79EFBC}") = "LcmsNetSQLiteToolsUnitTests", "LcmsNet\SQLiteTools\LcmsNetSQLiteToolsUnitTests\LcmsNetSQLiteToolsUnitTests.csproj", "{81D6C70B-ADBB-448B-B1AF-D5E046DBBD92}"
	ProjectSection(ProjectDependencies) = postProject
		{DDCCB3F9-7B2B-43F2-B98F-40644BEA2A85} = {DDCCB3F9-7B2B-43F2-B98F-40644BEA2A85}
	EndProjectSection
EndProject
Project("{FAE04EC0-301F-11D3-BF4B-00C04F79EFBC}") = "Agilent", "lcmsnetPlugins\Agilent\Agilent.csproj", "{D6DAC36B-61D0-406A-AB13-F34C9EDF0D65}"
	ProjectSection(ProjectDependencies) = postProject
		{150D2DD0-F6AE-4E64-9499-B91B7A01D5AD} = {150D2DD0-F6AE-4E64-9499-B91B7A01D5AD}
		{DDCCB3F9-7B2B-43F2-B98F-40644BEA2A85} = {DDCCB3F9-7B2B-43F2-B98F-40644BEA2A85}
	EndProjectSection
EndProject
Project("{FAE04EC0-301F-11D3-BF4B-00C04F79EFBC}") = "ASIpump", "lcmsnetPlugins\ASIpump\ASIpump.csproj", "{6682884C-B3DB-49D3-8445-B2D681FAC9AF}"
	ProjectSection(ProjectDependencies) = postProject
		{150D2DD0-F6AE-4E64-9499-B91B7A01D5AD} = {150D2DD0-F6AE-4E64-9499-B91B7A01D5AD}
		{DDCCB3F9-7B2B-43F2-B98F-40644BEA2A85} = {DDCCB3F9-7B2B-43F2-B98F-40644BEA2A85}
	EndProjectSection
EndProject
Project("{2150E333-8FDC-42A3-9474-1A3956D46DE8}") = "ApplicationTests", "ApplicationTests", "{84D0064E-F123-4B9D-8530-945A4833BCD3}"
EndProject
Project("{2150E333-8FDC-42A3-9474-1A3956D46DE8}") = "Plugins", "Plugins", "{910C58F0-264B-417C-8192-6E857AAA85DE}"
EndProject
Project("{FAE04EC0-301F-11D3-BF4B-00C04F79EFBC}") = "Bruker", "lcmsnetPlugins\Bruker\Bruker.csproj", "{A1833DD8-8445-45A5-ADAA-7F874886DCD3}"
	ProjectSection(ProjectDependencies) = postProject
		{150D2DD0-F6AE-4E64-9499-B91B7A01D5AD} = {150D2DD0-F6AE-4E64-9499-B91B7A01D5AD}
		{DDCCB3F9-7B2B-43F2-B98F-40644BEA2A85} = {DDCCB3F9-7B2B-43F2-B98F-40644BEA2A85}
	EndProjectSection
EndProject
Project("{FAE04EC0-301F-11D3-BF4B-00C04F79EFBC}") = "Eksigent", "lcmsnetPlugins\Eksigent\Eksigent.csproj", "{96BA0FF2-5C3C-4A64-A494-452D45FE0B3B}"
	ProjectSection(ProjectDependencies) = postProject
		{150D2DD0-F6AE-4E64-9499-B91B7A01D5AD} = {150D2DD0-F6AE-4E64-9499-B91B7A01D5AD}
		{DDCCB3F9-7B2B-43F2-B98F-40644BEA2A85} = {DDCCB3F9-7B2B-43F2-B98F-40644BEA2A85}
	EndProjectSection
EndProject
Project("{FAE04EC0-301F-11D3-BF4B-00C04F79EFBC}") = "IDEX", "lcmsnetPlugins\IDEX\IDEX.csproj", "{4C87CD14-37F7-4E6F-AA7A-6398698C4AAC}"
	ProjectSection(ProjectDependencies) = postProject
		{150D2DD0-F6AE-4E64-9499-B91B7A01D5AD} = {150D2DD0-F6AE-4E64-9499-B91B7A01D5AD}
		{DDCCB3F9-7B2B-43F2-B98F-40644BEA2A85} = {DDCCB3F9-7B2B-43F2-B98F-40644BEA2A85}
	EndProjectSection
EndProject
Project("{FAE04EC0-301F-11D3-BF4B-00C04F79EFBC}") = "LabJack", "lcmsnetPlugins\LabJack\LabJack.csproj", "{4E97009E-F375-426B-8108-DEE8575C8D67}"
	ProjectSection(ProjectDependencies) = postProject
		{150D2DD0-F6AE-4E64-9499-B91B7A01D5AD} = {150D2DD0-F6AE-4E64-9499-B91B7A01D5AD}
		{DDCCB3F9-7B2B-43F2-B98F-40644BEA2A85} = {DDCCB3F9-7B2B-43F2-B98F-40644BEA2A85}
	EndProjectSection
EndProject
Project("{FAE04EC0-301F-11D3-BF4B-00C04F79EFBC}") = "LabJackU3", "lcmsnetPlugins\LabJackU3\LabJackU3.csproj", "{90551821-B121-4C22-BA8D-116E1502D6CE}"
	ProjectSection(ProjectDependencies) = postProject
		{150D2DD0-F6AE-4E64-9499-B91B7A01D5AD} = {150D2DD0-F6AE-4E64-9499-B91B7A01D5AD}
		{DDCCB3F9-7B2B-43F2-B98F-40644BEA2A85} = {DDCCB3F9-7B2B-43F2-B98F-40644BEA2A85}
	EndProjectSection
EndProject
Project("{FAE04EC0-301F-11D3-BF4B-00C04F79EFBC}") = "LcmsNetDummyRandomizer", "lcmsnetPlugins\LcmsNetDummyRandomizer\LcmsNetDummyRandomizer.csproj", "{1CE62A77-40A1-418D-B143-C7C6935BD17A}"
	ProjectSection(ProjectDependencies) = postProject
		{DDCCB3F9-7B2B-43F2-B98F-40644BEA2A85} = {DDCCB3F9-7B2B-43F2-B98F-40644BEA2A85}
	EndProjectSection
EndProject
Project("{FAE04EC0-301F-11D3-BF4B-00C04F79EFBC}") = "LCMSNetSimpleRandomizer", "lcmsnetPlugins\LCMSNetSimpleRandomizer\LCMSNetSimpleRandomizer.csproj", "{ACB66D29-7329-405B-8D04-C24FF0DBAEED}"
	ProjectSection(ProjectDependencies) = postProject
		{DDCCB3F9-7B2B-43F2-B98F-40644BEA2A85} = {DDCCB3F9-7B2B-43F2-B98F-40644BEA2A85}
	EndProjectSection
EndProject
Project("{FAE04EC0-301F-11D3-BF4B-00C04F79EFBC}") = "Newport", "lcmsnetPlugins\NewportESP300\Newport.csproj", "{301C4DAC-24B7-4032-88BF-3BFB13B9DEFE}"
	ProjectSection(ProjectDependencies) = postProject
		{150D2DD0-F6AE-4E64-9499-B91B7A01D5AD} = {150D2DD0-F6AE-4E64-9499-B91B7A01D5AD}
		{DDCCB3F9-7B2B-43F2-B98F-40644BEA2A85} = {DDCCB3F9-7B2B-43F2-B98F-40644BEA2A85}
	EndProjectSection
EndProject
Project("{FAE04EC0-301F-11D3-BF4B-00C04F79EFBC}") = "PALAutoSampler", "lcmsnetPlugins\PALAutoSampler\PALAutoSampler.csproj", "{A68203D4-AF87-44F6-A2F6-9A34FE308789}"
	ProjectSection(ProjectDependencies) = postProject
		{150D2DD0-F6AE-4E64-9499-B91B7A01D5AD} = {150D2DD0-F6AE-4E64-9499-B91B7A01D5AD}
		{DDCCB3F9-7B2B-43F2-B98F-40644BEA2A85} = {DDCCB3F9-7B2B-43F2-B98F-40644BEA2A85}
	EndProjectSection
EndProject
Project("{FAE04EC0-301F-11D3-BF4B-00C04F79EFBC}") = "PNNLDevices", "lcmsnetPlugins\PNNLDevices\PNNLDevices.csproj", "{16B43514-F328-4401-B5B6-D14F9FF51516}"
	ProjectSection(ProjectDependencies) = postProject
		{150D2DD0-F6AE-4E64-9499-B91B7A01D5AD} = {150D2DD0-F6AE-4E64-9499-B91B7A01D5AD}
		{DDCCB3F9-7B2B-43F2-B98F-40644BEA2A85} = {DDCCB3F9-7B2B-43F2-B98F-40644BEA2A85}
	EndProjectSection
EndProject
Project("{FAE04EC0-301F-11D3-BF4B-00C04F79EFBC}") = "FailureInjector", "lcmsnetPlugins\PNNLNotificationDriver\FailureInjector.csproj", "{A9ED704A-295B-4BAD-8B6A-9A07BEC1A315}"
	ProjectSection(ProjectDependencies) = postProject
		{150D2DD0-F6AE-4E64-9499-B91B7A01D5AD} = {150D2DD0-F6AE-4E64-9499-B91B7A01D5AD}
		{DDCCB3F9-7B2B-43F2-B98F-40644BEA2A85} = {DDCCB3F9-7B2B-43F2-B98F-40644BEA2A85}
	EndProjectSection
EndProject
Project("{FAE04EC0-301F-11D3-BF4B-00C04F79EFBC}") = "Teledyne", "lcmsnetPlugins\Teledyne\Teledyne.csproj", "{44F85A93-8010-44CE-8655-21DDAEC72AC1}"
	ProjectSection(ProjectDependencies) = postProject
		{150D2DD0-F6AE-4E64-9499-B91B7A01D5AD} = {150D2DD0-F6AE-4E64-9499-B91B7A01D5AD}
		{DDCCB3F9-7B2B-43F2-B98F-40644BEA2A85} = {DDCCB3F9-7B2B-43F2-B98F-40644BEA2A85}
	EndProjectSection
EndProject
Project("{FAE04EC0-301F-11D3-BF4B-00C04F79EFBC}") = "VICI", "lcmsnetPlugins\VICI\VICI.csproj", "{EDF39882-C0AF-424B-9096-6F1384A5FD71}"
	ProjectSection(ProjectDependencies) = postProject
		{150D2DD0-F6AE-4E64-9499-B91B7A01D5AD} = {150D2DD0-F6AE-4E64-9499-B91B7A01D5AD}
		{DDCCB3F9-7B2B-43F2-B98F-40644BEA2A85} = {DDCCB3F9-7B2B-43F2-B98F-40644BEA2A85}
	EndProjectSection
EndProject
Project("{FAE04EC0-301F-11D3-BF4B-00C04F79EFBC}") = "LabJackU3TestApp", "lcmsnetPlugins\LabJackU3TestApp\LabJackU3TestApp.csproj", "{81761693-59ED-42AC-B879-5D1594EFA7B4}"
EndProject
Project("{FAE04EC0-301F-11D3-BF4B-00C04F79EFBC}") = "NewportTestApp", "lcmsnetPlugins\NewportTestApp\NewportTestApp.csproj", "{27977D25-FA44-4809-9FC4-9F8B306E973F}"
EndProject
Project("{FAE04EC0-301F-11D3-BF4B-00C04F79EFBC}") = "PalValidator", "lcmsnetPlugins\PalValidator\PalValidator.csproj", "{4F2EEDA1-5398-4009-B268-1A5996FB7B90}"
	ProjectSection(ProjectDependencies) = postProject
		{DDCCB3F9-7B2B-43F2-B98F-40644BEA2A85} = {DDCCB3F9-7B2B-43F2-B98F-40644BEA2A85}
	EndProjectSection
EndProject
Project("{2150E333-8FDC-42A3-9474-1A3956D46DE8}") = "Applications", "Applications", "{07984DDF-DE3A-4AAB-8E48-A6F4ACC2C598}"
EndProject
Project("{FAE04EC0-301F-11D3-BF4B-00C04F79EFBC}") = "LCMSNetProg", "LcmsNet\LCMSNetProg\LCMSNetProg.csproj", "{51F59458-D3D7-41D6-8E09-19A12AD54B7A}"
	ProjectSection(ProjectDependencies) = postProject
		{F3EB0B04-7562-4B7D-871C-579C2C8A2045} = {F3EB0B04-7562-4B7D-871C-579C2C8A2045}
		{16B43514-F328-4401-B5B6-D14F9FF51516} = {16B43514-F328-4401-B5B6-D14F9FF51516}
		{4C87CD14-37F7-4E6F-AA7A-6398698C4AAC} = {4C87CD14-37F7-4E6F-AA7A-6398698C4AAC}
		{90551821-B121-4C22-BA8D-116E1502D6CE} = {90551821-B121-4C22-BA8D-116E1502D6CE}
		{ACB66D29-7329-405B-8D04-C24FF0DBAEED} = {ACB66D29-7329-405B-8D04-C24FF0DBAEED}
		{36381F3A-1CA7-4C8B-B99C-035B3C4E84F4} = {36381F3A-1CA7-4C8B-B99C-035B3C4E84F4}
		{6B4EA740-F750-43A6-A0EA-522A06B22331} = {6B4EA740-F750-43A6-A0EA-522A06B22331}
		{A9ED704A-295B-4BAD-8B6A-9A07BEC1A315} = {A9ED704A-295B-4BAD-8B6A-9A07BEC1A315}
		{6682884C-B3DB-49D3-8445-B2D681FAC9AF} = {6682884C-B3DB-49D3-8445-B2D681FAC9AF}
		{3DE94267-3EEE-4B9D-887D-B97A6CD07698} = {3DE94267-3EEE-4B9D-887D-B97A6CD07698}
		{36D7F168-8910-4126-A2C8-F0C78398D64D} = {36D7F168-8910-4126-A2C8-F0C78398D64D}
		{D6DAC36B-61D0-406A-AB13-F34C9EDF0D65} = {D6DAC36B-61D0-406A-AB13-F34C9EDF0D65}
		{1CE62A77-40A1-418D-B143-C7C6935BD17A} = {1CE62A77-40A1-418D-B143-C7C6935BD17A}
		{EDF39882-C0AF-424B-9096-6F1384A5FD71} = {EDF39882-C0AF-424B-9096-6F1384A5FD71}
		{44F85A93-8010-44CE-8655-21DDAEC72AC1} = {44F85A93-8010-44CE-8655-21DDAEC72AC1}
		{4E97009E-F375-426B-8108-DEE8575C8D67} = {4E97009E-F375-426B-8108-DEE8575C8D67}
		{4F2EEDA1-5398-4009-B268-1A5996FB7B90} = {4F2EEDA1-5398-4009-B268-1A5996FB7B90}
		{301C4DAC-24B7-4032-88BF-3BFB13B9DEFE} = {301C4DAC-24B7-4032-88BF-3BFB13B9DEFE}
		{150D2DD0-F6AE-4E64-9499-B91B7A01D5AD} = {150D2DD0-F6AE-4E64-9499-B91B7A01D5AD}
		{A68203D4-AF87-44F6-A2F6-9A34FE308789} = {A68203D4-AF87-44F6-A2F6-9A34FE308789}
		{A1833DD8-8445-45A5-ADAA-7F874886DCD3} = {A1833DD8-8445-45A5-ADAA-7F874886DCD3}
		{6544BDEA-10AE-4867-AFC2-8113D7983D7D} = {6544BDEA-10AE-4867-AFC2-8113D7983D7D}
		{96BA0FF2-5C3C-4A64-A494-452D45FE0B3B} = {96BA0FF2-5C3C-4A64-A494-452D45FE0B3B}
		{76F845F5-FDC2-45E5-BE2C-5EFC6FE60E79} = {76F845F5-FDC2-45E5-BE2C-5EFC6FE60E79}
	EndProjectSection
EndProject
Project("{2150E333-8FDC-42A3-9474-1A3956D46DE8}") = "PluginTests", "PluginTests", "{B239796B-C651-4BFD-8AFD-C889FB71D59F}"
EndProject
Project("{FAE04EC0-301F-11D3-BF4B-00C04F79EFBC}") = "LcmsnetUnitTest", "LcmsNet\LcmsnetUnitTest\LcmsnetUnitTest.csproj", "{08F2C18B-27E7-4DD4-A47F-760E52C2D552}"
	ProjectSection(ProjectDependencies) = postProject
		{36381F3A-1CA7-4C8B-B99C-035B3C4E84F4} = {36381F3A-1CA7-4C8B-B99C-035B3C4E84F4}
		{150D2DD0-F6AE-4E64-9499-B91B7A01D5AD} = {150D2DD0-F6AE-4E64-9499-B91B7A01D5AD}
		{DDCCB3F9-7B2B-43F2-B98F-40644BEA2A85} = {DDCCB3F9-7B2B-43F2-B98F-40644BEA2A85}
	EndProjectSection
EndProject
Project("{2150E333-8FDC-42A3-9474-1A3956D46DE8}") = "DemoFiles", "DemoFiles", "{E21C9EE4-EDD6-46EE-9463-216933A81959}"
EndProject
Project("{FAE04EC0-301F-11D3-BF4B-00C04F79EFBC}") = "LogViewer", "ExternalApplications\LogViewer\LogViewer.csproj", "{82DBCBCC-6FC8-4E62-98EB-46DA1DDA27F4}"
EndProject
Project("{FAE04EC0-301F-11D3-BF4B-00C04F79EFBC}") = "LcmsNetDmsTools", "LcmsNetDmsTools\LcmsNetDmsTools\LcmsNetDmsTools.csproj", "{F3EB0B04-7562-4B7D-871C-579C2C8A2045}"
	ProjectSection(ProjectDependencies) = postProject
		{B164F88D-3799-46B9-8926-20B40707B2E4} = {B164F88D-3799-46B9-8926-20B40707B2E4}
		{DDCCB3F9-7B2B-43F2-B98F-40644BEA2A85} = {DDCCB3F9-7B2B-43F2-B98F-40644BEA2A85}
	EndProjectSection
EndProject
Project("{FAE04EC0-301F-11D3-BF4B-00C04F79EFBC}") = "TestTool", "LcmsNetDmsTools\TestTool\TestTool.csproj", "{BEBD0826-4489-4E26-8456-240AF4C30E8A}"
	ProjectSection(ProjectDependencies) = postProject
		{B164F88D-3799-46B9-8926-20B40707B2E4} = {B164F88D-3799-46B9-8926-20B40707B2E4}
		{DDCCB3F9-7B2B-43F2-B98F-40644BEA2A85} = {DDCCB3F9-7B2B-43F2-B98F-40644BEA2A85}
	EndProjectSection
EndProject
Project("{2150E333-8FDC-42A3-9474-1A3956D46DE8}") = "DMSTools", "DMSTools", "{969BC8E6-2C58-47FD-BFAF-238753A540D8}"
EndProject
Project("{2150E333-8FDC-42A3-9474-1A3956D46DE8}") = "SDKs", "SDKs", "{CCF1478E-6C1C-4470-8FA9-9282A3969582}"
EndProject
Project("{2150E333-8FDC-42A3-9474-1A3956D46DE8}") = "SQLiteTools", "SQLiteTools", "{8B5563F3-2A35-4DAD-9575-7493F15E9A62}"
EndProject
Global
	GlobalSection(SolutionConfigurationPlatforms) = preSolution
		Buzzard WPF|Any CPU = Buzzard WPF|Any CPU
		Buzzard WPF|x86 = Buzzard WPF|x86
		Debug|Any CPU = Debug|Any CPU
		Debug|x86 = Debug|x86
		ExternalRelease|Any CPU = ExternalRelease|Any CPU
		ExternalRelease|x86 = ExternalRelease|x86
		fluidicsrelease|Any CPU = fluidicsrelease|Any CPU
		fluidicsrelease|x86 = fluidicsrelease|x86
		PNNLRelease|Any CPU = PNNLRelease|Any CPU
		PNNLRelease|x86 = PNNLRelease|x86
		Release|Any CPU = Release|Any CPU
		Release|x86 = Release|x86
	EndGlobalSection
	GlobalSection(ProjectConfigurationPlatforms) = postSolution
		{36D7F168-8910-4126-A2C8-F0C78398D64D}.Buzzard WPF|Any CPU.ActiveCfg = PNNLRelease|Any CPU
		{36D7F168-8910-4126-A2C8-F0C78398D64D}.Buzzard WPF|Any CPU.Build.0 = PNNLRelease|Any CPU
		{36D7F168-8910-4126-A2C8-F0C78398D64D}.Buzzard WPF|x86.ActiveCfg = PNNLRelease|Any CPU
		{36D7F168-8910-4126-A2C8-F0C78398D64D}.Buzzard WPF|x86.Build.0 = PNNLRelease|Any CPU
		{36D7F168-8910-4126-A2C8-F0C78398D64D}.Debug|Any CPU.ActiveCfg = Debug|Any CPU
		{36D7F168-8910-4126-A2C8-F0C78398D64D}.Debug|Any CPU.Build.0 = Debug|Any CPU
		{36D7F168-8910-4126-A2C8-F0C78398D64D}.Debug|x86.ActiveCfg = Debug|Any CPU
		{36D7F168-8910-4126-A2C8-F0C78398D64D}.Debug|x86.Build.0 = Debug|Any CPU
		{36D7F168-8910-4126-A2C8-F0C78398D64D}.ExternalRelease|Any CPU.ActiveCfg = PNNLRelease|Any CPU
		{36D7F168-8910-4126-A2C8-F0C78398D64D}.ExternalRelease|Any CPU.Build.0 = PNNLRelease|Any CPU
		{36D7F168-8910-4126-A2C8-F0C78398D64D}.ExternalRelease|x86.ActiveCfg = PNNLRelease|Any CPU
		{36D7F168-8910-4126-A2C8-F0C78398D64D}.ExternalRelease|x86.Build.0 = PNNLRelease|Any CPU
		{36D7F168-8910-4126-A2C8-F0C78398D64D}.fluidicsrelease|Any CPU.ActiveCfg = PNNLRelease|Any CPU
		{36D7F168-8910-4126-A2C8-F0C78398D64D}.fluidicsrelease|Any CPU.Build.0 = PNNLRelease|Any CPU
		{36D7F168-8910-4126-A2C8-F0C78398D64D}.fluidicsrelease|x86.ActiveCfg = PNNLRelease|Any CPU
		{36D7F168-8910-4126-A2C8-F0C78398D64D}.fluidicsrelease|x86.Build.0 = PNNLRelease|Any CPU
		{36D7F168-8910-4126-A2C8-F0C78398D64D}.PNNLRelease|Any CPU.ActiveCfg = PNNLRelease|Any CPU
		{36D7F168-8910-4126-A2C8-F0C78398D64D}.PNNLRelease|Any CPU.Build.0 = PNNLRelease|Any CPU
		{36D7F168-8910-4126-A2C8-F0C78398D64D}.PNNLRelease|x86.ActiveCfg = PNNLRelease|Any CPU
		{36D7F168-8910-4126-A2C8-F0C78398D64D}.PNNLRelease|x86.Build.0 = PNNLRelease|Any CPU
		{36D7F168-8910-4126-A2C8-F0C78398D64D}.Release|Any CPU.ActiveCfg = PNNLRelease|Any CPU
		{36D7F168-8910-4126-A2C8-F0C78398D64D}.Release|Any CPU.Build.0 = PNNLRelease|Any CPU
		{36D7F168-8910-4126-A2C8-F0C78398D64D}.Release|x86.ActiveCfg = PNNLRelease|Any CPU
		{36D7F168-8910-4126-A2C8-F0C78398D64D}.Release|x86.Build.0 = PNNLRelease|Any CPU
		{76F845F5-FDC2-45E5-BE2C-5EFC6FE60E79}.Buzzard WPF|Any CPU.ActiveCfg = PNNLRelease|Any CPU
		{76F845F5-FDC2-45E5-BE2C-5EFC6FE60E79}.Buzzard WPF|Any CPU.Build.0 = PNNLRelease|Any CPU
		{76F845F5-FDC2-45E5-BE2C-5EFC6FE60E79}.Buzzard WPF|x86.ActiveCfg = PNNLRelease|Any CPU
		{76F845F5-FDC2-45E5-BE2C-5EFC6FE60E79}.Buzzard WPF|x86.Build.0 = PNNLRelease|Any CPU
		{76F845F5-FDC2-45E5-BE2C-5EFC6FE60E79}.Debug|Any CPU.ActiveCfg = Debug|Any CPU
		{76F845F5-FDC2-45E5-BE2C-5EFC6FE60E79}.Debug|Any CPU.Build.0 = Debug|Any CPU
		{76F845F5-FDC2-45E5-BE2C-5EFC6FE60E79}.Debug|x86.ActiveCfg = Debug|Any CPU
		{76F845F5-FDC2-45E5-BE2C-5EFC6FE60E79}.Debug|x86.Build.0 = Debug|Any CPU
		{76F845F5-FDC2-45E5-BE2C-5EFC6FE60E79}.ExternalRelease|Any CPU.ActiveCfg = PNNLRelease|Any CPU
		{76F845F5-FDC2-45E5-BE2C-5EFC6FE60E79}.ExternalRelease|Any CPU.Build.0 = PNNLRelease|Any CPU
		{76F845F5-FDC2-45E5-BE2C-5EFC6FE60E79}.ExternalRelease|x86.ActiveCfg = PNNLRelease|Any CPU
		{76F845F5-FDC2-45E5-BE2C-5EFC6FE60E79}.ExternalRelease|x86.Build.0 = PNNLRelease|Any CPU
		{76F845F5-FDC2-45E5-BE2C-5EFC6FE60E79}.fluidicsrelease|Any CPU.ActiveCfg = PNNLRelease|Any CPU
		{76F845F5-FDC2-45E5-BE2C-5EFC6FE60E79}.fluidicsrelease|Any CPU.Build.0 = PNNLRelease|Any CPU
		{76F845F5-FDC2-45E5-BE2C-5EFC6FE60E79}.fluidicsrelease|x86.ActiveCfg = PNNLRelease|Any CPU
		{76F845F5-FDC2-45E5-BE2C-5EFC6FE60E79}.fluidicsrelease|x86.Build.0 = PNNLRelease|Any CPU
		{76F845F5-FDC2-45E5-BE2C-5EFC6FE60E79}.PNNLRelease|Any CPU.ActiveCfg = PNNLRelease|Any CPU
		{76F845F5-FDC2-45E5-BE2C-5EFC6FE60E79}.PNNLRelease|Any CPU.Build.0 = PNNLRelease|Any CPU
		{76F845F5-FDC2-45E5-BE2C-5EFC6FE60E79}.PNNLRelease|x86.ActiveCfg = PNNLRelease|Any CPU
		{76F845F5-FDC2-45E5-BE2C-5EFC6FE60E79}.PNNLRelease|x86.Build.0 = PNNLRelease|Any CPU
		{76F845F5-FDC2-45E5-BE2C-5EFC6FE60E79}.Release|Any CPU.ActiveCfg = PNNLRelease|Any CPU
		{76F845F5-FDC2-45E5-BE2C-5EFC6FE60E79}.Release|Any CPU.Build.0 = PNNLRelease|Any CPU
		{76F845F5-FDC2-45E5-BE2C-5EFC6FE60E79}.Release|x86.ActiveCfg = PNNLRelease|Any CPU
		{76F845F5-FDC2-45E5-BE2C-5EFC6FE60E79}.Release|x86.Build.0 = PNNLRelease|Any CPU
		{DDCCB3F9-7B2B-43F2-B98F-40644BEA2A85}.Buzzard WPF|Any CPU.ActiveCfg = PNNLRelease|Any CPU
		{DDCCB3F9-7B2B-43F2-B98F-40644BEA2A85}.Buzzard WPF|Any CPU.Build.0 = PNNLRelease|Any CPU
		{DDCCB3F9-7B2B-43F2-B98F-40644BEA2A85}.Buzzard WPF|x86.ActiveCfg = Debug|Any CPU
		{DDCCB3F9-7B2B-43F2-B98F-40644BEA2A85}.Buzzard WPF|x86.Build.0 = Debug|Any CPU
		{DDCCB3F9-7B2B-43F2-B98F-40644BEA2A85}.Debug|Any CPU.ActiveCfg = Debug|Any CPU
		{DDCCB3F9-7B2B-43F2-B98F-40644BEA2A85}.Debug|Any CPU.Build.0 = Debug|Any CPU
		{DDCCB3F9-7B2B-43F2-B98F-40644BEA2A85}.Debug|x86.ActiveCfg = Debug|Any CPU
		{DDCCB3F9-7B2B-43F2-B98F-40644BEA2A85}.Debug|x86.Build.0 = Debug|Any CPU
		{DDCCB3F9-7B2B-43F2-B98F-40644BEA2A85}.ExternalRelease|Any CPU.ActiveCfg = PNNLRelease|Any CPU
		{DDCCB3F9-7B2B-43F2-B98F-40644BEA2A85}.ExternalRelease|Any CPU.Build.0 = PNNLRelease|Any CPU
		{DDCCB3F9-7B2B-43F2-B98F-40644BEA2A85}.ExternalRelease|x86.ActiveCfg = Debug|Any CPU
		{DDCCB3F9-7B2B-43F2-B98F-40644BEA2A85}.ExternalRelease|x86.Build.0 = Debug|Any CPU
		{DDCCB3F9-7B2B-43F2-B98F-40644BEA2A85}.fluidicsrelease|Any CPU.ActiveCfg = PNNLRelease|Any CPU
		{DDCCB3F9-7B2B-43F2-B98F-40644BEA2A85}.fluidicsrelease|Any CPU.Build.0 = PNNLRelease|Any CPU
		{DDCCB3F9-7B2B-43F2-B98F-40644BEA2A85}.fluidicsrelease|x86.ActiveCfg = Debug|Any CPU
		{DDCCB3F9-7B2B-43F2-B98F-40644BEA2A85}.fluidicsrelease|x86.Build.0 = Debug|Any CPU
		{DDCCB3F9-7B2B-43F2-B98F-40644BEA2A85}.PNNLRelease|Any CPU.ActiveCfg = PNNLRelease|Any CPU
		{DDCCB3F9-7B2B-43F2-B98F-40644BEA2A85}.PNNLRelease|Any CPU.Build.0 = PNNLRelease|Any CPU
		{DDCCB3F9-7B2B-43F2-B98F-40644BEA2A85}.PNNLRelease|x86.ActiveCfg = PNNLRelease|Any CPU
		{DDCCB3F9-7B2B-43F2-B98F-40644BEA2A85}.PNNLRelease|x86.Build.0 = PNNLRelease|Any CPU
		{DDCCB3F9-7B2B-43F2-B98F-40644BEA2A85}.Release|Any CPU.ActiveCfg = PNNLRelease|Any CPU
		{DDCCB3F9-7B2B-43F2-B98F-40644BEA2A85}.Release|Any CPU.Build.0 = PNNLRelease|Any CPU
		{DDCCB3F9-7B2B-43F2-B98F-40644BEA2A85}.Release|x86.ActiveCfg = PNNLRelease|Any CPU
		{DDCCB3F9-7B2B-43F2-B98F-40644BEA2A85}.Release|x86.Build.0 = PNNLRelease|Any CPU
		{176AACC9-480E-4425-BA4B-40BB7B8A2E04}.Buzzard WPF|Any CPU.ActiveCfg = Release|Any CPU
		{176AACC9-480E-4425-BA4B-40BB7B8A2E04}.Buzzard WPF|Any CPU.Build.0 = Release|Any CPU
		{176AACC9-480E-4425-BA4B-40BB7B8A2E04}.Buzzard WPF|x86.ActiveCfg = Release|Any CPU
		{176AACC9-480E-4425-BA4B-40BB7B8A2E04}.Buzzard WPF|x86.Build.0 = Release|Any CPU
		{176AACC9-480E-4425-BA4B-40BB7B8A2E04}.Debug|Any CPU.ActiveCfg = Debug|Any CPU
		{176AACC9-480E-4425-BA4B-40BB7B8A2E04}.Debug|Any CPU.Build.0 = Debug|Any CPU
		{176AACC9-480E-4425-BA4B-40BB7B8A2E04}.Debug|x86.ActiveCfg = Debug|Any CPU
		{176AACC9-480E-4425-BA4B-40BB7B8A2E04}.Debug|x86.Build.0 = Debug|Any CPU
		{176AACC9-480E-4425-BA4B-40BB7B8A2E04}.ExternalRelease|Any CPU.ActiveCfg = Release|Any CPU
		{176AACC9-480E-4425-BA4B-40BB7B8A2E04}.ExternalRelease|Any CPU.Build.0 = Release|Any CPU
		{176AACC9-480E-4425-BA4B-40BB7B8A2E04}.ExternalRelease|x86.ActiveCfg = Release|Any CPU
		{176AACC9-480E-4425-BA4B-40BB7B8A2E04}.ExternalRelease|x86.Build.0 = Release|Any CPU
		{176AACC9-480E-4425-BA4B-40BB7B8A2E04}.fluidicsrelease|Any CPU.ActiveCfg = Release|Any CPU
		{176AACC9-480E-4425-BA4B-40BB7B8A2E04}.fluidicsrelease|Any CPU.Build.0 = Release|Any CPU
		{176AACC9-480E-4425-BA4B-40BB7B8A2E04}.fluidicsrelease|x86.ActiveCfg = Release|Any CPU
		{176AACC9-480E-4425-BA4B-40BB7B8A2E04}.fluidicsrelease|x86.Build.0 = Release|Any CPU
		{176AACC9-480E-4425-BA4B-40BB7B8A2E04}.PNNLRelease|Any CPU.ActiveCfg = Release|Any CPU
		{176AACC9-480E-4425-BA4B-40BB7B8A2E04}.PNNLRelease|Any CPU.Build.0 = Release|Any CPU
		{176AACC9-480E-4425-BA4B-40BB7B8A2E04}.PNNLRelease|x86.ActiveCfg = Release|Any CPU
		{176AACC9-480E-4425-BA4B-40BB7B8A2E04}.PNNLRelease|x86.Build.0 = Release|Any CPU
		{176AACC9-480E-4425-BA4B-40BB7B8A2E04}.Release|Any CPU.ActiveCfg = Release|Any CPU
		{176AACC9-480E-4425-BA4B-40BB7B8A2E04}.Release|Any CPU.Build.0 = Release|Any CPU
		{176AACC9-480E-4425-BA4B-40BB7B8A2E04}.Release|x86.ActiveCfg = Release|Any CPU
		{176AACC9-480E-4425-BA4B-40BB7B8A2E04}.Release|x86.Build.0 = Release|Any CPU
		{150D2DD0-F6AE-4E64-9499-B91B7A01D5AD}.Buzzard WPF|Any CPU.ActiveCfg = PNNLRelease|Any CPU
		{150D2DD0-F6AE-4E64-9499-B91B7A01D5AD}.Buzzard WPF|Any CPU.Build.0 = PNNLRelease|Any CPU
		{150D2DD0-F6AE-4E64-9499-B91B7A01D5AD}.Buzzard WPF|x86.ActiveCfg = Debug|Any CPU
		{150D2DD0-F6AE-4E64-9499-B91B7A01D5AD}.Buzzard WPF|x86.Build.0 = Debug|Any CPU
		{150D2DD0-F6AE-4E64-9499-B91B7A01D5AD}.Debug|Any CPU.ActiveCfg = Debug|Any CPU
		{150D2DD0-F6AE-4E64-9499-B91B7A01D5AD}.Debug|Any CPU.Build.0 = Debug|Any CPU
		{150D2DD0-F6AE-4E64-9499-B91B7A01D5AD}.Debug|x86.ActiveCfg = Debug|Any CPU
		{150D2DD0-F6AE-4E64-9499-B91B7A01D5AD}.Debug|x86.Build.0 = Debug|Any CPU
		{150D2DD0-F6AE-4E64-9499-B91B7A01D5AD}.ExternalRelease|Any CPU.ActiveCfg = PNNLRelease|Any CPU
		{150D2DD0-F6AE-4E64-9499-B91B7A01D5AD}.ExternalRelease|Any CPU.Build.0 = PNNLRelease|Any CPU
		{150D2DD0-F6AE-4E64-9499-B91B7A01D5AD}.ExternalRelease|x86.ActiveCfg = Debug|Any CPU
		{150D2DD0-F6AE-4E64-9499-B91B7A01D5AD}.ExternalRelease|x86.Build.0 = Debug|Any CPU
		{150D2DD0-F6AE-4E64-9499-B91B7A01D5AD}.fluidicsrelease|Any CPU.ActiveCfg = PNNLRelease|Any CPU
		{150D2DD0-F6AE-4E64-9499-B91B7A01D5AD}.fluidicsrelease|Any CPU.Build.0 = PNNLRelease|Any CPU
		{150D2DD0-F6AE-4E64-9499-B91B7A01D5AD}.fluidicsrelease|x86.ActiveCfg = Debug|Any CPU
		{150D2DD0-F6AE-4E64-9499-B91B7A01D5AD}.fluidicsrelease|x86.Build.0 = Debug|Any CPU
		{150D2DD0-F6AE-4E64-9499-B91B7A01D5AD}.PNNLRelease|Any CPU.ActiveCfg = PNNLRelease|Any CPU
		{150D2DD0-F6AE-4E64-9499-B91B7A01D5AD}.PNNLRelease|Any CPU.Build.0 = PNNLRelease|Any CPU
		{150D2DD0-F6AE-4E64-9499-B91B7A01D5AD}.PNNLRelease|x86.ActiveCfg = PNNLRelease|Any CPU
		{150D2DD0-F6AE-4E64-9499-B91B7A01D5AD}.PNNLRelease|x86.Build.0 = PNNLRelease|Any CPU
		{150D2DD0-F6AE-4E64-9499-B91B7A01D5AD}.Release|Any CPU.ActiveCfg = PNNLRelease|Any CPU
		{150D2DD0-F6AE-4E64-9499-B91B7A01D5AD}.Release|Any CPU.Build.0 = PNNLRelease|Any CPU
		{150D2DD0-F6AE-4E64-9499-B91B7A01D5AD}.Release|x86.ActiveCfg = PNNLRelease|Any CPU
		{150D2DD0-F6AE-4E64-9499-B91B7A01D5AD}.Release|x86.Build.0 = PNNLRelease|Any CPU
		{21CFC3A0-B761-46D2-9E41-E7D75E3AE1B9}.Buzzard WPF|Any CPU.ActiveCfg = Debug|Any CPU
		{21CFC3A0-B761-46D2-9E41-E7D75E3AE1B9}.Buzzard WPF|Any CPU.Build.0 = Debug|Any CPU
		{21CFC3A0-B761-46D2-9E41-E7D75E3AE1B9}.Buzzard WPF|x86.ActiveCfg = Release|Any CPU
		{21CFC3A0-B761-46D2-9E41-E7D75E3AE1B9}.Buzzard WPF|x86.Build.0 = Release|Any CPU
		{21CFC3A0-B761-46D2-9E41-E7D75E3AE1B9}.Debug|Any CPU.ActiveCfg = Debug|Any CPU
		{21CFC3A0-B761-46D2-9E41-E7D75E3AE1B9}.Debug|Any CPU.Build.0 = Debug|Any CPU
		{21CFC3A0-B761-46D2-9E41-E7D75E3AE1B9}.Debug|x86.ActiveCfg = Debug|Any CPU
		{21CFC3A0-B761-46D2-9E41-E7D75E3AE1B9}.Debug|x86.Build.0 = Debug|Any CPU
		{21CFC3A0-B761-46D2-9E41-E7D75E3AE1B9}.ExternalRelease|Any CPU.ActiveCfg = Release|Any CPU
		{21CFC3A0-B761-46D2-9E41-E7D75E3AE1B9}.ExternalRelease|Any CPU.Build.0 = Release|Any CPU
		{21CFC3A0-B761-46D2-9E41-E7D75E3AE1B9}.ExternalRelease|x86.ActiveCfg = Release|Any CPU
		{21CFC3A0-B761-46D2-9E41-E7D75E3AE1B9}.ExternalRelease|x86.Build.0 = Release|Any CPU
		{21CFC3A0-B761-46D2-9E41-E7D75E3AE1B9}.fluidicsrelease|Any CPU.ActiveCfg = Debug|Any CPU
		{21CFC3A0-B761-46D2-9E41-E7D75E3AE1B9}.fluidicsrelease|Any CPU.Build.0 = Debug|Any CPU
		{21CFC3A0-B761-46D2-9E41-E7D75E3AE1B9}.fluidicsrelease|x86.ActiveCfg = Release|Any CPU
		{21CFC3A0-B761-46D2-9E41-E7D75E3AE1B9}.fluidicsrelease|x86.Build.0 = Release|Any CPU
		{21CFC3A0-B761-46D2-9E41-E7D75E3AE1B9}.PNNLRelease|Any CPU.ActiveCfg = Debug|Any CPU
		{21CFC3A0-B761-46D2-9E41-E7D75E3AE1B9}.PNNLRelease|Any CPU.Build.0 = Debug|Any CPU
		{21CFC3A0-B761-46D2-9E41-E7D75E3AE1B9}.PNNLRelease|x86.ActiveCfg = Release|Any CPU
		{21CFC3A0-B761-46D2-9E41-E7D75E3AE1B9}.PNNLRelease|x86.Build.0 = Release|Any CPU
		{21CFC3A0-B761-46D2-9E41-E7D75E3AE1B9}.Release|Any CPU.ActiveCfg = Release|Any CPU
		{21CFC3A0-B761-46D2-9E41-E7D75E3AE1B9}.Release|Any CPU.Build.0 = Release|Any CPU
		{21CFC3A0-B761-46D2-9E41-E7D75E3AE1B9}.Release|x86.ActiveCfg = Release|Any CPU
		{21CFC3A0-B761-46D2-9E41-E7D75E3AE1B9}.Release|x86.Build.0 = Release|Any CPU
		{3DE94267-3EEE-4B9D-887D-B97A6CD07698}.Buzzard WPF|Any CPU.ActiveCfg = PNNLRelease|Any CPU
		{3DE94267-3EEE-4B9D-887D-B97A6CD07698}.Buzzard WPF|Any CPU.Build.0 = PNNLRelease|Any CPU
		{3DE94267-3EEE-4B9D-887D-B97A6CD07698}.Buzzard WPF|x86.ActiveCfg = Debug|Any CPU
		{3DE94267-3EEE-4B9D-887D-B97A6CD07698}.Buzzard WPF|x86.Build.0 = Debug|Any CPU
		{3DE94267-3EEE-4B9D-887D-B97A6CD07698}.Debug|Any CPU.ActiveCfg = Debug|Any CPU
		{3DE94267-3EEE-4B9D-887D-B97A6CD07698}.Debug|Any CPU.Build.0 = Debug|Any CPU
		{3DE94267-3EEE-4B9D-887D-B97A6CD07698}.Debug|x86.ActiveCfg = Debug|Any CPU
		{3DE94267-3EEE-4B9D-887D-B97A6CD07698}.Debug|x86.Build.0 = Debug|Any CPU
		{3DE94267-3EEE-4B9D-887D-B97A6CD07698}.ExternalRelease|Any CPU.ActiveCfg = PNNLRelease|Any CPU
		{3DE94267-3EEE-4B9D-887D-B97A6CD07698}.ExternalRelease|Any CPU.Build.0 = PNNLRelease|Any CPU
		{3DE94267-3EEE-4B9D-887D-B97A6CD07698}.ExternalRelease|x86.ActiveCfg = Debug|Any CPU
		{3DE94267-3EEE-4B9D-887D-B97A6CD07698}.ExternalRelease|x86.Build.0 = Debug|Any CPU
		{3DE94267-3EEE-4B9D-887D-B97A6CD07698}.fluidicsrelease|Any CPU.ActiveCfg = PNNLRelease|Any CPU
		{3DE94267-3EEE-4B9D-887D-B97A6CD07698}.fluidicsrelease|Any CPU.Build.0 = PNNLRelease|Any CPU
		{3DE94267-3EEE-4B9D-887D-B97A6CD07698}.fluidicsrelease|x86.ActiveCfg = Debug|Any CPU
		{3DE94267-3EEE-4B9D-887D-B97A6CD07698}.fluidicsrelease|x86.Build.0 = Debug|Any CPU
		{3DE94267-3EEE-4B9D-887D-B97A6CD07698}.PNNLRelease|Any CPU.ActiveCfg = PNNLRelease|Any CPU
		{3DE94267-3EEE-4B9D-887D-B97A6CD07698}.PNNLRelease|Any CPU.Build.0 = PNNLRelease|Any CPU
		{3DE94267-3EEE-4B9D-887D-B97A6CD07698}.PNNLRelease|x86.ActiveCfg = PNNLRelease|Any CPU
		{3DE94267-3EEE-4B9D-887D-B97A6CD07698}.PNNLRelease|x86.Build.0 = PNNLRelease|Any CPU
		{3DE94267-3EEE-4B9D-887D-B97A6CD07698}.Release|Any CPU.ActiveCfg = PNNLRelease|Any CPU
		{3DE94267-3EEE-4B9D-887D-B97A6CD07698}.Release|Any CPU.Build.0 = PNNLRelease|Any CPU
		{3DE94267-3EEE-4B9D-887D-B97A6CD07698}.Release|x86.ActiveCfg = PNNLRelease|Any CPU
		{3DE94267-3EEE-4B9D-887D-B97A6CD07698}.Release|x86.Build.0 = PNNLRelease|Any CPU
		{6544BDEA-10AE-4867-AFC2-8113D7983D7D}.Buzzard WPF|Any CPU.ActiveCfg = PNNLRelease|Any CPU
		{6544BDEA-10AE-4867-AFC2-8113D7983D7D}.Buzzard WPF|Any CPU.Build.0 = PNNLRelease|Any CPU
		{6544BDEA-10AE-4867-AFC2-8113D7983D7D}.Buzzard WPF|x86.ActiveCfg = PNNLRelease|Any CPU
		{6544BDEA-10AE-4867-AFC2-8113D7983D7D}.Buzzard WPF|x86.Build.0 = PNNLRelease|Any CPU
		{6544BDEA-10AE-4867-AFC2-8113D7983D7D}.Debug|Any CPU.ActiveCfg = Debug|Any CPU
		{6544BDEA-10AE-4867-AFC2-8113D7983D7D}.Debug|Any CPU.Build.0 = Debug|Any CPU
		{6544BDEA-10AE-4867-AFC2-8113D7983D7D}.Debug|x86.ActiveCfg = Debug|Any CPU
		{6544BDEA-10AE-4867-AFC2-8113D7983D7D}.Debug|x86.Build.0 = Debug|Any CPU
		{6544BDEA-10AE-4867-AFC2-8113D7983D7D}.ExternalRelease|Any CPU.ActiveCfg = PNNLRelease|Any CPU
		{6544BDEA-10AE-4867-AFC2-8113D7983D7D}.ExternalRelease|Any CPU.Build.0 = PNNLRelease|Any CPU
		{6544BDEA-10AE-4867-AFC2-8113D7983D7D}.ExternalRelease|x86.ActiveCfg = PNNLRelease|Any CPU
		{6544BDEA-10AE-4867-AFC2-8113D7983D7D}.ExternalRelease|x86.Build.0 = PNNLRelease|Any CPU
		{6544BDEA-10AE-4867-AFC2-8113D7983D7D}.fluidicsrelease|Any CPU.ActiveCfg = PNNLRelease|Any CPU
		{6544BDEA-10AE-4867-AFC2-8113D7983D7D}.fluidicsrelease|Any CPU.Build.0 = PNNLRelease|Any CPU
		{6544BDEA-10AE-4867-AFC2-8113D7983D7D}.fluidicsrelease|x86.ActiveCfg = PNNLRelease|Any CPU
		{6544BDEA-10AE-4867-AFC2-8113D7983D7D}.fluidicsrelease|x86.Build.0 = PNNLRelease|Any CPU
		{6544BDEA-10AE-4867-AFC2-8113D7983D7D}.PNNLRelease|Any CPU.ActiveCfg = PNNLRelease|Any CPU
		{6544BDEA-10AE-4867-AFC2-8113D7983D7D}.PNNLRelease|Any CPU.Build.0 = PNNLRelease|Any CPU
		{6544BDEA-10AE-4867-AFC2-8113D7983D7D}.PNNLRelease|x86.ActiveCfg = PNNLRelease|Any CPU
		{6544BDEA-10AE-4867-AFC2-8113D7983D7D}.PNNLRelease|x86.Build.0 = PNNLRelease|Any CPU
		{6544BDEA-10AE-4867-AFC2-8113D7983D7D}.Release|Any CPU.ActiveCfg = PNNLRelease|Any CPU
		{6544BDEA-10AE-4867-AFC2-8113D7983D7D}.Release|Any CPU.Build.0 = PNNLRelease|Any CPU
		{6544BDEA-10AE-4867-AFC2-8113D7983D7D}.Release|x86.ActiveCfg = PNNLRelease|Any CPU
		{6544BDEA-10AE-4867-AFC2-8113D7983D7D}.Release|x86.Build.0 = PNNLRelease|Any CPU
		{6B4EA740-F750-43A6-A0EA-522A06B22331}.Buzzard WPF|Any CPU.ActiveCfg = PNNLRelease|Any CPU
		{6B4EA740-F750-43A6-A0EA-522A06B22331}.Buzzard WPF|Any CPU.Build.0 = PNNLRelease|Any CPU
		{6B4EA740-F750-43A6-A0EA-522A06B22331}.Buzzard WPF|x86.ActiveCfg = PNNLRelease|Any CPU
		{6B4EA740-F750-43A6-A0EA-522A06B22331}.Buzzard WPF|x86.Build.0 = PNNLRelease|Any CPU
		{6B4EA740-F750-43A6-A0EA-522A06B22331}.Debug|Any CPU.ActiveCfg = Debug|Any CPU
		{6B4EA740-F750-43A6-A0EA-522A06B22331}.Debug|Any CPU.Build.0 = Debug|Any CPU
		{6B4EA740-F750-43A6-A0EA-522A06B22331}.Debug|x86.ActiveCfg = Debug|Any CPU
		{6B4EA740-F750-43A6-A0EA-522A06B22331}.Debug|x86.Build.0 = Debug|Any CPU
		{6B4EA740-F750-43A6-A0EA-522A06B22331}.ExternalRelease|Any CPU.ActiveCfg = Release|Any CPU
		{6B4EA740-F750-43A6-A0EA-522A06B22331}.ExternalRelease|Any CPU.Build.0 = Release|Any CPU
		{6B4EA740-F750-43A6-A0EA-522A06B22331}.ExternalRelease|x86.ActiveCfg = Release|Any CPU
		{6B4EA740-F750-43A6-A0EA-522A06B22331}.ExternalRelease|x86.Build.0 = Release|Any CPU
		{6B4EA740-F750-43A6-A0EA-522A06B22331}.fluidicsrelease|Any CPU.ActiveCfg = PNNLRelease|Any CPU
		{6B4EA740-F750-43A6-A0EA-522A06B22331}.fluidicsrelease|Any CPU.Build.0 = PNNLRelease|Any CPU
		{6B4EA740-F750-43A6-A0EA-522A06B22331}.fluidicsrelease|x86.ActiveCfg = PNNLRelease|Any CPU
		{6B4EA740-F750-43A6-A0EA-522A06B22331}.fluidicsrelease|x86.Build.0 = PNNLRelease|Any CPU
		{6B4EA740-F750-43A6-A0EA-522A06B22331}.PNNLRelease|Any CPU.ActiveCfg = PNNLRelease|Any CPU
		{6B4EA740-F750-43A6-A0EA-522A06B22331}.PNNLRelease|Any CPU.Build.0 = PNNLRelease|Any CPU
		{6B4EA740-F750-43A6-A0EA-522A06B22331}.PNNLRelease|x86.ActiveCfg = PNNLRelease|Any CPU
		{6B4EA740-F750-43A6-A0EA-522A06B22331}.PNNLRelease|x86.Build.0 = PNNLRelease|Any CPU
		{6B4EA740-F750-43A6-A0EA-522A06B22331}.Release|Any CPU.ActiveCfg = Release|Any CPU
		{6B4EA740-F750-43A6-A0EA-522A06B22331}.Release|Any CPU.Build.0 = Release|Any CPU
		{6B4EA740-F750-43A6-A0EA-522A06B22331}.Release|x86.ActiveCfg = Release|Any CPU
		{6B4EA740-F750-43A6-A0EA-522A06B22331}.Release|x86.Build.0 = Release|Any CPU
		{36381F3A-1CA7-4C8B-B99C-035B3C4E84F4}.Buzzard WPF|Any CPU.ActiveCfg = PNNLRelease|Any CPU
		{36381F3A-1CA7-4C8B-B99C-035B3C4E84F4}.Buzzard WPF|Any CPU.Build.0 = PNNLRelease|Any CPU
		{36381F3A-1CA7-4C8B-B99C-035B3C4E84F4}.Buzzard WPF|x86.ActiveCfg = PNNLRelease|Any CPU
		{36381F3A-1CA7-4C8B-B99C-035B3C4E84F4}.Buzzard WPF|x86.Build.0 = PNNLRelease|Any CPU
		{36381F3A-1CA7-4C8B-B99C-035B3C4E84F4}.Debug|Any CPU.ActiveCfg = Debug|Any CPU
		{36381F3A-1CA7-4C8B-B99C-035B3C4E84F4}.Debug|Any CPU.Build.0 = Debug|Any CPU
		{36381F3A-1CA7-4C8B-B99C-035B3C4E84F4}.Debug|x86.ActiveCfg = Debug|Any CPU
		{36381F3A-1CA7-4C8B-B99C-035B3C4E84F4}.Debug|x86.Build.0 = Debug|Any CPU
		{36381F3A-1CA7-4C8B-B99C-035B3C4E84F4}.ExternalRelease|Any CPU.ActiveCfg = PNNLRelease|Any CPU
		{36381F3A-1CA7-4C8B-B99C-035B3C4E84F4}.ExternalRelease|Any CPU.Build.0 = PNNLRelease|Any CPU
		{36381F3A-1CA7-4C8B-B99C-035B3C4E84F4}.ExternalRelease|x86.ActiveCfg = PNNLRelease|Any CPU
		{36381F3A-1CA7-4C8B-B99C-035B3C4E84F4}.ExternalRelease|x86.Build.0 = PNNLRelease|Any CPU
		{36381F3A-1CA7-4C8B-B99C-035B3C4E84F4}.fluidicsrelease|Any CPU.ActiveCfg = PNNLRelease|Any CPU
		{36381F3A-1CA7-4C8B-B99C-035B3C4E84F4}.fluidicsrelease|Any CPU.Build.0 = PNNLRelease|Any CPU
		{36381F3A-1CA7-4C8B-B99C-035B3C4E84F4}.fluidicsrelease|x86.ActiveCfg = PNNLRelease|Any CPU
		{36381F3A-1CA7-4C8B-B99C-035B3C4E84F4}.fluidicsrelease|x86.Build.0 = PNNLRelease|Any CPU
		{36381F3A-1CA7-4C8B-B99C-035B3C4E84F4}.PNNLRelease|Any CPU.ActiveCfg = PNNLRelease|Any CPU
		{36381F3A-1CA7-4C8B-B99C-035B3C4E84F4}.PNNLRelease|Any CPU.Build.0 = PNNLRelease|Any CPU
		{36381F3A-1CA7-4C8B-B99C-035B3C4E84F4}.PNNLRelease|x86.ActiveCfg = PNNLRelease|Any CPU
		{36381F3A-1CA7-4C8B-B99C-035B3C4E84F4}.PNNLRelease|x86.Build.0 = PNNLRelease|Any CPU
		{36381F3A-1CA7-4C8B-B99C-035B3C4E84F4}.Release|Any CPU.ActiveCfg = PNNLRelease|Any CPU
		{36381F3A-1CA7-4C8B-B99C-035B3C4E84F4}.Release|Any CPU.Build.0 = PNNLRelease|Any CPU
		{36381F3A-1CA7-4C8B-B99C-035B3C4E84F4}.Release|x86.ActiveCfg = PNNLRelease|Any CPU
		{36381F3A-1CA7-4C8B-B99C-035B3C4E84F4}.Release|x86.Build.0 = PNNLRelease|Any CPU
		{B164F88D-3799-46B9-8926-20B40707B2E4}.Buzzard WPF|Any CPU.ActiveCfg = Release|Any CPU
		{B164F88D-3799-46B9-8926-20B40707B2E4}.Buzzard WPF|Any CPU.Build.0 = Release|Any CPU
		{B164F88D-3799-46B9-8926-20B40707B2E4}.Buzzard WPF|x86.ActiveCfg = PNNLRelease|Any CPU
		{B164F88D-3799-46B9-8926-20B40707B2E4}.Buzzard WPF|x86.Build.0 = PNNLRelease|Any CPU
		{B164F88D-3799-46B9-8926-20B40707B2E4}.Debug|Any CPU.ActiveCfg = Debug|Any CPU
		{B164F88D-3799-46B9-8926-20B40707B2E4}.Debug|Any CPU.Build.0 = Debug|Any CPU
		{B164F88D-3799-46B9-8926-20B40707B2E4}.Debug|x86.ActiveCfg = Debug|Any CPU
		{B164F88D-3799-46B9-8926-20B40707B2E4}.Debug|x86.Build.0 = Debug|Any CPU
		{B164F88D-3799-46B9-8926-20B40707B2E4}.ExternalRelease|Any CPU.ActiveCfg = PNNLRelease|Any CPU
		{B164F88D-3799-46B9-8926-20B40707B2E4}.ExternalRelease|Any CPU.Build.0 = PNNLRelease|Any CPU
		{B164F88D-3799-46B9-8926-20B40707B2E4}.ExternalRelease|x86.ActiveCfg = Release|Any CPU
		{B164F88D-3799-46B9-8926-20B40707B2E4}.ExternalRelease|x86.Build.0 = Release|Any CPU
		{B164F88D-3799-46B9-8926-20B40707B2E4}.fluidicsrelease|Any CPU.ActiveCfg = Release|Any CPU
		{B164F88D-3799-46B9-8926-20B40707B2E4}.fluidicsrelease|Any CPU.Build.0 = Release|Any CPU
		{B164F88D-3799-46B9-8926-20B40707B2E4}.fluidicsrelease|x86.ActiveCfg = PNNLRelease|Any CPU
		{B164F88D-3799-46B9-8926-20B40707B2E4}.fluidicsrelease|x86.Build.0 = PNNLRelease|Any CPU
		{B164F88D-3799-46B9-8926-20B40707B2E4}.PNNLRelease|Any CPU.ActiveCfg = PNNLRelease|Any CPU
		{B164F88D-3799-46B9-8926-20B40707B2E4}.PNNLRelease|Any CPU.Build.0 = PNNLRelease|Any CPU
		{B164F88D-3799-46B9-8926-20B40707B2E4}.PNNLRelease|x86.ActiveCfg = PNNLRelease|Any CPU
		{B164F88D-3799-46B9-8926-20B40707B2E4}.PNNLRelease|x86.Build.0 = PNNLRelease|Any CPU
		{B164F88D-3799-46B9-8926-20B40707B2E4}.Release|Any CPU.ActiveCfg = Release|Any CPU
		{B164F88D-3799-46B9-8926-20B40707B2E4}.Release|Any CPU.Build.0 = Release|Any CPU
		{B164F88D-3799-46B9-8926-20B40707B2E4}.Release|x86.ActiveCfg = Release|Any CPU
		{B164F88D-3799-46B9-8926-20B40707B2E4}.Release|x86.Build.0 = Release|Any CPU
		{81D6C70B-ADBB-448B-B1AF-D5E046DBBD92}.Buzzard WPF|Any CPU.ActiveCfg = Debug|Any CPU
		{81D6C70B-ADBB-448B-B1AF-D5E046DBBD92}.Buzzard WPF|Any CPU.Build.0 = Debug|Any CPU
		{81D6C70B-ADBB-448B-B1AF-D5E046DBBD92}.Buzzard WPF|x86.ActiveCfg = Debug|Any CPU
		{81D6C70B-ADBB-448B-B1AF-D5E046DBBD92}.Buzzard WPF|x86.Build.0 = Debug|Any CPU
		{81D6C70B-ADBB-448B-B1AF-D5E046DBBD92}.Debug|Any CPU.ActiveCfg = Debug|Any CPU
		{81D6C70B-ADBB-448B-B1AF-D5E046DBBD92}.Debug|Any CPU.Build.0 = Debug|Any CPU
		{81D6C70B-ADBB-448B-B1AF-D5E046DBBD92}.Debug|x86.ActiveCfg = Debug|Any CPU
		{81D6C70B-ADBB-448B-B1AF-D5E046DBBD92}.Debug|x86.Build.0 = Debug|Any CPU
		{81D6C70B-ADBB-448B-B1AF-D5E046DBBD92}.ExternalRelease|Any CPU.ActiveCfg = Debug|Any CPU
		{81D6C70B-ADBB-448B-B1AF-D5E046DBBD92}.ExternalRelease|Any CPU.Build.0 = Debug|Any CPU
		{81D6C70B-ADBB-448B-B1AF-D5E046DBBD92}.ExternalRelease|x86.ActiveCfg = Debug|Any CPU
		{81D6C70B-ADBB-448B-B1AF-D5E046DBBD92}.ExternalRelease|x86.Build.0 = Debug|Any CPU
		{81D6C70B-ADBB-448B-B1AF-D5E046DBBD92}.fluidicsrelease|Any CPU.ActiveCfg = Debug|Any CPU
		{81D6C70B-ADBB-448B-B1AF-D5E046DBBD92}.fluidicsrelease|Any CPU.Build.0 = Debug|Any CPU
		{81D6C70B-ADBB-448B-B1AF-D5E046DBBD92}.fluidicsrelease|x86.ActiveCfg = Debug|Any CPU
		{81D6C70B-ADBB-448B-B1AF-D5E046DBBD92}.fluidicsrelease|x86.Build.0 = Debug|Any CPU
		{81D6C70B-ADBB-448B-B1AF-D5E046DBBD92}.PNNLRelease|Any CPU.ActiveCfg = Debug|Any CPU
		{81D6C70B-ADBB-448B-B1AF-D5E046DBBD92}.PNNLRelease|Any CPU.Build.0 = Debug|Any CPU
		{81D6C70B-ADBB-448B-B1AF-D5E046DBBD92}.PNNLRelease|x86.ActiveCfg = Debug|Any CPU
		{81D6C70B-ADBB-448B-B1AF-D5E046DBBD92}.PNNLRelease|x86.Build.0 = Debug|Any CPU
		{81D6C70B-ADBB-448B-B1AF-D5E046DBBD92}.Release|Any CPU.ActiveCfg = Debug|Any CPU
		{81D6C70B-ADBB-448B-B1AF-D5E046DBBD92}.Release|Any CPU.Build.0 = Debug|Any CPU
		{81D6C70B-ADBB-448B-B1AF-D5E046DBBD92}.Release|x86.ActiveCfg = Debug|Any CPU
		{81D6C70B-ADBB-448B-B1AF-D5E046DBBD92}.Release|x86.Build.0 = Debug|Any CPU
		{D6DAC36B-61D0-406A-AB13-F34C9EDF0D65}.Buzzard WPF|Any CPU.ActiveCfg = PNNLRelease|Any CPU
		{D6DAC36B-61D0-406A-AB13-F34C9EDF0D65}.Buzzard WPF|Any CPU.Build.0 = PNNLRelease|Any CPU
		{D6DAC36B-61D0-406A-AB13-F34C9EDF0D65}.Buzzard WPF|x86.ActiveCfg = PNNLRelease|x86
		{D6DAC36B-61D0-406A-AB13-F34C9EDF0D65}.Buzzard WPF|x86.Build.0 = PNNLRelease|x86
		{D6DAC36B-61D0-406A-AB13-F34C9EDF0D65}.Debug|Any CPU.ActiveCfg = Debug|Any CPU
		{D6DAC36B-61D0-406A-AB13-F34C9EDF0D65}.Debug|Any CPU.Build.0 = Debug|Any CPU
		{D6DAC36B-61D0-406A-AB13-F34C9EDF0D65}.Debug|x86.ActiveCfg = Debug|x86
		{D6DAC36B-61D0-406A-AB13-F34C9EDF0D65}.Debug|x86.Build.0 = Debug|x86
		{D6DAC36B-61D0-406A-AB13-F34C9EDF0D65}.ExternalRelease|Any CPU.ActiveCfg = PNNLRelease|Any CPU
		{D6DAC36B-61D0-406A-AB13-F34C9EDF0D65}.ExternalRelease|Any CPU.Build.0 = PNNLRelease|Any CPU
		{D6DAC36B-61D0-406A-AB13-F34C9EDF0D65}.ExternalRelease|x86.ActiveCfg = PNNLRelease|x86
		{D6DAC36B-61D0-406A-AB13-F34C9EDF0D65}.ExternalRelease|x86.Build.0 = PNNLRelease|x86
		{D6DAC36B-61D0-406A-AB13-F34C9EDF0D65}.fluidicsrelease|Any CPU.ActiveCfg = PNNLRelease|Any CPU
		{D6DAC36B-61D0-406A-AB13-F34C9EDF0D65}.fluidicsrelease|Any CPU.Build.0 = PNNLRelease|Any CPU
		{D6DAC36B-61D0-406A-AB13-F34C9EDF0D65}.fluidicsrelease|x86.ActiveCfg = PNNLRelease|x86
		{D6DAC36B-61D0-406A-AB13-F34C9EDF0D65}.fluidicsrelease|x86.Build.0 = PNNLRelease|x86
		{D6DAC36B-61D0-406A-AB13-F34C9EDF0D65}.PNNLRelease|Any CPU.ActiveCfg = PNNLRelease|Any CPU
		{D6DAC36B-61D0-406A-AB13-F34C9EDF0D65}.PNNLRelease|Any CPU.Build.0 = PNNLRelease|Any CPU
		{D6DAC36B-61D0-406A-AB13-F34C9EDF0D65}.PNNLRelease|x86.ActiveCfg = PNNLRelease|x86
		{D6DAC36B-61D0-406A-AB13-F34C9EDF0D65}.PNNLRelease|x86.Build.0 = PNNLRelease|x86
		{D6DAC36B-61D0-406A-AB13-F34C9EDF0D65}.Release|Any CPU.ActiveCfg = PNNLRelease|Any CPU
		{D6DAC36B-61D0-406A-AB13-F34C9EDF0D65}.Release|Any CPU.Build.0 = PNNLRelease|Any CPU
		{D6DAC36B-61D0-406A-AB13-F34C9EDF0D65}.Release|x86.ActiveCfg = PNNLRelease|x86
		{D6DAC36B-61D0-406A-AB13-F34C9EDF0D65}.Release|x86.Build.0 = PNNLRelease|x86
		{6682884C-B3DB-49D3-8445-B2D681FAC9AF}.Buzzard WPF|Any CPU.ActiveCfg = Release|Any CPU
		{6682884C-B3DB-49D3-8445-B2D681FAC9AF}.Buzzard WPF|Any CPU.Build.0 = Release|Any CPU
		{6682884C-B3DB-49D3-8445-B2D681FAC9AF}.Buzzard WPF|x86.ActiveCfg = Release|Any CPU
		{6682884C-B3DB-49D3-8445-B2D681FAC9AF}.Buzzard WPF|x86.Build.0 = Release|Any CPU
		{6682884C-B3DB-49D3-8445-B2D681FAC9AF}.Debug|Any CPU.ActiveCfg = Debug|Any CPU
		{6682884C-B3DB-49D3-8445-B2D681FAC9AF}.Debug|Any CPU.Build.0 = Debug|Any CPU
		{6682884C-B3DB-49D3-8445-B2D681FAC9AF}.Debug|x86.ActiveCfg = Debug|Any CPU
		{6682884C-B3DB-49D3-8445-B2D681FAC9AF}.Debug|x86.Build.0 = Debug|Any CPU
		{6682884C-B3DB-49D3-8445-B2D681FAC9AF}.ExternalRelease|Any CPU.ActiveCfg = Release|Any CPU
		{6682884C-B3DB-49D3-8445-B2D681FAC9AF}.ExternalRelease|Any CPU.Build.0 = Release|Any CPU
		{6682884C-B3DB-49D3-8445-B2D681FAC9AF}.ExternalRelease|x86.ActiveCfg = Release|Any CPU
		{6682884C-B3DB-49D3-8445-B2D681FAC9AF}.ExternalRelease|x86.Build.0 = Release|Any CPU
		{6682884C-B3DB-49D3-8445-B2D681FAC9AF}.fluidicsrelease|Any CPU.ActiveCfg = Release|Any CPU
		{6682884C-B3DB-49D3-8445-B2D681FAC9AF}.fluidicsrelease|Any CPU.Build.0 = Release|Any CPU
		{6682884C-B3DB-49D3-8445-B2D681FAC9AF}.fluidicsrelease|x86.ActiveCfg = Release|Any CPU
		{6682884C-B3DB-49D3-8445-B2D681FAC9AF}.fluidicsrelease|x86.Build.0 = Release|Any CPU
		{6682884C-B3DB-49D3-8445-B2D681FAC9AF}.PNNLRelease|Any CPU.ActiveCfg = Release|Any CPU
		{6682884C-B3DB-49D3-8445-B2D681FAC9AF}.PNNLRelease|Any CPU.Build.0 = Release|Any CPU
		{6682884C-B3DB-49D3-8445-B2D681FAC9AF}.PNNLRelease|x86.ActiveCfg = Release|Any CPU
		{6682884C-B3DB-49D3-8445-B2D681FAC9AF}.PNNLRelease|x86.Build.0 = Release|Any CPU
		{6682884C-B3DB-49D3-8445-B2D681FAC9AF}.Release|Any CPU.ActiveCfg = Release|Any CPU
		{6682884C-B3DB-49D3-8445-B2D681FAC9AF}.Release|Any CPU.Build.0 = Release|Any CPU
		{6682884C-B3DB-49D3-8445-B2D681FAC9AF}.Release|x86.ActiveCfg = Release|Any CPU
		{6682884C-B3DB-49D3-8445-B2D681FAC9AF}.Release|x86.Build.0 = Release|Any CPU
		{A1833DD8-8445-45A5-ADAA-7F874886DCD3}.Buzzard WPF|Any CPU.ActiveCfg = PNNLRelease|Any CPU
		{A1833DD8-8445-45A5-ADAA-7F874886DCD3}.Buzzard WPF|Any CPU.Build.0 = PNNLRelease|Any CPU
		{A1833DD8-8445-45A5-ADAA-7F874886DCD3}.Buzzard WPF|x86.ActiveCfg = PNNLRelease|Any CPU
		{A1833DD8-8445-45A5-ADAA-7F874886DCD3}.Buzzard WPF|x86.Build.0 = PNNLRelease|Any CPU
		{A1833DD8-8445-45A5-ADAA-7F874886DCD3}.Debug|Any CPU.ActiveCfg = Debug|Any CPU
		{A1833DD8-8445-45A5-ADAA-7F874886DCD3}.Debug|Any CPU.Build.0 = Debug|Any CPU
		{A1833DD8-8445-45A5-ADAA-7F874886DCD3}.Debug|x86.ActiveCfg = Debug|Any CPU
		{A1833DD8-8445-45A5-ADAA-7F874886DCD3}.Debug|x86.Build.0 = Debug|Any CPU
		{A1833DD8-8445-45A5-ADAA-7F874886DCD3}.ExternalRelease|Any CPU.ActiveCfg = PNNLRelease|Any CPU
		{A1833DD8-8445-45A5-ADAA-7F874886DCD3}.ExternalRelease|Any CPU.Build.0 = PNNLRelease|Any CPU
		{A1833DD8-8445-45A5-ADAA-7F874886DCD3}.ExternalRelease|x86.ActiveCfg = PNNLRelease|Any CPU
		{A1833DD8-8445-45A5-ADAA-7F874886DCD3}.ExternalRelease|x86.Build.0 = PNNLRelease|Any CPU
		{A1833DD8-8445-45A5-ADAA-7F874886DCD3}.fluidicsrelease|Any CPU.ActiveCfg = PNNLRelease|Any CPU
		{A1833DD8-8445-45A5-ADAA-7F874886DCD3}.fluidicsrelease|Any CPU.Build.0 = PNNLRelease|Any CPU
		{A1833DD8-8445-45A5-ADAA-7F874886DCD3}.fluidicsrelease|x86.ActiveCfg = PNNLRelease|Any CPU
		{A1833DD8-8445-45A5-ADAA-7F874886DCD3}.fluidicsrelease|x86.Build.0 = PNNLRelease|Any CPU
		{A1833DD8-8445-45A5-ADAA-7F874886DCD3}.PNNLRelease|Any CPU.ActiveCfg = PNNLRelease|Any CPU
		{A1833DD8-8445-45A5-ADAA-7F874886DCD3}.PNNLRelease|Any CPU.Build.0 = PNNLRelease|Any CPU
		{A1833DD8-8445-45A5-ADAA-7F874886DCD3}.PNNLRelease|x86.ActiveCfg = PNNLRelease|Any CPU
		{A1833DD8-8445-45A5-ADAA-7F874886DCD3}.PNNLRelease|x86.Build.0 = PNNLRelease|Any CPU
		{A1833DD8-8445-45A5-ADAA-7F874886DCD3}.Release|Any CPU.ActiveCfg = PNNLRelease|Any CPU
		{A1833DD8-8445-45A5-ADAA-7F874886DCD3}.Release|Any CPU.Build.0 = PNNLRelease|Any CPU
		{A1833DD8-8445-45A5-ADAA-7F874886DCD3}.Release|x86.ActiveCfg = PNNLRelease|Any CPU
		{A1833DD8-8445-45A5-ADAA-7F874886DCD3}.Release|x86.Build.0 = PNNLRelease|Any CPU
		{96BA0FF2-5C3C-4A64-A494-452D45FE0B3B}.Buzzard WPF|Any CPU.ActiveCfg = PNNLRelease|x86
		{96BA0FF2-5C3C-4A64-A494-452D45FE0B3B}.Buzzard WPF|Any CPU.Build.0 = PNNLRelease|x86
		{96BA0FF2-5C3C-4A64-A494-452D45FE0B3B}.Buzzard WPF|x86.ActiveCfg = PNNLRelease|x86
		{96BA0FF2-5C3C-4A64-A494-452D45FE0B3B}.Buzzard WPF|x86.Build.0 = PNNLRelease|x86
		{96BA0FF2-5C3C-4A64-A494-452D45FE0B3B}.Debug|Any CPU.ActiveCfg = Debug|x86
		{96BA0FF2-5C3C-4A64-A494-452D45FE0B3B}.Debug|x86.ActiveCfg = Debug|x86
		{96BA0FF2-5C3C-4A64-A494-452D45FE0B3B}.Debug|x86.Build.0 = Debug|x86
		{96BA0FF2-5C3C-4A64-A494-452D45FE0B3B}.ExternalRelease|Any CPU.ActiveCfg = PNNLRelease|x86
		{96BA0FF2-5C3C-4A64-A494-452D45FE0B3B}.ExternalRelease|Any CPU.Build.0 = PNNLRelease|x86
		{96BA0FF2-5C3C-4A64-A494-452D45FE0B3B}.ExternalRelease|x86.ActiveCfg = PNNLRelease|x86
		{96BA0FF2-5C3C-4A64-A494-452D45FE0B3B}.ExternalRelease|x86.Build.0 = PNNLRelease|x86
		{96BA0FF2-5C3C-4A64-A494-452D45FE0B3B}.fluidicsrelease|Any CPU.ActiveCfg = PNNLRelease|x86
		{96BA0FF2-5C3C-4A64-A494-452D45FE0B3B}.fluidicsrelease|Any CPU.Build.0 = PNNLRelease|x86
		{96BA0FF2-5C3C-4A64-A494-452D45FE0B3B}.fluidicsrelease|x86.ActiveCfg = PNNLRelease|x86
		{96BA0FF2-5C3C-4A64-A494-452D45FE0B3B}.fluidicsrelease|x86.Build.0 = PNNLRelease|x86
		{96BA0FF2-5C3C-4A64-A494-452D45FE0B3B}.PNNLRelease|Any CPU.ActiveCfg = PNNLRelease|x86
		{96BA0FF2-5C3C-4A64-A494-452D45FE0B3B}.PNNLRelease|Any CPU.Build.0 = PNNLRelease|x86
		{96BA0FF2-5C3C-4A64-A494-452D45FE0B3B}.PNNLRelease|x86.ActiveCfg = PNNLRelease|x86
		{96BA0FF2-5C3C-4A64-A494-452D45FE0B3B}.PNNLRelease|x86.Build.0 = PNNLRelease|x86
		{96BA0FF2-5C3C-4A64-A494-452D45FE0B3B}.Release|Any CPU.ActiveCfg = PNNLRelease|x86
		{96BA0FF2-5C3C-4A64-A494-452D45FE0B3B}.Release|Any CPU.Build.0 = PNNLRelease|x86
		{96BA0FF2-5C3C-4A64-A494-452D45FE0B3B}.Release|x86.ActiveCfg = PNNLRelease|x86
		{96BA0FF2-5C3C-4A64-A494-452D45FE0B3B}.Release|x86.Build.0 = PNNLRelease|x86
		{4C87CD14-37F7-4E6F-AA7A-6398698C4AAC}.Buzzard WPF|Any CPU.ActiveCfg = Release|Any CPU
		{4C87CD14-37F7-4E6F-AA7A-6398698C4AAC}.Buzzard WPF|x86.ActiveCfg = Release|Any CPU
		{4C87CD14-37F7-4E6F-AA7A-6398698C4AAC}.Buzzard WPF|x86.Build.0 = Release|Any CPU
		{4C87CD14-37F7-4E6F-AA7A-6398698C4AAC}.Debug|Any CPU.ActiveCfg = Debug|Any CPU
		{4C87CD14-37F7-4E6F-AA7A-6398698C4AAC}.Debug|x86.ActiveCfg = Debug|Any CPU
		{4C87CD14-37F7-4E6F-AA7A-6398698C4AAC}.Debug|x86.Build.0 = Debug|Any CPU
		{4C87CD14-37F7-4E6F-AA7A-6398698C4AAC}.ExternalRelease|Any CPU.ActiveCfg = Release|Any CPU
		{4C87CD14-37F7-4E6F-AA7A-6398698C4AAC}.ExternalRelease|x86.ActiveCfg = Release|Any CPU
		{4C87CD14-37F7-4E6F-AA7A-6398698C4AAC}.ExternalRelease|x86.Build.0 = Release|Any CPU
		{4C87CD14-37F7-4E6F-AA7A-6398698C4AAC}.fluidicsrelease|Any CPU.ActiveCfg = Release|Any CPU
		{4C87CD14-37F7-4E6F-AA7A-6398698C4AAC}.fluidicsrelease|x86.ActiveCfg = Release|Any CPU
		{4C87CD14-37F7-4E6F-AA7A-6398698C4AAC}.fluidicsrelease|x86.Build.0 = Release|Any CPU
		{4C87CD14-37F7-4E6F-AA7A-6398698C4AAC}.PNNLRelease|Any CPU.ActiveCfg = Release|Any CPU
		{4C87CD14-37F7-4E6F-AA7A-6398698C4AAC}.PNNLRelease|Any CPU.Build.0 = Release|Any CPU
		{4C87CD14-37F7-4E6F-AA7A-6398698C4AAC}.PNNLRelease|x86.ActiveCfg = Release|Any CPU
		{4C87CD14-37F7-4E6F-AA7A-6398698C4AAC}.PNNLRelease|x86.Build.0 = Release|Any CPU
		{4C87CD14-37F7-4E6F-AA7A-6398698C4AAC}.Release|Any CPU.ActiveCfg = Release|Any CPU
		{4C87CD14-37F7-4E6F-AA7A-6398698C4AAC}.Release|x86.ActiveCfg = Release|Any CPU
		{4C87CD14-37F7-4E6F-AA7A-6398698C4AAC}.Release|x86.Build.0 = Release|Any CPU
		{4E97009E-F375-426B-8108-DEE8575C8D67}.Buzzard WPF|Any CPU.ActiveCfg = PNNLRelease|Any CPU
		{4E97009E-F375-426B-8108-DEE8575C8D67}.Buzzard WPF|Any CPU.Build.0 = PNNLRelease|Any CPU
		{4E97009E-F375-426B-8108-DEE8575C8D67}.Buzzard WPF|x86.ActiveCfg = PNNLRelease|Any CPU
		{4E97009E-F375-426B-8108-DEE8575C8D67}.Buzzard WPF|x86.Build.0 = PNNLRelease|Any CPU
		{4E97009E-F375-426B-8108-DEE8575C8D67}.Debug|Any CPU.ActiveCfg = Debug|Any CPU
		{4E97009E-F375-426B-8108-DEE8575C8D67}.Debug|Any CPU.Build.0 = Debug|Any CPU
		{4E97009E-F375-426B-8108-DEE8575C8D67}.Debug|x86.ActiveCfg = Debug|Any CPU
		{4E97009E-F375-426B-8108-DEE8575C8D67}.Debug|x86.Build.0 = Debug|Any CPU
		{4E97009E-F375-426B-8108-DEE8575C8D67}.ExternalRelease|Any CPU.ActiveCfg = PNNLRelease|Any CPU
		{4E97009E-F375-426B-8108-DEE8575C8D67}.ExternalRelease|Any CPU.Build.0 = PNNLRelease|Any CPU
		{4E97009E-F375-426B-8108-DEE8575C8D67}.ExternalRelease|x86.ActiveCfg = PNNLRelease|Any CPU
		{4E97009E-F375-426B-8108-DEE8575C8D67}.ExternalRelease|x86.Build.0 = PNNLRelease|Any CPU
		{4E97009E-F375-426B-8108-DEE8575C8D67}.fluidicsrelease|Any CPU.ActiveCfg = PNNLRelease|Any CPU
		{4E97009E-F375-426B-8108-DEE8575C8D67}.fluidicsrelease|Any CPU.Build.0 = PNNLRelease|Any CPU
		{4E97009E-F375-426B-8108-DEE8575C8D67}.fluidicsrelease|x86.ActiveCfg = PNNLRelease|Any CPU
		{4E97009E-F375-426B-8108-DEE8575C8D67}.fluidicsrelease|x86.Build.0 = PNNLRelease|Any CPU
		{4E97009E-F375-426B-8108-DEE8575C8D67}.PNNLRelease|Any CPU.ActiveCfg = PNNLRelease|Any CPU
		{4E97009E-F375-426B-8108-DEE8575C8D67}.PNNLRelease|Any CPU.Build.0 = PNNLRelease|Any CPU
		{4E97009E-F375-426B-8108-DEE8575C8D67}.PNNLRelease|x86.ActiveCfg = PNNLRelease|Any CPU
		{4E97009E-F375-426B-8108-DEE8575C8D67}.PNNLRelease|x86.Build.0 = PNNLRelease|Any CPU
		{4E97009E-F375-426B-8108-DEE8575C8D67}.Release|Any CPU.ActiveCfg = PNNLRelease|Any CPU
		{4E97009E-F375-426B-8108-DEE8575C8D67}.Release|Any CPU.Build.0 = PNNLRelease|Any CPU
		{4E97009E-F375-426B-8108-DEE8575C8D67}.Release|x86.ActiveCfg = PNNLRelease|Any CPU
		{4E97009E-F375-426B-8108-DEE8575C8D67}.Release|x86.Build.0 = PNNLRelease|Any CPU
		{90551821-B121-4C22-BA8D-116E1502D6CE}.Buzzard WPF|Any CPU.ActiveCfg = PNNLRelease|Any CPU
		{90551821-B121-4C22-BA8D-116E1502D6CE}.Buzzard WPF|Any CPU.Build.0 = PNNLRelease|Any CPU
		{90551821-B121-4C22-BA8D-116E1502D6CE}.Buzzard WPF|x86.ActiveCfg = PNNLRelease|Any CPU
		{90551821-B121-4C22-BA8D-116E1502D6CE}.Buzzard WPF|x86.Build.0 = PNNLRelease|Any CPU
		{90551821-B121-4C22-BA8D-116E1502D6CE}.Debug|Any CPU.ActiveCfg = Debug|Any CPU
		{90551821-B121-4C22-BA8D-116E1502D6CE}.Debug|Any CPU.Build.0 = Debug|Any CPU
		{90551821-B121-4C22-BA8D-116E1502D6CE}.Debug|x86.ActiveCfg = Debug|Any CPU
		{90551821-B121-4C22-BA8D-116E1502D6CE}.Debug|x86.Build.0 = Debug|Any CPU
		{90551821-B121-4C22-BA8D-116E1502D6CE}.ExternalRelease|Any CPU.ActiveCfg = PNNLRelease|Any CPU
		{90551821-B121-4C22-BA8D-116E1502D6CE}.ExternalRelease|Any CPU.Build.0 = PNNLRelease|Any CPU
		{90551821-B121-4C22-BA8D-116E1502D6CE}.ExternalRelease|x86.ActiveCfg = PNNLRelease|Any CPU
		{90551821-B121-4C22-BA8D-116E1502D6CE}.ExternalRelease|x86.Build.0 = PNNLRelease|Any CPU
		{90551821-B121-4C22-BA8D-116E1502D6CE}.fluidicsrelease|Any CPU.ActiveCfg = PNNLRelease|Any CPU
		{90551821-B121-4C22-BA8D-116E1502D6CE}.fluidicsrelease|Any CPU.Build.0 = PNNLRelease|Any CPU
		{90551821-B121-4C22-BA8D-116E1502D6CE}.fluidicsrelease|x86.ActiveCfg = PNNLRelease|Any CPU
		{90551821-B121-4C22-BA8D-116E1502D6CE}.fluidicsrelease|x86.Build.0 = PNNLRelease|Any CPU
		{90551821-B121-4C22-BA8D-116E1502D6CE}.PNNLRelease|Any CPU.ActiveCfg = PNNLRelease|Any CPU
		{90551821-B121-4C22-BA8D-116E1502D6CE}.PNNLRelease|Any CPU.Build.0 = PNNLRelease|Any CPU
		{90551821-B121-4C22-BA8D-116E1502D6CE}.PNNLRelease|x86.ActiveCfg = PNNLRelease|Any CPU
		{90551821-B121-4C22-BA8D-116E1502D6CE}.PNNLRelease|x86.Build.0 = PNNLRelease|Any CPU
		{90551821-B121-4C22-BA8D-116E1502D6CE}.Release|Any CPU.ActiveCfg = PNNLRelease|Any CPU
		{90551821-B121-4C22-BA8D-116E1502D6CE}.Release|Any CPU.Build.0 = PNNLRelease|Any CPU
		{90551821-B121-4C22-BA8D-116E1502D6CE}.Release|x86.ActiveCfg = PNNLRelease|Any CPU
		{90551821-B121-4C22-BA8D-116E1502D6CE}.Release|x86.Build.0 = PNNLRelease|Any CPU
		{1CE62A77-40A1-418D-B143-C7C6935BD17A}.Buzzard WPF|Any CPU.ActiveCfg = PNNLRelease|Any CPU
		{1CE62A77-40A1-418D-B143-C7C6935BD17A}.Buzzard WPF|Any CPU.Build.0 = PNNLRelease|Any CPU
		{1CE62A77-40A1-418D-B143-C7C6935BD17A}.Buzzard WPF|x86.ActiveCfg = PNNLRelease|Any CPU
		{1CE62A77-40A1-418D-B143-C7C6935BD17A}.Buzzard WPF|x86.Build.0 = PNNLRelease|Any CPU
		{1CE62A77-40A1-418D-B143-C7C6935BD17A}.Debug|Any CPU.ActiveCfg = Debug|Any CPU
		{1CE62A77-40A1-418D-B143-C7C6935BD17A}.Debug|x86.ActiveCfg = Debug|Any CPU
		{1CE62A77-40A1-418D-B143-C7C6935BD17A}.Debug|x86.Build.0 = Debug|Any CPU
		{1CE62A77-40A1-418D-B143-C7C6935BD17A}.ExternalRelease|Any CPU.ActiveCfg = PNNLRelease|Any CPU
		{1CE62A77-40A1-418D-B143-C7C6935BD17A}.ExternalRelease|Any CPU.Build.0 = PNNLRelease|Any CPU
		{1CE62A77-40A1-418D-B143-C7C6935BD17A}.ExternalRelease|x86.ActiveCfg = PNNLRelease|Any CPU
		{1CE62A77-40A1-418D-B143-C7C6935BD17A}.ExternalRelease|x86.Build.0 = PNNLRelease|Any CPU
		{1CE62A77-40A1-418D-B143-C7C6935BD17A}.fluidicsrelease|Any CPU.ActiveCfg = PNNLRelease|Any CPU
		{1CE62A77-40A1-418D-B143-C7C6935BD17A}.fluidicsrelease|Any CPU.Build.0 = PNNLRelease|Any CPU
		{1CE62A77-40A1-418D-B143-C7C6935BD17A}.fluidicsrelease|x86.ActiveCfg = PNNLRelease|Any CPU
		{1CE62A77-40A1-418D-B143-C7C6935BD17A}.fluidicsrelease|x86.Build.0 = PNNLRelease|Any CPU
		{1CE62A77-40A1-418D-B143-C7C6935BD17A}.PNNLRelease|Any CPU.ActiveCfg = PNNLRelease|Any CPU
		{1CE62A77-40A1-418D-B143-C7C6935BD17A}.PNNLRelease|Any CPU.Build.0 = PNNLRelease|Any CPU
		{1CE62A77-40A1-418D-B143-C7C6935BD17A}.PNNLRelease|x86.ActiveCfg = PNNLRelease|Any CPU
		{1CE62A77-40A1-418D-B143-C7C6935BD17A}.PNNLRelease|x86.Build.0 = PNNLRelease|Any CPU
		{1CE62A77-40A1-418D-B143-C7C6935BD17A}.Release|Any CPU.ActiveCfg = PNNLRelease|Any CPU
		{1CE62A77-40A1-418D-B143-C7C6935BD17A}.Release|Any CPU.Build.0 = PNNLRelease|Any CPU
		{1CE62A77-40A1-418D-B143-C7C6935BD17A}.Release|x86.ActiveCfg = PNNLRelease|Any CPU
		{1CE62A77-40A1-418D-B143-C7C6935BD17A}.Release|x86.Build.0 = PNNLRelease|Any CPU
		{ACB66D29-7329-405B-8D04-C24FF0DBAEED}.Buzzard WPF|Any CPU.ActiveCfg = PNNLRelease|Any CPU
		{ACB66D29-7329-405B-8D04-C24FF0DBAEED}.Buzzard WPF|Any CPU.Build.0 = PNNLRelease|Any CPU
		{ACB66D29-7329-405B-8D04-C24FF0DBAEED}.Buzzard WPF|x86.ActiveCfg = PNNLRelease|Any CPU
		{ACB66D29-7329-405B-8D04-C24FF0DBAEED}.Buzzard WPF|x86.Build.0 = PNNLRelease|Any CPU
		{ACB66D29-7329-405B-8D04-C24FF0DBAEED}.Debug|Any CPU.ActiveCfg = Debug|Any CPU
		{ACB66D29-7329-405B-8D04-C24FF0DBAEED}.Debug|x86.ActiveCfg = Debug|Any CPU
		{ACB66D29-7329-405B-8D04-C24FF0DBAEED}.Debug|x86.Build.0 = Debug|Any CPU
		{ACB66D29-7329-405B-8D04-C24FF0DBAEED}.ExternalRelease|Any CPU.ActiveCfg = PNNLRelease|Any CPU
		{ACB66D29-7329-405B-8D04-C24FF0DBAEED}.ExternalRelease|Any CPU.Build.0 = PNNLRelease|Any CPU
		{ACB66D29-7329-405B-8D04-C24FF0DBAEED}.ExternalRelease|x86.ActiveCfg = PNNLRelease|Any CPU
		{ACB66D29-7329-405B-8D04-C24FF0DBAEED}.ExternalRelease|x86.Build.0 = PNNLRelease|Any CPU
		{ACB66D29-7329-405B-8D04-C24FF0DBAEED}.fluidicsrelease|Any CPU.ActiveCfg = PNNLRelease|Any CPU
		{ACB66D29-7329-405B-8D04-C24FF0DBAEED}.fluidicsrelease|Any CPU.Build.0 = PNNLRelease|Any CPU
		{ACB66D29-7329-405B-8D04-C24FF0DBAEED}.fluidicsrelease|x86.ActiveCfg = PNNLRelease|Any CPU
		{ACB66D29-7329-405B-8D04-C24FF0DBAEED}.fluidicsrelease|x86.Build.0 = PNNLRelease|Any CPU
		{ACB66D29-7329-405B-8D04-C24FF0DBAEED}.PNNLRelease|Any CPU.ActiveCfg = PNNLRelease|Any CPU
		{ACB66D29-7329-405B-8D04-C24FF0DBAEED}.PNNLRelease|Any CPU.Build.0 = PNNLRelease|Any CPU
		{ACB66D29-7329-405B-8D04-C24FF0DBAEED}.PNNLRelease|x86.ActiveCfg = PNNLRelease|Any CPU
		{ACB66D29-7329-405B-8D04-C24FF0DBAEED}.PNNLRelease|x86.Build.0 = PNNLRelease|Any CPU
		{ACB66D29-7329-405B-8D04-C24FF0DBAEED}.Release|Any CPU.ActiveCfg = PNNLRelease|Any CPU
		{ACB66D29-7329-405B-8D04-C24FF0DBAEED}.Release|Any CPU.Build.0 = PNNLRelease|Any CPU
		{ACB66D29-7329-405B-8D04-C24FF0DBAEED}.Release|x86.ActiveCfg = PNNLRelease|Any CPU
		{ACB66D29-7329-405B-8D04-C24FF0DBAEED}.Release|x86.Build.0 = PNNLRelease|Any CPU
		{301C4DAC-24B7-4032-88BF-3BFB13B9DEFE}.Buzzard WPF|Any CPU.ActiveCfg = PNNLRelease|Any CPU
		{301C4DAC-24B7-4032-88BF-3BFB13B9DEFE}.Buzzard WPF|Any CPU.Build.0 = PNNLRelease|Any CPU
		{301C4DAC-24B7-4032-88BF-3BFB13B9DEFE}.Buzzard WPF|x86.ActiveCfg = PNNLRelease|Any CPU
		{301C4DAC-24B7-4032-88BF-3BFB13B9DEFE}.Buzzard WPF|x86.Build.0 = PNNLRelease|Any CPU
		{301C4DAC-24B7-4032-88BF-3BFB13B9DEFE}.Debug|Any CPU.ActiveCfg = Debug|Any CPU
		{301C4DAC-24B7-4032-88BF-3BFB13B9DEFE}.Debug|Any CPU.Build.0 = Debug|Any CPU
		{301C4DAC-24B7-4032-88BF-3BFB13B9DEFE}.Debug|x86.ActiveCfg = Debug|Any CPU
		{301C4DAC-24B7-4032-88BF-3BFB13B9DEFE}.Debug|x86.Build.0 = Debug|Any CPU
		{301C4DAC-24B7-4032-88BF-3BFB13B9DEFE}.ExternalRelease|Any CPU.ActiveCfg = PNNLRelease|Any CPU
		{301C4DAC-24B7-4032-88BF-3BFB13B9DEFE}.ExternalRelease|Any CPU.Build.0 = PNNLRelease|Any CPU
		{301C4DAC-24B7-4032-88BF-3BFB13B9DEFE}.ExternalRelease|x86.ActiveCfg = PNNLRelease|Any CPU
		{301C4DAC-24B7-4032-88BF-3BFB13B9DEFE}.ExternalRelease|x86.Build.0 = PNNLRelease|Any CPU
		{301C4DAC-24B7-4032-88BF-3BFB13B9DEFE}.fluidicsrelease|Any CPU.ActiveCfg = PNNLRelease|Any CPU
		{301C4DAC-24B7-4032-88BF-3BFB13B9DEFE}.fluidicsrelease|Any CPU.Build.0 = PNNLRelease|Any CPU
		{301C4DAC-24B7-4032-88BF-3BFB13B9DEFE}.fluidicsrelease|x86.ActiveCfg = PNNLRelease|Any CPU
		{301C4DAC-24B7-4032-88BF-3BFB13B9DEFE}.fluidicsrelease|x86.Build.0 = PNNLRelease|Any CPU
		{301C4DAC-24B7-4032-88BF-3BFB13B9DEFE}.PNNLRelease|Any CPU.ActiveCfg = PNNLRelease|Any CPU
		{301C4DAC-24B7-4032-88BF-3BFB13B9DEFE}.PNNLRelease|Any CPU.Build.0 = PNNLRelease|Any CPU
		{301C4DAC-24B7-4032-88BF-3BFB13B9DEFE}.PNNLRelease|x86.ActiveCfg = PNNLRelease|Any CPU
		{301C4DAC-24B7-4032-88BF-3BFB13B9DEFE}.PNNLRelease|x86.Build.0 = PNNLRelease|Any CPU
		{301C4DAC-24B7-4032-88BF-3BFB13B9DEFE}.Release|Any CPU.ActiveCfg = PNNLRelease|Any CPU
		{301C4DAC-24B7-4032-88BF-3BFB13B9DEFE}.Release|Any CPU.Build.0 = PNNLRelease|Any CPU
		{301C4DAC-24B7-4032-88BF-3BFB13B9DEFE}.Release|x86.ActiveCfg = PNNLRelease|Any CPU
		{301C4DAC-24B7-4032-88BF-3BFB13B9DEFE}.Release|x86.Build.0 = PNNLRelease|Any CPU
		{A68203D4-AF87-44F6-A2F6-9A34FE308789}.Buzzard WPF|Any CPU.ActiveCfg = PNNLRelease|x86
		{A68203D4-AF87-44F6-A2F6-9A34FE308789}.Buzzard WPF|Any CPU.Build.0 = PNNLRelease|x86
		{A68203D4-AF87-44F6-A2F6-9A34FE308789}.Buzzard WPF|x86.ActiveCfg = PNNLRelease|x86
		{A68203D4-AF87-44F6-A2F6-9A34FE308789}.Buzzard WPF|x86.Build.0 = PNNLRelease|x86
		{A68203D4-AF87-44F6-A2F6-9A34FE308789}.Debug|Any CPU.ActiveCfg = Debug|x86
		{A68203D4-AF87-44F6-A2F6-9A34FE308789}.Debug|x86.ActiveCfg = Debug|x86
		{A68203D4-AF87-44F6-A2F6-9A34FE308789}.Debug|x86.Build.0 = Debug|x86
		{A68203D4-AF87-44F6-A2F6-9A34FE308789}.ExternalRelease|Any CPU.ActiveCfg = PNNLRelease|x86
		{A68203D4-AF87-44F6-A2F6-9A34FE308789}.ExternalRelease|Any CPU.Build.0 = PNNLRelease|x86
		{A68203D4-AF87-44F6-A2F6-9A34FE308789}.ExternalRelease|x86.ActiveCfg = PNNLRelease|x86
		{A68203D4-AF87-44F6-A2F6-9A34FE308789}.ExternalRelease|x86.Build.0 = PNNLRelease|x86
		{A68203D4-AF87-44F6-A2F6-9A34FE308789}.fluidicsrelease|Any CPU.ActiveCfg = PNNLRelease|x86
		{A68203D4-AF87-44F6-A2F6-9A34FE308789}.fluidicsrelease|Any CPU.Build.0 = PNNLRelease|x86
		{A68203D4-AF87-44F6-A2F6-9A34FE308789}.fluidicsrelease|x86.ActiveCfg = PNNLRelease|x86
		{A68203D4-AF87-44F6-A2F6-9A34FE308789}.fluidicsrelease|x86.Build.0 = PNNLRelease|x86
		{A68203D4-AF87-44F6-A2F6-9A34FE308789}.PNNLRelease|Any CPU.ActiveCfg = PNNLRelease|x86
		{A68203D4-AF87-44F6-A2F6-9A34FE308789}.PNNLRelease|Any CPU.Build.0 = PNNLRelease|x86
		{A68203D4-AF87-44F6-A2F6-9A34FE308789}.PNNLRelease|x86.ActiveCfg = PNNLRelease|x86
		{A68203D4-AF87-44F6-A2F6-9A34FE308789}.PNNLRelease|x86.Build.0 = PNNLRelease|x86
		{A68203D4-AF87-44F6-A2F6-9A34FE308789}.Release|Any CPU.ActiveCfg = PNNLRelease|x86
		{A68203D4-AF87-44F6-A2F6-9A34FE308789}.Release|Any CPU.Build.0 = PNNLRelease|x86
		{A68203D4-AF87-44F6-A2F6-9A34FE308789}.Release|x86.ActiveCfg = PNNLRelease|x86
		{A68203D4-AF87-44F6-A2F6-9A34FE308789}.Release|x86.Build.0 = PNNLRelease|x86
		{16B43514-F328-4401-B5B6-D14F9FF51516}.Buzzard WPF|Any CPU.ActiveCfg = PNNLRelease|Any CPU
		{16B43514-F328-4401-B5B6-D14F9FF51516}.Buzzard WPF|Any CPU.Build.0 = PNNLRelease|Any CPU
		{16B43514-F328-4401-B5B6-D14F9FF51516}.Buzzard WPF|x86.ActiveCfg = PNNLRelease|Any CPU
		{16B43514-F328-4401-B5B6-D14F9FF51516}.Buzzard WPF|x86.Build.0 = PNNLRelease|Any CPU
		{16B43514-F328-4401-B5B6-D14F9FF51516}.Debug|Any CPU.ActiveCfg = Debug|Any CPU
		{16B43514-F328-4401-B5B6-D14F9FF51516}.Debug|x86.ActiveCfg = Debug|Any CPU
		{16B43514-F328-4401-B5B6-D14F9FF51516}.Debug|x86.Build.0 = Debug|Any CPU
		{16B43514-F328-4401-B5B6-D14F9FF51516}.ExternalRelease|Any CPU.ActiveCfg = PNNLRelease|Any CPU
		{16B43514-F328-4401-B5B6-D14F9FF51516}.ExternalRelease|Any CPU.Build.0 = PNNLRelease|Any CPU
		{16B43514-F328-4401-B5B6-D14F9FF51516}.ExternalRelease|x86.ActiveCfg = PNNLRelease|Any CPU
		{16B43514-F328-4401-B5B6-D14F9FF51516}.ExternalRelease|x86.Build.0 = PNNLRelease|Any CPU
		{16B43514-F328-4401-B5B6-D14F9FF51516}.fluidicsrelease|Any CPU.ActiveCfg = PNNLRelease|Any CPU
		{16B43514-F328-4401-B5B6-D14F9FF51516}.fluidicsrelease|Any CPU.Build.0 = PNNLRelease|Any CPU
		{16B43514-F328-4401-B5B6-D14F9FF51516}.fluidicsrelease|x86.ActiveCfg = PNNLRelease|Any CPU
		{16B43514-F328-4401-B5B6-D14F9FF51516}.fluidicsrelease|x86.Build.0 = PNNLRelease|Any CPU
		{16B43514-F328-4401-B5B6-D14F9FF51516}.PNNLRelease|Any CPU.ActiveCfg = PNNLRelease|Any CPU
		{16B43514-F328-4401-B5B6-D14F9FF51516}.PNNLRelease|Any CPU.Build.0 = PNNLRelease|Any CPU
		{16B43514-F328-4401-B5B6-D14F9FF51516}.PNNLRelease|x86.ActiveCfg = PNNLRelease|Any CPU
		{16B43514-F328-4401-B5B6-D14F9FF51516}.PNNLRelease|x86.Build.0 = PNNLRelease|Any CPU
		{16B43514-F328-4401-B5B6-D14F9FF51516}.Release|Any CPU.ActiveCfg = PNNLRelease|Any CPU
		{16B43514-F328-4401-B5B6-D14F9FF51516}.Release|Any CPU.Build.0 = PNNLRelease|Any CPU
		{16B43514-F328-4401-B5B6-D14F9FF51516}.Release|x86.ActiveCfg = PNNLRelease|Any CPU
		{16B43514-F328-4401-B5B6-D14F9FF51516}.Release|x86.Build.0 = PNNLRelease|Any CPU
		{A9ED704A-295B-4BAD-8B6A-9A07BEC1A315}.Buzzard WPF|Any CPU.ActiveCfg = PNNLRelease|Any CPU
		{A9ED704A-295B-4BAD-8B6A-9A07BEC1A315}.Buzzard WPF|Any CPU.Build.0 = PNNLRelease|Any CPU
		{A9ED704A-295B-4BAD-8B6A-9A07BEC1A315}.Buzzard WPF|x86.ActiveCfg = PNNLRelease|Any CPU
		{A9ED704A-295B-4BAD-8B6A-9A07BEC1A315}.Buzzard WPF|x86.Build.0 = PNNLRelease|Any CPU
		{A9ED704A-295B-4BAD-8B6A-9A07BEC1A315}.Debug|Any CPU.ActiveCfg = Debug|Any CPU
		{A9ED704A-295B-4BAD-8B6A-9A07BEC1A315}.Debug|x86.ActiveCfg = Debug|Any CPU
		{A9ED704A-295B-4BAD-8B6A-9A07BEC1A315}.Debug|x86.Build.0 = Debug|Any CPU
		{A9ED704A-295B-4BAD-8B6A-9A07BEC1A315}.ExternalRelease|Any CPU.ActiveCfg = PNNLRelease|Any CPU
		{A9ED704A-295B-4BAD-8B6A-9A07BEC1A315}.ExternalRelease|Any CPU.Build.0 = PNNLRelease|Any CPU
		{A9ED704A-295B-4BAD-8B6A-9A07BEC1A315}.ExternalRelease|x86.ActiveCfg = PNNLRelease|Any CPU
		{A9ED704A-295B-4BAD-8B6A-9A07BEC1A315}.ExternalRelease|x86.Build.0 = PNNLRelease|Any CPU
		{A9ED704A-295B-4BAD-8B6A-9A07BEC1A315}.fluidicsrelease|Any CPU.ActiveCfg = PNNLRelease|Any CPU
		{A9ED704A-295B-4BAD-8B6A-9A07BEC1A315}.fluidicsrelease|Any CPU.Build.0 = PNNLRelease|Any CPU
		{A9ED704A-295B-4BAD-8B6A-9A07BEC1A315}.fluidicsrelease|x86.ActiveCfg = PNNLRelease|Any CPU
		{A9ED704A-295B-4BAD-8B6A-9A07BEC1A315}.fluidicsrelease|x86.Build.0 = PNNLRelease|Any CPU
		{A9ED704A-295B-4BAD-8B6A-9A07BEC1A315}.PNNLRelease|Any CPU.ActiveCfg = PNNLRelease|Any CPU
		{A9ED704A-295B-4BAD-8B6A-9A07BEC1A315}.PNNLRelease|Any CPU.Build.0 = PNNLRelease|Any CPU
		{A9ED704A-295B-4BAD-8B6A-9A07BEC1A315}.PNNLRelease|x86.ActiveCfg = PNNLRelease|Any CPU
		{A9ED704A-295B-4BAD-8B6A-9A07BEC1A315}.PNNLRelease|x86.Build.0 = PNNLRelease|Any CPU
		{A9ED704A-295B-4BAD-8B6A-9A07BEC1A315}.Release|Any CPU.ActiveCfg = PNNLRelease|Any CPU
		{A9ED704A-295B-4BAD-8B6A-9A07BEC1A315}.Release|Any CPU.Build.0 = PNNLRelease|Any CPU
		{A9ED704A-295B-4BAD-8B6A-9A07BEC1A315}.Release|x86.ActiveCfg = PNNLRelease|Any CPU
		{A9ED704A-295B-4BAD-8B6A-9A07BEC1A315}.Release|x86.Build.0 = PNNLRelease|Any CPU
		{44F85A93-8010-44CE-8655-21DDAEC72AC1}.Buzzard WPF|Any CPU.ActiveCfg = PNNLRelease|Any CPU
		{44F85A93-8010-44CE-8655-21DDAEC72AC1}.Buzzard WPF|Any CPU.Build.0 = PNNLRelease|Any CPU
		{44F85A93-8010-44CE-8655-21DDAEC72AC1}.Buzzard WPF|x86.ActiveCfg = PNNLRelease|Any CPU
		{44F85A93-8010-44CE-8655-21DDAEC72AC1}.Buzzard WPF|x86.Build.0 = PNNLRelease|Any CPU
		{44F85A93-8010-44CE-8655-21DDAEC72AC1}.Debug|Any CPU.ActiveCfg = Debug|Any CPU
		{44F85A93-8010-44CE-8655-21DDAEC72AC1}.Debug|Any CPU.Build.0 = Debug|Any CPU
		{44F85A93-8010-44CE-8655-21DDAEC72AC1}.Debug|x86.ActiveCfg = Debug|Any CPU
		{44F85A93-8010-44CE-8655-21DDAEC72AC1}.Debug|x86.Build.0 = Debug|Any CPU
		{44F85A93-8010-44CE-8655-21DDAEC72AC1}.ExternalRelease|Any CPU.ActiveCfg = PNNLRelease|Any CPU
		{44F85A93-8010-44CE-8655-21DDAEC72AC1}.ExternalRelease|Any CPU.Build.0 = PNNLRelease|Any CPU
		{44F85A93-8010-44CE-8655-21DDAEC72AC1}.ExternalRelease|x86.ActiveCfg = PNNLRelease|Any CPU
		{44F85A93-8010-44CE-8655-21DDAEC72AC1}.ExternalRelease|x86.Build.0 = PNNLRelease|Any CPU
		{44F85A93-8010-44CE-8655-21DDAEC72AC1}.fluidicsrelease|Any CPU.ActiveCfg = PNNLRelease|Any CPU
		{44F85A93-8010-44CE-8655-21DDAEC72AC1}.fluidicsrelease|Any CPU.Build.0 = PNNLRelease|Any CPU
		{44F85A93-8010-44CE-8655-21DDAEC72AC1}.fluidicsrelease|x86.ActiveCfg = PNNLRelease|Any CPU
		{44F85A93-8010-44CE-8655-21DDAEC72AC1}.fluidicsrelease|x86.Build.0 = PNNLRelease|Any CPU
		{44F85A93-8010-44CE-8655-21DDAEC72AC1}.PNNLRelease|Any CPU.ActiveCfg = PNNLRelease|Any CPU
		{44F85A93-8010-44CE-8655-21DDAEC72AC1}.PNNLRelease|Any CPU.Build.0 = PNNLRelease|Any CPU
		{44F85A93-8010-44CE-8655-21DDAEC72AC1}.PNNLRelease|x86.ActiveCfg = PNNLRelease|Any CPU
		{44F85A93-8010-44CE-8655-21DDAEC72AC1}.PNNLRelease|x86.Build.0 = PNNLRelease|Any CPU
		{44F85A93-8010-44CE-8655-21DDAEC72AC1}.Release|Any CPU.ActiveCfg = PNNLRelease|Any CPU
		{44F85A93-8010-44CE-8655-21DDAEC72AC1}.Release|Any CPU.Build.0 = PNNLRelease|Any CPU
		{44F85A93-8010-44CE-8655-21DDAEC72AC1}.Release|x86.ActiveCfg = PNNLRelease|Any CPU
		{44F85A93-8010-44CE-8655-21DDAEC72AC1}.Release|x86.Build.0 = PNNLRelease|Any CPU
		{EDF39882-C0AF-424B-9096-6F1384A5FD71}.Buzzard WPF|Any CPU.ActiveCfg = PNNLRelease|Any CPU
		{EDF39882-C0AF-424B-9096-6F1384A5FD71}.Buzzard WPF|Any CPU.Build.0 = PNNLRelease|Any CPU
		{EDF39882-C0AF-424B-9096-6F1384A5FD71}.Buzzard WPF|x86.ActiveCfg = PNNLRelease|Any CPU
		{EDF39882-C0AF-424B-9096-6F1384A5FD71}.Buzzard WPF|x86.Build.0 = PNNLRelease|Any CPU
		{EDF39882-C0AF-424B-9096-6F1384A5FD71}.Debug|Any CPU.ActiveCfg = Debug|Any CPU
		{EDF39882-C0AF-424B-9096-6F1384A5FD71}.Debug|Any CPU.Build.0 = Debug|Any CPU
		{EDF39882-C0AF-424B-9096-6F1384A5FD71}.Debug|x86.ActiveCfg = Debug|Any CPU
		{EDF39882-C0AF-424B-9096-6F1384A5FD71}.Debug|x86.Build.0 = Debug|Any CPU
		{EDF39882-C0AF-424B-9096-6F1384A5FD71}.ExternalRelease|Any CPU.ActiveCfg = PNNLRelease|Any CPU
		{EDF39882-C0AF-424B-9096-6F1384A5FD71}.ExternalRelease|Any CPU.Build.0 = PNNLRelease|Any CPU
		{EDF39882-C0AF-424B-9096-6F1384A5FD71}.ExternalRelease|x86.ActiveCfg = PNNLRelease|Any CPU
		{EDF39882-C0AF-424B-9096-6F1384A5FD71}.ExternalRelease|x86.Build.0 = PNNLRelease|Any CPU
		{EDF39882-C0AF-424B-9096-6F1384A5FD71}.fluidicsrelease|Any CPU.ActiveCfg = PNNLRelease|Any CPU
		{EDF39882-C0AF-424B-9096-6F1384A5FD71}.fluidicsrelease|Any CPU.Build.0 = PNNLRelease|Any CPU
		{EDF39882-C0AF-424B-9096-6F1384A5FD71}.fluidicsrelease|x86.ActiveCfg = PNNLRelease|Any CPU
		{EDF39882-C0AF-424B-9096-6F1384A5FD71}.fluidicsrelease|x86.Build.0 = PNNLRelease|Any CPU
		{EDF39882-C0AF-424B-9096-6F1384A5FD71}.PNNLRelease|Any CPU.ActiveCfg = PNNLRelease|Any CPU
		{EDF39882-C0AF-424B-9096-6F1384A5FD71}.PNNLRelease|Any CPU.Build.0 = PNNLRelease|Any CPU
		{EDF39882-C0AF-424B-9096-6F1384A5FD71}.PNNLRelease|x86.ActiveCfg = PNNLRelease|Any CPU
		{EDF39882-C0AF-424B-9096-6F1384A5FD71}.PNNLRelease|x86.Build.0 = PNNLRelease|Any CPU
		{EDF39882-C0AF-424B-9096-6F1384A5FD71}.Release|Any CPU.ActiveCfg = PNNLRelease|Any CPU
		{EDF39882-C0AF-424B-9096-6F1384A5FD71}.Release|Any CPU.Build.0 = PNNLRelease|Any CPU
		{EDF39882-C0AF-424B-9096-6F1384A5FD71}.Release|x86.ActiveCfg = PNNLRelease|Any CPU
		{EDF39882-C0AF-424B-9096-6F1384A5FD71}.Release|x86.Build.0 = PNNLRelease|Any CPU
		{81761693-59ED-42AC-B879-5D1594EFA7B4}.Buzzard WPF|Any CPU.ActiveCfg = PNNLRelease|Any CPU
		{81761693-59ED-42AC-B879-5D1594EFA7B4}.Buzzard WPF|Any CPU.Build.0 = PNNLRelease|Any CPU
		{81761693-59ED-42AC-B879-5D1594EFA7B4}.Buzzard WPF|x86.ActiveCfg = PNNLRelease|Any CPU
		{81761693-59ED-42AC-B879-5D1594EFA7B4}.Buzzard WPF|x86.Build.0 = PNNLRelease|Any CPU
		{81761693-59ED-42AC-B879-5D1594EFA7B4}.Debug|Any CPU.ActiveCfg = Debug|Any CPU
		{81761693-59ED-42AC-B879-5D1594EFA7B4}.Debug|x86.ActiveCfg = Debug|Any CPU
		{81761693-59ED-42AC-B879-5D1594EFA7B4}.Debug|x86.Build.0 = Debug|Any CPU
		{81761693-59ED-42AC-B879-5D1594EFA7B4}.ExternalRelease|Any CPU.ActiveCfg = PNNLRelease|Any CPU
		{81761693-59ED-42AC-B879-5D1594EFA7B4}.ExternalRelease|Any CPU.Build.0 = PNNLRelease|Any CPU
		{81761693-59ED-42AC-B879-5D1594EFA7B4}.ExternalRelease|x86.ActiveCfg = PNNLRelease|Any CPU
		{81761693-59ED-42AC-B879-5D1594EFA7B4}.ExternalRelease|x86.Build.0 = PNNLRelease|Any CPU
		{81761693-59ED-42AC-B879-5D1594EFA7B4}.fluidicsrelease|Any CPU.ActiveCfg = PNNLRelease|Any CPU
		{81761693-59ED-42AC-B879-5D1594EFA7B4}.fluidicsrelease|Any CPU.Build.0 = PNNLRelease|Any CPU
		{81761693-59ED-42AC-B879-5D1594EFA7B4}.fluidicsrelease|x86.ActiveCfg = PNNLRelease|Any CPU
		{81761693-59ED-42AC-B879-5D1594EFA7B4}.fluidicsrelease|x86.Build.0 = PNNLRelease|Any CPU
		{81761693-59ED-42AC-B879-5D1594EFA7B4}.PNNLRelease|Any CPU.ActiveCfg = PNNLRelease|Any CPU
		{81761693-59ED-42AC-B879-5D1594EFA7B4}.PNNLRelease|Any CPU.Build.0 = PNNLRelease|Any CPU
		{81761693-59ED-42AC-B879-5D1594EFA7B4}.PNNLRelease|x86.ActiveCfg = PNNLRelease|Any CPU
		{81761693-59ED-42AC-B879-5D1594EFA7B4}.PNNLRelease|x86.Build.0 = PNNLRelease|Any CPU
		{81761693-59ED-42AC-B879-5D1594EFA7B4}.Release|Any CPU.ActiveCfg = PNNLRelease|Any CPU
		{81761693-59ED-42AC-B879-5D1594EFA7B4}.Release|Any CPU.Build.0 = PNNLRelease|Any CPU
		{81761693-59ED-42AC-B879-5D1594EFA7B4}.Release|x86.ActiveCfg = PNNLRelease|Any CPU
		{81761693-59ED-42AC-B879-5D1594EFA7B4}.Release|x86.Build.0 = PNNLRelease|Any CPU
		{27977D25-FA44-4809-9FC4-9F8B306E973F}.Buzzard WPF|Any CPU.ActiveCfg = PNNLRelease|Any CPU
		{27977D25-FA44-4809-9FC4-9F8B306E973F}.Buzzard WPF|Any CPU.Build.0 = PNNLRelease|Any CPU
		{27977D25-FA44-4809-9FC4-9F8B306E973F}.Buzzard WPF|x86.ActiveCfg = PNNLRelease|Any CPU
		{27977D25-FA44-4809-9FC4-9F8B306E973F}.Buzzard WPF|x86.Build.0 = PNNLRelease|Any CPU
		{27977D25-FA44-4809-9FC4-9F8B306E973F}.Debug|Any CPU.ActiveCfg = Debug|Any CPU
		{27977D25-FA44-4809-9FC4-9F8B306E973F}.Debug|x86.ActiveCfg = Debug|Any CPU
		{27977D25-FA44-4809-9FC4-9F8B306E973F}.Debug|x86.Build.0 = Debug|Any CPU
		{27977D25-FA44-4809-9FC4-9F8B306E973F}.ExternalRelease|Any CPU.ActiveCfg = PNNLRelease|Any CPU
		{27977D25-FA44-4809-9FC4-9F8B306E973F}.ExternalRelease|Any CPU.Build.0 = PNNLRelease|Any CPU
		{27977D25-FA44-4809-9FC4-9F8B306E973F}.ExternalRelease|x86.ActiveCfg = PNNLRelease|Any CPU
		{27977D25-FA44-4809-9FC4-9F8B306E973F}.ExternalRelease|x86.Build.0 = PNNLRelease|Any CPU
		{27977D25-FA44-4809-9FC4-9F8B306E973F}.fluidicsrelease|Any CPU.ActiveCfg = PNNLRelease|Any CPU
		{27977D25-FA44-4809-9FC4-9F8B306E973F}.fluidicsrelease|Any CPU.Build.0 = PNNLRelease|Any CPU
		{27977D25-FA44-4809-9FC4-9F8B306E973F}.fluidicsrelease|x86.ActiveCfg = PNNLRelease|Any CPU
		{27977D25-FA44-4809-9FC4-9F8B306E973F}.fluidicsrelease|x86.Build.0 = PNNLRelease|Any CPU
		{27977D25-FA44-4809-9FC4-9F8B306E973F}.PNNLRelease|Any CPU.ActiveCfg = PNNLRelease|Any CPU
		{27977D25-FA44-4809-9FC4-9F8B306E973F}.PNNLRelease|Any CPU.Build.0 = PNNLRelease|Any CPU
		{27977D25-FA44-4809-9FC4-9F8B306E973F}.PNNLRelease|x86.ActiveCfg = PNNLRelease|Any CPU
		{27977D25-FA44-4809-9FC4-9F8B306E973F}.PNNLRelease|x86.Build.0 = PNNLRelease|Any CPU
		{27977D25-FA44-4809-9FC4-9F8B306E973F}.Release|Any CPU.ActiveCfg = PNNLRelease|Any CPU
		{27977D25-FA44-4809-9FC4-9F8B306E973F}.Release|Any CPU.Build.0 = PNNLRelease|Any CPU
		{27977D25-FA44-4809-9FC4-9F8B306E973F}.Release|x86.ActiveCfg = PNNLRelease|Any CPU
		{27977D25-FA44-4809-9FC4-9F8B306E973F}.Release|x86.Build.0 = PNNLRelease|Any CPU
		{4F2EEDA1-5398-4009-B268-1A5996FB7B90}.Buzzard WPF|Any CPU.ActiveCfg = PNNLRelease|Any CPU
		{4F2EEDA1-5398-4009-B268-1A5996FB7B90}.Buzzard WPF|Any CPU.Build.0 = PNNLRelease|Any CPU
		{4F2EEDA1-5398-4009-B268-1A5996FB7B90}.Buzzard WPF|x86.ActiveCfg = PNNLRelease|Any CPU
		{4F2EEDA1-5398-4009-B268-1A5996FB7B90}.Buzzard WPF|x86.Build.0 = PNNLRelease|Any CPU
		{4F2EEDA1-5398-4009-B268-1A5996FB7B90}.Debug|Any CPU.ActiveCfg = Debug|Any CPU
		{4F2EEDA1-5398-4009-B268-1A5996FB7B90}.Debug|Any CPU.Build.0 = Debug|Any CPU
		{4F2EEDA1-5398-4009-B268-1A5996FB7B90}.Debug|x86.ActiveCfg = Debug|Any CPU
		{4F2EEDA1-5398-4009-B268-1A5996FB7B90}.Debug|x86.Build.0 = Debug|Any CPU
		{4F2EEDA1-5398-4009-B268-1A5996FB7B90}.ExternalRelease|Any CPU.ActiveCfg = PNNLRelease|Any CPU
		{4F2EEDA1-5398-4009-B268-1A5996FB7B90}.ExternalRelease|Any CPU.Build.0 = PNNLRelease|Any CPU
		{4F2EEDA1-5398-4009-B268-1A5996FB7B90}.ExternalRelease|x86.ActiveCfg = PNNLRelease|Any CPU
		{4F2EEDA1-5398-4009-B268-1A5996FB7B90}.ExternalRelease|x86.Build.0 = PNNLRelease|Any CPU
		{4F2EEDA1-5398-4009-B268-1A5996FB7B90}.fluidicsrelease|Any CPU.ActiveCfg = PNNLRelease|Any CPU
		{4F2EEDA1-5398-4009-B268-1A5996FB7B90}.fluidicsrelease|Any CPU.Build.0 = PNNLRelease|Any CPU
		{4F2EEDA1-5398-4009-B268-1A5996FB7B90}.fluidicsrelease|x86.ActiveCfg = PNNLRelease|Any CPU
		{4F2EEDA1-5398-4009-B268-1A5996FB7B90}.fluidicsrelease|x86.Build.0 = PNNLRelease|Any CPU
		{4F2EEDA1-5398-4009-B268-1A5996FB7B90}.PNNLRelease|Any CPU.ActiveCfg = PNNLRelease|Any CPU
		{4F2EEDA1-5398-4009-B268-1A5996FB7B90}.PNNLRelease|Any CPU.Build.0 = PNNLRelease|Any CPU
		{4F2EEDA1-5398-4009-B268-1A5996FB7B90}.PNNLRelease|x86.ActiveCfg = PNNLRelease|Any CPU
		{4F2EEDA1-5398-4009-B268-1A5996FB7B90}.PNNLRelease|x86.Build.0 = PNNLRelease|Any CPU
		{4F2EEDA1-5398-4009-B268-1A5996FB7B90}.Release|Any CPU.ActiveCfg = PNNLRelease|Any CPU
		{4F2EEDA1-5398-4009-B268-1A5996FB7B90}.Release|Any CPU.Build.0 = PNNLRelease|Any CPU
		{4F2EEDA1-5398-4009-B268-1A5996FB7B90}.Release|x86.ActiveCfg = PNNLRelease|Any CPU
		{4F2EEDA1-5398-4009-B268-1A5996FB7B90}.Release|x86.Build.0 = PNNLRelease|Any CPU
		{51F59458-D3D7-41D6-8E09-19A12AD54B7A}.Buzzard WPF|Any CPU.ActiveCfg = PNNLRelease|x86
		{51F59458-D3D7-41D6-8E09-19A12AD54B7A}.Buzzard WPF|Any CPU.Build.0 = PNNLRelease|x86
		{51F59458-D3D7-41D6-8E09-19A12AD54B7A}.Buzzard WPF|x86.ActiveCfg = PNNLRelease|x86
		{51F59458-D3D7-41D6-8E09-19A12AD54B7A}.Buzzard WPF|x86.Build.0 = PNNLRelease|x86
		{51F59458-D3D7-41D6-8E09-19A12AD54B7A}.Debug|Any CPU.ActiveCfg = Debug|x86
		{51F59458-D3D7-41D6-8E09-19A12AD54B7A}.Debug|Any CPU.Build.0 = Debug|x86
		{51F59458-D3D7-41D6-8E09-19A12AD54B7A}.Debug|x86.ActiveCfg = Debug|x86
		{51F59458-D3D7-41D6-8E09-19A12AD54B7A}.Debug|x86.Build.0 = Debug|x86
		{51F59458-D3D7-41D6-8E09-19A12AD54B7A}.ExternalRelease|Any CPU.ActiveCfg = PNNLRelease|x86
		{51F59458-D3D7-41D6-8E09-19A12AD54B7A}.ExternalRelease|Any CPU.Build.0 = PNNLRelease|x86
		{51F59458-D3D7-41D6-8E09-19A12AD54B7A}.ExternalRelease|x86.ActiveCfg = PNNLRelease|x86
		{51F59458-D3D7-41D6-8E09-19A12AD54B7A}.ExternalRelease|x86.Build.0 = PNNLRelease|x86
		{51F59458-D3D7-41D6-8E09-19A12AD54B7A}.fluidicsrelease|Any CPU.ActiveCfg = PNNLRelease|x86
		{51F59458-D3D7-41D6-8E09-19A12AD54B7A}.fluidicsrelease|Any CPU.Build.0 = PNNLRelease|x86
		{51F59458-D3D7-41D6-8E09-19A12AD54B7A}.fluidicsrelease|x86.ActiveCfg = PNNLRelease|x86
		{51F59458-D3D7-41D6-8E09-19A12AD54B7A}.fluidicsrelease|x86.Build.0 = PNNLRelease|x86
		{51F59458-D3D7-41D6-8E09-19A12AD54B7A}.PNNLRelease|Any CPU.ActiveCfg = PNNLRelease|x86
		{51F59458-D3D7-41D6-8E09-19A12AD54B7A}.PNNLRelease|Any CPU.Build.0 = PNNLRelease|x86
		{51F59458-D3D7-41D6-8E09-19A12AD54B7A}.PNNLRelease|x86.ActiveCfg = PNNLRelease|x86
		{51F59458-D3D7-41D6-8E09-19A12AD54B7A}.PNNLRelease|x86.Build.0 = PNNLRelease|x86
		{51F59458-D3D7-41D6-8E09-19A12AD54B7A}.Release|Any CPU.ActiveCfg = PNNLRelease|x86
		{51F59458-D3D7-41D6-8E09-19A12AD54B7A}.Release|Any CPU.Build.0 = PNNLRelease|x86
		{51F59458-D3D7-41D6-8E09-19A12AD54B7A}.Release|x86.ActiveCfg = PNNLRelease|x86
		{51F59458-D3D7-41D6-8E09-19A12AD54B7A}.Release|x86.Build.0 = PNNLRelease|x86
		{08F2C18B-27E7-4DD4-A47F-760E52C2D552}.Buzzard WPF|Any CPU.ActiveCfg = Debug|x86
		{08F2C18B-27E7-4DD4-A47F-760E52C2D552}.Buzzard WPF|Any CPU.Build.0 = Debug|x86
		{08F2C18B-27E7-4DD4-A47F-760E52C2D552}.Buzzard WPF|x86.ActiveCfg = Debug|x86
		{08F2C18B-27E7-4DD4-A47F-760E52C2D552}.Buzzard WPF|x86.Build.0 = Debug|x86
		{08F2C18B-27E7-4DD4-A47F-760E52C2D552}.Debug|Any CPU.ActiveCfg = Debug|x86
		{08F2C18B-27E7-4DD4-A47F-760E52C2D552}.Debug|Any CPU.Build.0 = Debug|x86
		{08F2C18B-27E7-4DD4-A47F-760E52C2D552}.Debug|x86.ActiveCfg = Debug|x86
		{08F2C18B-27E7-4DD4-A47F-760E52C2D552}.Debug|x86.Build.0 = Debug|x86
		{08F2C18B-27E7-4DD4-A47F-760E52C2D552}.ExternalRelease|Any CPU.ActiveCfg = Debug|x86
		{08F2C18B-27E7-4DD4-A47F-760E52C2D552}.ExternalRelease|Any CPU.Build.0 = Debug|x86
		{08F2C18B-27E7-4DD4-A47F-760E52C2D552}.ExternalRelease|x86.ActiveCfg = Debug|x86
		{08F2C18B-27E7-4DD4-A47F-760E52C2D552}.ExternalRelease|x86.Build.0 = Debug|x86
		{08F2C18B-27E7-4DD4-A47F-760E52C2D552}.fluidicsrelease|Any CPU.ActiveCfg = Debug|x86
		{08F2C18B-27E7-4DD4-A47F-760E52C2D552}.fluidicsrelease|Any CPU.Build.0 = Debug|x86
		{08F2C18B-27E7-4DD4-A47F-760E52C2D552}.fluidicsrelease|x86.ActiveCfg = Debug|x86
		{08F2C18B-27E7-4DD4-A47F-760E52C2D552}.fluidicsrelease|x86.Build.0 = Debug|x86
		{08F2C18B-27E7-4DD4-A47F-760E52C2D552}.PNNLRelease|Any CPU.ActiveCfg = Debug|x86
		{08F2C18B-27E7-4DD4-A47F-760E52C2D552}.PNNLRelease|Any CPU.Build.0 = Debug|x86
		{08F2C18B-27E7-4DD4-A47F-760E52C2D552}.PNNLRelease|x86.ActiveCfg = Debug|x86
		{08F2C18B-27E7-4DD4-A47F-760E52C2D552}.PNNLRelease|x86.Build.0 = Debug|x86
		{08F2C18B-27E7-4DD4-A47F-760E52C2D552}.Release|Any CPU.ActiveCfg = Debug|x86
		{08F2C18B-27E7-4DD4-A47F-760E52C2D552}.Release|Any CPU.Build.0 = Debug|x86
		{08F2C18B-27E7-4DD4-A47F-760E52C2D552}.Release|x86.ActiveCfg = Debug|x86
		{08F2C18B-27E7-4DD4-A47F-760E52C2D552}.Release|x86.Build.0 = Debug|x86
		{82DBCBCC-6FC8-4E62-98EB-46DA1DDA27F4}.Buzzard WPF|Any CPU.ActiveCfg = PNNLRelease|Any CPU
		{82DBCBCC-6FC8-4E62-98EB-46DA1DDA27F4}.Buzzard WPF|Any CPU.Build.0 = PNNLRelease|Any CPU
		{82DBCBCC-6FC8-4E62-98EB-46DA1DDA27F4}.Buzzard WPF|x86.ActiveCfg = PNNLRelease|Any CPU
		{82DBCBCC-6FC8-4E62-98EB-46DA1DDA27F4}.Buzzard WPF|x86.Build.0 = PNNLRelease|Any CPU
		{82DBCBCC-6FC8-4E62-98EB-46DA1DDA27F4}.Debug|Any CPU.ActiveCfg = Debug|Any CPU
		{82DBCBCC-6FC8-4E62-98EB-46DA1DDA27F4}.Debug|x86.ActiveCfg = Debug|Any CPU
		{82DBCBCC-6FC8-4E62-98EB-46DA1DDA27F4}.Debug|x86.Build.0 = Debug|Any CPU
		{82DBCBCC-6FC8-4E62-98EB-46DA1DDA27F4}.ExternalRelease|Any CPU.ActiveCfg = ExternalRelease|Any CPU
		{82DBCBCC-6FC8-4E62-98EB-46DA1DDA27F4}.ExternalRelease|x86.ActiveCfg = ExternalRelease|Any CPU
		{82DBCBCC-6FC8-4E62-98EB-46DA1DDA27F4}.ExternalRelease|x86.Build.0 = ExternalRelease|Any CPU
		{82DBCBCC-6FC8-4E62-98EB-46DA1DDA27F4}.fluidicsrelease|Any CPU.ActiveCfg = PNNLRelease|Any CPU
		{82DBCBCC-6FC8-4E62-98EB-46DA1DDA27F4}.fluidicsrelease|Any CPU.Build.0 = PNNLRelease|Any CPU
		{82DBCBCC-6FC8-4E62-98EB-46DA1DDA27F4}.fluidicsrelease|x86.ActiveCfg = PNNLRelease|Any CPU
		{82DBCBCC-6FC8-4E62-98EB-46DA1DDA27F4}.fluidicsrelease|x86.Build.0 = PNNLRelease|Any CPU
		{82DBCBCC-6FC8-4E62-98EB-46DA1DDA27F4}.PNNLRelease|Any CPU.ActiveCfg = PNNLRelease|Any CPU
		{82DBCBCC-6FC8-4E62-98EB-46DA1DDA27F4}.PNNLRelease|Any CPU.Build.0 = PNNLRelease|Any CPU
		{82DBCBCC-6FC8-4E62-98EB-46DA1DDA27F4}.PNNLRelease|x86.ActiveCfg = PNNLRelease|Any CPU
		{82DBCBCC-6FC8-4E62-98EB-46DA1DDA27F4}.PNNLRelease|x86.Build.0 = PNNLRelease|Any CPU
		{82DBCBCC-6FC8-4E62-98EB-46DA1DDA27F4}.Release|Any CPU.ActiveCfg = ExternalRelease|Any CPU
		{82DBCBCC-6FC8-4E62-98EB-46DA1DDA27F4}.Release|Any CPU.Build.0 = ExternalRelease|Any CPU
		{82DBCBCC-6FC8-4E62-98EB-46DA1DDA27F4}.Release|x86.ActiveCfg = ExternalRelease|Any CPU
		{82DBCBCC-6FC8-4E62-98EB-46DA1DDA27F4}.Release|x86.Build.0 = ExternalRelease|Any CPU
		{F3EB0B04-7562-4B7D-871C-579C2C8A2045}.Buzzard WPF|Any CPU.ActiveCfg = PNNLRelease|Any CPU
		{F3EB0B04-7562-4B7D-871C-579C2C8A2045}.Buzzard WPF|Any CPU.Build.0 = PNNLRelease|Any CPU
		{F3EB0B04-7562-4B7D-871C-579C2C8A2045}.Buzzard WPF|x86.ActiveCfg = Release|Any CPU
		{F3EB0B04-7562-4B7D-871C-579C2C8A2045}.Buzzard WPF|x86.Build.0 = Release|Any CPU
		{F3EB0B04-7562-4B7D-871C-579C2C8A2045}.Debug|Any CPU.ActiveCfg = Debug|Any CPU
		{F3EB0B04-7562-4B7D-871C-579C2C8A2045}.Debug|Any CPU.Build.0 = Debug|Any CPU
		{F3EB0B04-7562-4B7D-871C-579C2C8A2045}.Debug|x86.ActiveCfg = Debug|Any CPU
		{F3EB0B04-7562-4B7D-871C-579C2C8A2045}.Debug|x86.Build.0 = Debug|Any CPU
		{F3EB0B04-7562-4B7D-871C-579C2C8A2045}.ExternalRelease|Any CPU.ActiveCfg = Release|Any CPU
		{F3EB0B04-7562-4B7D-871C-579C2C8A2045}.ExternalRelease|Any CPU.Build.0 = Release|Any CPU
		{F3EB0B04-7562-4B7D-871C-579C2C8A2045}.ExternalRelease|x86.ActiveCfg = Release|Any CPU
		{F3EB0B04-7562-4B7D-871C-579C2C8A2045}.ExternalRelease|x86.Build.0 = Release|Any CPU
		{F3EB0B04-7562-4B7D-871C-579C2C8A2045}.fluidicsrelease|Any CPU.ActiveCfg = PNNLRelease|Any CPU
		{F3EB0B04-7562-4B7D-871C-579C2C8A2045}.fluidicsrelease|Any CPU.Build.0 = PNNLRelease|Any CPU
		{F3EB0B04-7562-4B7D-871C-579C2C8A2045}.fluidicsrelease|x86.ActiveCfg = Release|Any CPU
		{F3EB0B04-7562-4B7D-871C-579C2C8A2045}.fluidicsrelease|x86.Build.0 = Release|Any CPU
		{F3EB0B04-7562-4B7D-871C-579C2C8A2045}.PNNLRelease|Any CPU.ActiveCfg = PNNLRelease|Any CPU
		{F3EB0B04-7562-4B7D-871C-579C2C8A2045}.PNNLRelease|Any CPU.Build.0 = PNNLRelease|Any CPU
		{F3EB0B04-7562-4B7D-871C-579C2C8A2045}.PNNLRelease|x86.ActiveCfg = PNNLRelease|Any CPU
		{F3EB0B04-7562-4B7D-871C-579C2C8A2045}.PNNLRelease|x86.Build.0 = PNNLRelease|Any CPU
		{F3EB0B04-7562-4B7D-871C-579C2C8A2045}.Release|Any CPU.ActiveCfg = Release|Any CPU
		{F3EB0B04-7562-4B7D-871C-579C2C8A2045}.Release|Any CPU.Build.0 = Release|Any CPU
		{F3EB0B04-7562-4B7D-871C-579C2C8A2045}.Release|x86.ActiveCfg = Release|Any CPU
		{F3EB0B04-7562-4B7D-871C-579C2C8A2045}.Release|x86.Build.0 = Release|Any CPU
		{BEBD0826-4489-4E26-8456-240AF4C30E8A}.Buzzard WPF|Any CPU.ActiveCfg = PNNLRelease|Any CPU
		{BEBD0826-4489-4E26-8456-240AF4C30E8A}.Buzzard WPF|Any CPU.Build.0 = PNNLRelease|Any CPU
		{BEBD0826-4489-4E26-8456-240AF4C30E8A}.Buzzard WPF|x86.ActiveCfg = PNNLRelease|Any CPU
		{BEBD0826-4489-4E26-8456-240AF4C30E8A}.Buzzard WPF|x86.Build.0 = PNNLRelease|Any CPU
		{BEBD0826-4489-4E26-8456-240AF4C30E8A}.Debug|Any CPU.ActiveCfg = Debug|Any CPU
		{BEBD0826-4489-4E26-8456-240AF4C30E8A}.Debug|Any CPU.Build.0 = Debug|Any CPU
		{BEBD0826-4489-4E26-8456-240AF4C30E8A}.Debug|x86.ActiveCfg = Debug|Any CPU
		{BEBD0826-4489-4E26-8456-240AF4C30E8A}.Debug|x86.Build.0 = Debug|Any CPU
		{BEBD0826-4489-4E26-8456-240AF4C30E8A}.ExternalRelease|Any CPU.ActiveCfg = Release|Any CPU
		{BEBD0826-4489-4E26-8456-240AF4C30E8A}.ExternalRelease|Any CPU.Build.0 = Release|Any CPU
		{BEBD0826-4489-4E26-8456-240AF4C30E8A}.ExternalRelease|x86.ActiveCfg = Release|Any CPU
		{BEBD0826-4489-4E26-8456-240AF4C30E8A}.ExternalRelease|x86.Build.0 = Release|Any CPU
		{BEBD0826-4489-4E26-8456-240AF4C30E8A}.fluidicsrelease|Any CPU.ActiveCfg = PNNLRelease|Any CPU
		{BEBD0826-4489-4E26-8456-240AF4C30E8A}.fluidicsrelease|Any CPU.Build.0 = PNNLRelease|Any CPU
		{BEBD0826-4489-4E26-8456-240AF4C30E8A}.fluidicsrelease|x86.ActiveCfg = PNNLRelease|Any CPU
		{BEBD0826-4489-4E26-8456-240AF4C30E8A}.fluidicsrelease|x86.Build.0 = PNNLRelease|Any CPU
		{BEBD0826-4489-4E26-8456-240AF4C30E8A}.PNNLRelease|Any CPU.ActiveCfg = PNNLRelease|Any CPU
		{BEBD0826-4489-4E26-8456-240AF4C30E8A}.PNNLRelease|Any CPU.Build.0 = PNNLRelease|Any CPU
		{BEBD0826-4489-4E26-8456-240AF4C30E8A}.PNNLRelease|x86.ActiveCfg = PNNLRelease|Any CPU
		{BEBD0826-4489-4E26-8456-240AF4C30E8A}.PNNLRelease|x86.Build.0 = PNNLRelease|Any CPU
		{BEBD0826-4489-4E26-8456-240AF4C30E8A}.Release|Any CPU.ActiveCfg = Release|Any CPU
		{BEBD0826-4489-4E26-8456-240AF4C30E8A}.Release|Any CPU.Build.0 = Release|Any CPU
		{BEBD0826-4489-4E26-8456-240AF4C30E8A}.Release|x86.ActiveCfg = Release|Any CPU
		{BEBD0826-4489-4E26-8456-240AF4C30E8A}.Release|x86.Build.0 = Release|Any CPU
	EndGlobalSection
	GlobalSection(SolutionProperties) = preSolution
		HideSolutionNode = FALSE
	EndGlobalSection
	GlobalSection(NestedProjects) = preSolution
		{36D7F168-8910-4126-A2C8-F0C78398D64D} = {CCF1478E-6C1C-4470-8FA9-9282A3969582}
		{76F845F5-FDC2-45E5-BE2C-5EFC6FE60E79} = {CCF1478E-6C1C-4470-8FA9-9282A3969582}
		{DDCCB3F9-7B2B-43F2-B98F-40644BEA2A85} = {CCF1478E-6C1C-4470-8FA9-9282A3969582}
		{176AACC9-480E-4425-BA4B-40BB7B8A2E04} = {CCF1478E-6C1C-4470-8FA9-9282A3969582}
		{150D2DD0-F6AE-4E64-9499-B91B7A01D5AD} = {CCF1478E-6C1C-4470-8FA9-9282A3969582}
		{21CFC3A0-B761-46D2-9E41-E7D75E3AE1B9} = {D6317C97-85E3-400C-B374-3FAA2A3226D6}
		{3DE94267-3EEE-4B9D-887D-B97A6CD07698} = {D6317C97-85E3-400C-B374-3FAA2A3226D6}
		{6544BDEA-10AE-4867-AFC2-8113D7983D7D} = {CCF1478E-6C1C-4470-8FA9-9282A3969582}
		{6B4EA740-F750-43A6-A0EA-522A06B22331} = {CCF1478E-6C1C-4470-8FA9-9282A3969582}
		{36381F3A-1CA7-4C8B-B99C-035B3C4E84F4} = {CCF1478E-6C1C-4470-8FA9-9282A3969582}
		{B164F88D-3799-46B9-8926-20B40707B2E4} = {8B5563F3-2A35-4DAD-9575-7493F15E9A62}
		{81D6C70B-ADBB-448B-B1AF-D5E046DBBD92} = {8B5563F3-2A35-4DAD-9575-7493F15E9A62}
		{D6DAC36B-61D0-406A-AB13-F34C9EDF0D65} = {910C58F0-264B-417C-8192-6E857AAA85DE}
		{6682884C-B3DB-49D3-8445-B2D681FAC9AF} = {910C58F0-264B-417C-8192-6E857AAA85DE}
		{A1833DD8-8445-45A5-ADAA-7F874886DCD3} = {910C58F0-264B-417C-8192-6E857AAA85DE}
		{96BA0FF2-5C3C-4A64-A494-452D45FE0B3B} = {910C58F0-264B-417C-8192-6E857AAA85DE}
		{4C87CD14-37F7-4E6F-AA7A-6398698C4AAC} = {910C58F0-264B-417C-8192-6E857AAA85DE}
		{4E97009E-F375-426B-8108-DEE8575C8D67} = {910C58F0-264B-417C-8192-6E857AAA85DE}
		{90551821-B121-4C22-BA8D-116E1502D6CE} = {910C58F0-264B-417C-8192-6E857AAA85DE}
		{1CE62A77-40A1-418D-B143-C7C6935BD17A} = {910C58F0-264B-417C-8192-6E857AAA85DE}
		{ACB66D29-7329-405B-8D04-C24FF0DBAEED} = {910C58F0-264B-417C-8192-6E857AAA85DE}
		{301C4DAC-24B7-4032-88BF-3BFB13B9DEFE} = {910C58F0-264B-417C-8192-6E857AAA85DE}
		{A68203D4-AF87-44F6-A2F6-9A34FE308789} = {910C58F0-264B-417C-8192-6E857AAA85DE}
		{16B43514-F328-4401-B5B6-D14F9FF51516} = {910C58F0-264B-417C-8192-6E857AAA85DE}
		{A9ED704A-295B-4BAD-8B6A-9A07BEC1A315} = {910C58F0-264B-417C-8192-6E857AAA85DE}
		{44F85A93-8010-44CE-8655-21DDAEC72AC1} = {910C58F0-264B-417C-8192-6E857AAA85DE}
		{EDF39882-C0AF-424B-9096-6F1384A5FD71} = {910C58F0-264B-417C-8192-6E857AAA85DE}
		{81761693-59ED-42AC-B879-5D1594EFA7B4} = {B239796B-C651-4BFD-8AFD-C889FB71D59F}
		{27977D25-FA44-4809-9FC4-9F8B306E973F} = {B239796B-C651-4BFD-8AFD-C889FB71D59F}
		{4F2EEDA1-5398-4009-B268-1A5996FB7B90} = {910C58F0-264B-417C-8192-6E857AAA85DE}
		{51F59458-D3D7-41D6-8E09-19A12AD54B7A} = {07984DDF-DE3A-4AAB-8E48-A6F4ACC2C598}
		{08F2C18B-27E7-4DD4-A47F-760E52C2D552} = {84D0064E-F123-4B9D-8530-945A4833BCD3}
		{F3EB0B04-7562-4B7D-871C-579C2C8A2045} = {969BC8E6-2C58-47FD-BFAF-238753A540D8}
		{BEBD0826-4489-4E26-8456-240AF4C30E8A} = {969BC8E6-2C58-47FD-BFAF-238753A540D8}
	EndGlobalSection
	GlobalSection(ExtensibilityGlobals) = postSolution
		SolutionGuid = {882AF6ED-9FAB-4869-B2A0-899602387B59}
	EndGlobalSection
EndGlobal
