
Microsoft Visual Studio Solution File, Format Version 12.00
# Visual Studio 14
VisualStudioVersion = 14.0.25420.1
MinimumVisualStudioVersion = 10.0.40219.1
Project("{FAE04EC0-301F-11D3-BF4B-00C04F79EFBC}") = "FluidicsSimulator", "LcmsNet\SDK\FluidicsSimulator\FluidicsSimulator.csproj", "{36D7F168-8910-4126-A2C8-F0C78398D64D}"
EndProject
Project("{FAE04EC0-301F-11D3-BF4B-00C04F79EFBC}") = "PDFGen", "LcmsNet\SDK\PDFGen\PDFGen.csproj", "{76F845F5-FDC2-45E5-BE2C-5EFC6FE60E79}"
EndProject
Project("{FAE04EC0-301F-11D3-BF4B-00C04F79EFBC}") = "LcmsNetSDK", "LcmsNet\SDK\LcmsNetSDK\LcmsNetSDK.csproj", "{DDCCB3F9-7B2B-43F2-B98F-40644BEA2A85}"
EndProject
Project("{FAE04EC0-301F-11D3-BF4B-00C04F79EFBC}") = "FluidicsSDK", "LcmsNet\SDK\FluidicsSDK\FluidicsSDK.csproj", "{150D2DD0-F6AE-4E64-9499-B91B7A01D5AD}"
EndProject
Project("{2150E333-8FDC-42A3-9474-1A3956D46DE8}") = "Tests", "Tests", "{D6317C97-85E3-400C-B374-3FAA2A3226D6}"
EndProject
Project("{FAE04EC0-301F-11D3-BF4B-00C04F79EFBC}") = "LcmsNetSDKUnitTests", "LcmsNet\SDK\LcmsNetSDKUnitTests\LcmsNetSDKUnitTests.csproj", "{21CFC3A0-B761-46D2-9E41-E7D75E3AE1B9}"
	ProjectSection(ProjectDependencies) = postProject
		{DDCCB3F9-7B2B-43F2-B98F-40644BEA2A85} = {DDCCB3F9-7B2B-43F2-B98F-40644BEA2A85}
	EndProjectSection
EndProject
Project("{FAE04EC0-301F-11D3-BF4B-00C04F79EFBC}") = "FluidicsSDKUnitTests", "LcmsNet\SDK\FluidicsSDKUnitTests\FluidicsSDKUnitTests.csproj", "{3DE94267-3EEE-4B9D-887D-B97A6CD07698}"
EndProject
Project("{FAE04EC0-301F-11D3-BF4B-00C04F79EFBC}") = "FluidicsPack", "LcmsNet\SDK\FluidicsPack\FluidicsPack.csproj", "{6544BDEA-10AE-4867-AFC2-8113D7983D7D}"
	ProjectSection(ProjectDependencies) = postProject
		{150D2DD0-F6AE-4E64-9499-B91B7A01D5AD} = {150D2DD0-F6AE-4E64-9499-B91B7A01D5AD}
		{DDCCB3F9-7B2B-43F2-B98F-40644BEA2A85} = {DDCCB3F9-7B2B-43F2-B98F-40644BEA2A85}
	EndProjectSection
EndProject
Project("{FAE04EC0-301F-11D3-BF4B-00C04F79EFBC}") = "CoreSampleValidator", "LcmsNet\SDK\CoreSampleValidator\CoreSampleValidator.csproj", "{6B4EA740-F750-43A6-A0EA-522A06B22331}"
EndProject
Project("{FAE04EC0-301F-11D3-BF4B-00C04F79EFBC}") = "DemoPluginLibrary", "LcmsNet\SDK\Demo\DemoPluginLibrary.csproj", "{36381F3A-1CA7-4C8B-B99C-035B3C4E84F4}"
EndProject
Project("{FAE04EC0-301F-11D3-BF4B-00C04F79EFBC}") = "SQLiteTools", "LcmsNet\SQLiteTools\LcmsNetSQLiteTools\SQLiteTools.csproj", "{B164F88D-3799-46B9-8926-20B40707B2E4}"
EndProject
Project("{FAE04EC0-301F-11D3-BF4B-00C04F79EFBC}") = "LcmsNetSQLiteToolsUnitTests", "LcmsNet\SQLiteTools\LcmsNetSQLiteToolsUnitTests\LcmsNetSQLiteToolsUnitTests.csproj", "{81D6C70B-ADBB-448B-B1AF-D5E046DBBD92}"
EndProject
Project("{FAE04EC0-301F-11D3-BF4B-00C04F79EFBC}") = "Agilent", "lcmsnetPlugins\Agilent\Agilent.csproj", "{D6DAC36B-61D0-406A-AB13-F34C9EDF0D65}"
EndProject
Project("{FAE04EC0-301F-11D3-BF4B-00C04F79EFBC}") = "ASIpump", "lcmsnetPlugins\ASIpump\ASIpump.csproj", "{6682884C-B3DB-49D3-8445-B2D681FAC9AF}"
EndProject
Project("{2150E333-8FDC-42A3-9474-1A3956D46DE8}") = "Tests (2)", "Tests (2)", "{84D0064E-F123-4B9D-8530-945A4833BCD3}"
EndProject
Project("{2150E333-8FDC-42A3-9474-1A3956D46DE8}") = "Plugins", "Plugins", "{910C58F0-264B-417C-8192-6E857AAA85DE}"
EndProject
Project("{FAE04EC0-301F-11D3-BF4B-00C04F79EFBC}") = "Bruker", "lcmsnetPlugins\Bruker\Bruker.csproj", "{A1833DD8-8445-45A5-ADAA-7F874886DCD3}"
EndProject
Project("{FAE04EC0-301F-11D3-BF4B-00C04F79EFBC}") = "Eksigent", "lcmsnetPlugins\Eksigent\Eksigent.csproj", "{96BA0FF2-5C3C-4A64-A494-452D45FE0B3B}"
EndProject
Project("{FAE04EC0-301F-11D3-BF4B-00C04F79EFBC}") = "IDEX", "lcmsnetPlugins\IDEX\IDEX.csproj", "{4C87CD14-37F7-4E6F-AA7A-6398698C4AAC}"
EndProject
Project("{FAE04EC0-301F-11D3-BF4B-00C04F79EFBC}") = "LabJack", "lcmsnetPlugins\LabJack\LabJack.csproj", "{4E97009E-F375-426B-8108-DEE8575C8D67}"
EndProject
Project("{FAE04EC0-301F-11D3-BF4B-00C04F79EFBC}") = "LabJackU3", "lcmsnetPlugins\LabJackU3\LabJackU3.csproj", "{90551821-B121-4C22-BA8D-116E1502D6CE}"
EndProject
Project("{FAE04EC0-301F-11D3-BF4B-00C04F79EFBC}") = "LcmsNetDummyRandomizer", "lcmsnetPlugins\LcmsNetDummyRandomizer\LcmsNetDummyRandomizer.csproj", "{1CE62A77-40A1-418D-B143-C7C6935BD17A}"
EndProject
Project("{FAE04EC0-301F-11D3-BF4B-00C04F79EFBC}") = "LCMSNetSimpleRandomizer", "lcmsnetPlugins\LCMSNetSimpleRandomizer\LCMSNetSimpleRandomizer.csproj", "{ACB66D29-7329-405B-8D04-C24FF0DBAEED}"
EndProject
Project("{FAE04EC0-301F-11D3-BF4B-00C04F79EFBC}") = "Newport", "lcmsnetPlugins\NewportESP300\Newport.csproj", "{301C4DAC-24B7-4032-88BF-3BFB13B9DEFE}"
EndProject
Project("{FAE04EC0-301F-11D3-BF4B-00C04F79EFBC}") = "PALAutoSampler", "lcmsnetPlugins\PALAutoSampler\PALAutoSampler.csproj", "{A68203D4-AF87-44F6-A2F6-9A34FE308789}"
EndProject
Project("{FAE04EC0-301F-11D3-BF4B-00C04F79EFBC}") = "PNNLDevices", "lcmsnetPlugins\PNNLDevices\PNNLDevices.csproj", "{16B43514-F328-4401-B5B6-D14F9FF51516}"
EndProject
Project("{FAE04EC0-301F-11D3-BF4B-00C04F79EFBC}") = "FailureInjector", "lcmsnetPlugins\PNNLNotificationDriver\FailureInjector.csproj", "{A9ED704A-295B-4BAD-8B6A-9A07BEC1A315}"
EndProject
Project("{FAE04EC0-301F-11D3-BF4B-00C04F79EFBC}") = "Teledyne", "lcmsnetPlugins\Teledyne\Teledyne.csproj", "{44F85A93-8010-44CE-8655-21DDAEC72AC1}"
EndProject
Project("{FAE04EC0-301F-11D3-BF4B-00C04F79EFBC}") = "VICI", "lcmsnetPlugins\VICI\VICI.csproj", "{EDF39882-C0AF-424B-9096-6F1384A5FD71}"
EndProject
Project("{FAE04EC0-301F-11D3-BF4B-00C04F79EFBC}") = "LabJackU3TestApp", "lcmsnetPlugins\LabJackU3TestApp\LabJackU3TestApp.csproj", "{81761693-59ED-42AC-B879-5D1594EFA7B4}"
EndProject
Project("{FAE04EC0-301F-11D3-BF4B-00C04F79EFBC}") = "NewportTestApp", "lcmsnetPlugins\NewportTestApp\NewportTestApp.csproj", "{27977D25-FA44-4809-9FC4-9F8B306E973F}"
EndProject
Project("{FAE04EC0-301F-11D3-BF4B-00C04F79EFBC}") = "PalValidator", "lcmsnetPlugins\PalValidator\PalValidator.csproj", "{4F2EEDA1-5398-4009-B268-1A5996FB7B90}"
EndProject
Project("{2150E333-8FDC-42A3-9474-1A3956D46DE8}") = "Applications", "Applications", "{07984DDF-DE3A-4AAB-8E48-A6F4ACC2C598}"
EndProject
Project("{FAE04EC0-301F-11D3-BF4B-00C04F79EFBC}") = "LCMSNetProg", "LcmsNet\lcms\LCMSnet\LCMSNetProg\LCMSNetProg.csproj", "{51F59458-D3D7-41D6-8E09-19A12AD54B7A}"
EndProject
Project("{2150E333-8FDC-42A3-9474-1A3956D46DE8}") = "Tests (3)", "Tests (3)", "{B239796B-C651-4BFD-8AFD-C889FB71D59F}"
EndProject
Project("{FAE04EC0-301F-11D3-BF4B-00C04F79EFBC}") = "LcmsnetUnitTest", "LcmsNet\lcms\LCMSnet\LcmsnetUnitTest\LcmsnetUnitTest.csproj", "{08F2C18B-27E7-4DD4-A47F-760E52C2D552}"
EndProject
Project("{2150E333-8FDC-42A3-9474-1A3956D46DE8}") = "DemoFiles", "DemoFiles", "{E21C9EE4-EDD6-46EE-9463-216933A81959}"
EndProject
Project("{FAE04EC0-301F-11D3-BF4B-00C04F79EFBC}") = "LogViewer", "ExternalApplications\LogViewer\LogViewer.csproj", "{82DBCBCC-6FC8-4E62-98EB-46DA1DDA27F4}"
EndProject
Project("{FAE04EC0-301F-11D3-BF4B-00C04F79EFBC}") = "LcmsNetDmsTools", "LcmsNetDmsTools\LcmsNetDmsTools\LcmsNetDmsTools.csproj", "{F3EB0B04-7562-4B7D-871C-579C2C8A2045}"
EndProject
Project("{FAE04EC0-301F-11D3-BF4B-00C04F79EFBC}") = "TestTool", "LcmsNetDmsTools\TestTool\TestTool.csproj", "{BEBD0826-4489-4E26-8456-240AF4C30E8A}"
EndProject
Global
	GlobalSection(SolutionConfigurationPlatforms) = preSolution
		Debug|Any CPU = Debug|Any CPU
		Debug|x86 = Debug|x86
		ExternalRelease|Any CPU = ExternalRelease|Any CPU
		ExternalRelease|x86 = ExternalRelease|x86
		ExternalReleaseInstall|Any CPU = ExternalReleaseInstall|Any CPU
		ExternalReleaseInstall|x86 = ExternalReleaseInstall|x86
		PNNLRelease|Any CPU = PNNLRelease|Any CPU
		PNNLRelease|x86 = PNNLRelease|x86
		PNNLReleaseInstall|Any CPU = PNNLReleaseInstall|Any CPU
		PNNLReleaseInstall|x86 = PNNLReleaseInstall|x86
		Release|Any CPU = Release|Any CPU
		Release|x86 = Release|x86
	EndGlobalSection
	GlobalSection(ProjectConfigurationPlatforms) = postSolution
		{36D7F168-8910-4126-A2C8-F0C78398D64D}.Debug|Any CPU.ActiveCfg = Debug|Any CPU
		{36D7F168-8910-4126-A2C8-F0C78398D64D}.Debug|Any CPU.Build.0 = Debug|Any CPU
		{36D7F168-8910-4126-A2C8-F0C78398D64D}.Debug|x86.ActiveCfg = Debug|x86
		{36D7F168-8910-4126-A2C8-F0C78398D64D}.Debug|x86.Build.0 = Debug|x86
		{36D7F168-8910-4126-A2C8-F0C78398D64D}.ExternalRelease|Any CPU.ActiveCfg = PNNLRelease|Any CPU
		{36D7F168-8910-4126-A2C8-F0C78398D64D}.ExternalRelease|Any CPU.Build.0 = PNNLRelease|Any CPU
		{36D7F168-8910-4126-A2C8-F0C78398D64D}.ExternalRelease|x86.ActiveCfg = PNNLRelease|x86
		{36D7F168-8910-4126-A2C8-F0C78398D64D}.ExternalRelease|x86.Build.0 = PNNLRelease|x86
		{36D7F168-8910-4126-A2C8-F0C78398D64D}.ExternalReleaseInstall|Any CPU.ActiveCfg = PNNLRelease|Any CPU
		{36D7F168-8910-4126-A2C8-F0C78398D64D}.ExternalReleaseInstall|Any CPU.Build.0 = PNNLRelease|Any CPU
		{36D7F168-8910-4126-A2C8-F0C78398D64D}.ExternalReleaseInstall|x86.ActiveCfg = PNNLRelease|x86
		{36D7F168-8910-4126-A2C8-F0C78398D64D}.ExternalReleaseInstall|x86.Build.0 = PNNLRelease|x86
		{36D7F168-8910-4126-A2C8-F0C78398D64D}.PNNLRelease|Any CPU.ActiveCfg = PNNLRelease|Any CPU
		{36D7F168-8910-4126-A2C8-F0C78398D64D}.PNNLRelease|Any CPU.Build.0 = PNNLRelease|Any CPU
		{36D7F168-8910-4126-A2C8-F0C78398D64D}.PNNLRelease|x86.ActiveCfg = PNNLRelease|x86
		{36D7F168-8910-4126-A2C8-F0C78398D64D}.PNNLRelease|x86.Build.0 = PNNLRelease|x86
		{36D7F168-8910-4126-A2C8-F0C78398D64D}.PNNLReleaseInstall|Any CPU.ActiveCfg = PNNLRelease|Any CPU
		{36D7F168-8910-4126-A2C8-F0C78398D64D}.PNNLReleaseInstall|Any CPU.Build.0 = PNNLRelease|Any CPU
		{36D7F168-8910-4126-A2C8-F0C78398D64D}.PNNLReleaseInstall|x86.ActiveCfg = PNNLRelease|x86
		{36D7F168-8910-4126-A2C8-F0C78398D64D}.PNNLReleaseInstall|x86.Build.0 = PNNLRelease|x86
		{36D7F168-8910-4126-A2C8-F0C78398D64D}.Release|Any CPU.ActiveCfg = PNNLRelease|Any CPU
		{36D7F168-8910-4126-A2C8-F0C78398D64D}.Release|Any CPU.Build.0 = PNNLRelease|Any CPU
		{36D7F168-8910-4126-A2C8-F0C78398D64D}.Release|x86.ActiveCfg = PNNLRelease|x86
		{36D7F168-8910-4126-A2C8-F0C78398D64D}.Release|x86.Build.0 = PNNLRelease|x86
		{76F845F5-FDC2-45E5-BE2C-5EFC6FE60E79}.Debug|Any CPU.ActiveCfg = Debug|Any CPU
		{76F845F5-FDC2-45E5-BE2C-5EFC6FE60E79}.Debug|Any CPU.Build.0 = Debug|Any CPU
		{76F845F5-FDC2-45E5-BE2C-5EFC6FE60E79}.Debug|x86.ActiveCfg = Debug|x86
		{76F845F5-FDC2-45E5-BE2C-5EFC6FE60E79}.Debug|x86.Build.0 = Debug|x86
		{76F845F5-FDC2-45E5-BE2C-5EFC6FE60E79}.ExternalRelease|Any CPU.ActiveCfg = PNNLRelease|Any CPU
		{76F845F5-FDC2-45E5-BE2C-5EFC6FE60E79}.ExternalRelease|Any CPU.Build.0 = PNNLRelease|Any CPU
		{76F845F5-FDC2-45E5-BE2C-5EFC6FE60E79}.ExternalRelease|x86.ActiveCfg = PNNLRelease|x86
		{76F845F5-FDC2-45E5-BE2C-5EFC6FE60E79}.ExternalRelease|x86.Build.0 = PNNLRelease|x86
		{76F845F5-FDC2-45E5-BE2C-5EFC6FE60E79}.ExternalReleaseInstall|Any CPU.ActiveCfg = PNNLRelease|Any CPU
		{76F845F5-FDC2-45E5-BE2C-5EFC6FE60E79}.ExternalReleaseInstall|Any CPU.Build.0 = PNNLRelease|Any CPU
		{76F845F5-FDC2-45E5-BE2C-5EFC6FE60E79}.ExternalReleaseInstall|x86.ActiveCfg = PNNLRelease|x86
		{76F845F5-FDC2-45E5-BE2C-5EFC6FE60E79}.ExternalReleaseInstall|x86.Build.0 = PNNLRelease|x86
		{76F845F5-FDC2-45E5-BE2C-5EFC6FE60E79}.PNNLRelease|Any CPU.ActiveCfg = PNNLRelease|Any CPU
		{76F845F5-FDC2-45E5-BE2C-5EFC6FE60E79}.PNNLRelease|Any CPU.Build.0 = PNNLRelease|Any CPU
		{76F845F5-FDC2-45E5-BE2C-5EFC6FE60E79}.PNNLRelease|x86.ActiveCfg = PNNLRelease|x86
		{76F845F5-FDC2-45E5-BE2C-5EFC6FE60E79}.PNNLRelease|x86.Build.0 = PNNLRelease|x86
		{76F845F5-FDC2-45E5-BE2C-5EFC6FE60E79}.PNNLReleaseInstall|Any CPU.ActiveCfg = PNNLRelease|Any CPU
		{76F845F5-FDC2-45E5-BE2C-5EFC6FE60E79}.PNNLReleaseInstall|Any CPU.Build.0 = PNNLRelease|Any CPU
		{76F845F5-FDC2-45E5-BE2C-5EFC6FE60E79}.PNNLReleaseInstall|x86.ActiveCfg = PNNLRelease|x86
		{76F845F5-FDC2-45E5-BE2C-5EFC6FE60E79}.PNNLReleaseInstall|x86.Build.0 = PNNLRelease|x86
		{76F845F5-FDC2-45E5-BE2C-5EFC6FE60E79}.Release|Any CPU.ActiveCfg = PNNLRelease|Any CPU
		{76F845F5-FDC2-45E5-BE2C-5EFC6FE60E79}.Release|Any CPU.Build.0 = PNNLRelease|Any CPU
		{76F845F5-FDC2-45E5-BE2C-5EFC6FE60E79}.Release|x86.ActiveCfg = PNNLRelease|x86
		{76F845F5-FDC2-45E5-BE2C-5EFC6FE60E79}.Release|x86.Build.0 = PNNLRelease|x86
		{DDCCB3F9-7B2B-43F2-B98F-40644BEA2A85}.Debug|Any CPU.ActiveCfg = Debug|x86
		{DDCCB3F9-7B2B-43F2-B98F-40644BEA2A85}.Debug|x86.ActiveCfg = Debug|x86
		{DDCCB3F9-7B2B-43F2-B98F-40644BEA2A85}.Debug|x86.Build.0 = Debug|x86
		{DDCCB3F9-7B2B-43F2-B98F-40644BEA2A85}.ExternalRelease|Any CPU.ActiveCfg = PNNLRelease|x86
		{DDCCB3F9-7B2B-43F2-B98F-40644BEA2A85}.ExternalRelease|Any CPU.Build.0 = PNNLRelease|x86
		{DDCCB3F9-7B2B-43F2-B98F-40644BEA2A85}.ExternalRelease|x86.ActiveCfg = PNNLRelease|x86
		{DDCCB3F9-7B2B-43F2-B98F-40644BEA2A85}.ExternalRelease|x86.Build.0 = PNNLRelease|x86
		{DDCCB3F9-7B2B-43F2-B98F-40644BEA2A85}.ExternalReleaseInstall|Any CPU.ActiveCfg = PNNLRelease|x86
		{DDCCB3F9-7B2B-43F2-B98F-40644BEA2A85}.ExternalReleaseInstall|Any CPU.Build.0 = PNNLRelease|x86
		{DDCCB3F9-7B2B-43F2-B98F-40644BEA2A85}.ExternalReleaseInstall|x86.ActiveCfg = PNNLRelease|x86
		{DDCCB3F9-7B2B-43F2-B98F-40644BEA2A85}.ExternalReleaseInstall|x86.Build.0 = PNNLRelease|x86
		{DDCCB3F9-7B2B-43F2-B98F-40644BEA2A85}.PNNLRelease|Any CPU.ActiveCfg = PNNLRelease|x86
		{DDCCB3F9-7B2B-43F2-B98F-40644BEA2A85}.PNNLRelease|Any CPU.Build.0 = PNNLRelease|x86
		{DDCCB3F9-7B2B-43F2-B98F-40644BEA2A85}.PNNLRelease|x86.ActiveCfg = PNNLRelease|x86
		{DDCCB3F9-7B2B-43F2-B98F-40644BEA2A85}.PNNLRelease|x86.Build.0 = PNNLRelease|x86
		{DDCCB3F9-7B2B-43F2-B98F-40644BEA2A85}.PNNLReleaseInstall|Any CPU.ActiveCfg = PNNLRelease|x86
		{DDCCB3F9-7B2B-43F2-B98F-40644BEA2A85}.PNNLReleaseInstall|Any CPU.Build.0 = PNNLRelease|x86
		{DDCCB3F9-7B2B-43F2-B98F-40644BEA2A85}.PNNLReleaseInstall|x86.ActiveCfg = PNNLRelease|x86
		{DDCCB3F9-7B2B-43F2-B98F-40644BEA2A85}.PNNLReleaseInstall|x86.Build.0 = PNNLRelease|x86
		{DDCCB3F9-7B2B-43F2-B98F-40644BEA2A85}.Release|Any CPU.ActiveCfg = PNNLRelease|x86
		{DDCCB3F9-7B2B-43F2-B98F-40644BEA2A85}.Release|Any CPU.Build.0 = PNNLRelease|x86
		{DDCCB3F9-7B2B-43F2-B98F-40644BEA2A85}.Release|x86.ActiveCfg = PNNLRelease|x86
		{DDCCB3F9-7B2B-43F2-B98F-40644BEA2A85}.Release|x86.Build.0 = PNNLRelease|x86
		{150D2DD0-F6AE-4E64-9499-B91B7A01D5AD}.Debug|Any CPU.ActiveCfg = Debug|Any CPU
		{150D2DD0-F6AE-4E64-9499-B91B7A01D5AD}.Debug|Any CPU.Build.0 = Debug|Any CPU
		{150D2DD0-F6AE-4E64-9499-B91B7A01D5AD}.Debug|x86.ActiveCfg = Debug|x86
		{150D2DD0-F6AE-4E64-9499-B91B7A01D5AD}.Debug|x86.Build.0 = Debug|x86
		{150D2DD0-F6AE-4E64-9499-B91B7A01D5AD}.ExternalRelease|Any CPU.ActiveCfg = PNNLRelease|Any CPU
		{150D2DD0-F6AE-4E64-9499-B91B7A01D5AD}.ExternalRelease|Any CPU.Build.0 = PNNLRelease|Any CPU
		{150D2DD0-F6AE-4E64-9499-B91B7A01D5AD}.ExternalRelease|x86.ActiveCfg = PNNLRelease|x86
		{150D2DD0-F6AE-4E64-9499-B91B7A01D5AD}.ExternalRelease|x86.Build.0 = PNNLRelease|x86
		{150D2DD0-F6AE-4E64-9499-B91B7A01D5AD}.ExternalReleaseInstall|Any CPU.ActiveCfg = PNNLRelease|Any CPU
		{150D2DD0-F6AE-4E64-9499-B91B7A01D5AD}.ExternalReleaseInstall|Any CPU.Build.0 = PNNLRelease|Any CPU
		{150D2DD0-F6AE-4E64-9499-B91B7A01D5AD}.ExternalReleaseInstall|x86.ActiveCfg = PNNLRelease|x86
		{150D2DD0-F6AE-4E64-9499-B91B7A01D5AD}.ExternalReleaseInstall|x86.Build.0 = PNNLRelease|x86
		{150D2DD0-F6AE-4E64-9499-B91B7A01D5AD}.PNNLRelease|Any CPU.ActiveCfg = PNNLRelease|Any CPU
		{150D2DD0-F6AE-4E64-9499-B91B7A01D5AD}.PNNLRelease|Any CPU.Build.0 = PNNLRelease|Any CPU
		{150D2DD0-F6AE-4E64-9499-B91B7A01D5AD}.PNNLRelease|x86.ActiveCfg = PNNLRelease|x86
		{150D2DD0-F6AE-4E64-9499-B91B7A01D5AD}.PNNLRelease|x86.Build.0 = PNNLRelease|x86
		{150D2DD0-F6AE-4E64-9499-B91B7A01D5AD}.PNNLReleaseInstall|Any CPU.ActiveCfg = PNNLRelease|Any CPU
		{150D2DD0-F6AE-4E64-9499-B91B7A01D5AD}.PNNLReleaseInstall|Any CPU.Build.0 = PNNLRelease|Any CPU
		{150D2DD0-F6AE-4E64-9499-B91B7A01D5AD}.PNNLReleaseInstall|x86.ActiveCfg = PNNLRelease|x86
		{150D2DD0-F6AE-4E64-9499-B91B7A01D5AD}.PNNLReleaseInstall|x86.Build.0 = PNNLRelease|x86
		{150D2DD0-F6AE-4E64-9499-B91B7A01D5AD}.Release|Any CPU.ActiveCfg = PNNLRelease|Any CPU
		{150D2DD0-F6AE-4E64-9499-B91B7A01D5AD}.Release|Any CPU.Build.0 = PNNLRelease|Any CPU
		{150D2DD0-F6AE-4E64-9499-B91B7A01D5AD}.Release|x86.ActiveCfg = PNNLRelease|x86
		{150D2DD0-F6AE-4E64-9499-B91B7A01D5AD}.Release|x86.Build.0 = PNNLRelease|x86
		{21CFC3A0-B761-46D2-9E41-E7D75E3AE1B9}.Debug|Any CPU.ActiveCfg = Debug|x86
		{21CFC3A0-B761-46D2-9E41-E7D75E3AE1B9}.Debug|Any CPU.Build.0 = Debug|x86
		{21CFC3A0-B761-46D2-9E41-E7D75E3AE1B9}.Debug|x86.ActiveCfg = Debug|x86
		{21CFC3A0-B761-46D2-9E41-E7D75E3AE1B9}.Debug|x86.Build.0 = Debug|x86
		{21CFC3A0-B761-46D2-9E41-E7D75E3AE1B9}.ExternalRelease|Any CPU.ActiveCfg = Release|Any CPU
		{21CFC3A0-B761-46D2-9E41-E7D75E3AE1B9}.ExternalRelease|Any CPU.Build.0 = Release|Any CPU
		{21CFC3A0-B761-46D2-9E41-E7D75E3AE1B9}.ExternalRelease|x86.ActiveCfg = Release|x86
		{21CFC3A0-B761-46D2-9E41-E7D75E3AE1B9}.ExternalRelease|x86.Build.0 = Release|x86
		{21CFC3A0-B761-46D2-9E41-E7D75E3AE1B9}.ExternalReleaseInstall|Any CPU.ActiveCfg = Release|Any CPU
		{21CFC3A0-B761-46D2-9E41-E7D75E3AE1B9}.ExternalReleaseInstall|Any CPU.Build.0 = Release|Any CPU
		{21CFC3A0-B761-46D2-9E41-E7D75E3AE1B9}.ExternalReleaseInstall|x86.ActiveCfg = Release|x86
		{21CFC3A0-B761-46D2-9E41-E7D75E3AE1B9}.ExternalReleaseInstall|x86.Build.0 = Release|x86
		{21CFC3A0-B761-46D2-9E41-E7D75E3AE1B9}.PNNLRelease|Any CPU.ActiveCfg = Debug|Any CPU
		{21CFC3A0-B761-46D2-9E41-E7D75E3AE1B9}.PNNLRelease|Any CPU.Build.0 = Debug|Any CPU
		{21CFC3A0-B761-46D2-9E41-E7D75E3AE1B9}.PNNLRelease|x86.ActiveCfg = Release|x86
		{21CFC3A0-B761-46D2-9E41-E7D75E3AE1B9}.PNNLRelease|x86.Build.0 = Release|x86
		{21CFC3A0-B761-46D2-9E41-E7D75E3AE1B9}.PNNLReleaseInstall|Any CPU.ActiveCfg = Release|Any CPU
		{21CFC3A0-B761-46D2-9E41-E7D75E3AE1B9}.PNNLReleaseInstall|Any CPU.Build.0 = Release|Any CPU
		{21CFC3A0-B761-46D2-9E41-E7D75E3AE1B9}.PNNLReleaseInstall|x86.ActiveCfg = Release|x86
		{21CFC3A0-B761-46D2-9E41-E7D75E3AE1B9}.PNNLReleaseInstall|x86.Build.0 = Release|x86
		{21CFC3A0-B761-46D2-9E41-E7D75E3AE1B9}.Release|Any CPU.ActiveCfg = Release|Any CPU
		{21CFC3A0-B761-46D2-9E41-E7D75E3AE1B9}.Release|Any CPU.Build.0 = Release|Any CPU
		{21CFC3A0-B761-46D2-9E41-E7D75E3AE1B9}.Release|x86.ActiveCfg = Release|x86
		{21CFC3A0-B761-46D2-9E41-E7D75E3AE1B9}.Release|x86.Build.0 = Release|x86
		{3DE94267-3EEE-4B9D-887D-B97A6CD07698}.Debug|Any CPU.ActiveCfg = Debug|Any CPU
		{3DE94267-3EEE-4B9D-887D-B97A6CD07698}.Debug|Any CPU.Build.0 = Debug|Any CPU
		{3DE94267-3EEE-4B9D-887D-B97A6CD07698}.Debug|x86.ActiveCfg = Debug|x86
		{3DE94267-3EEE-4B9D-887D-B97A6CD07698}.Debug|x86.Build.0 = Debug|x86
		{3DE94267-3EEE-4B9D-887D-B97A6CD07698}.ExternalRelease|Any CPU.ActiveCfg = PNNLRelease|Any CPU
		{3DE94267-3EEE-4B9D-887D-B97A6CD07698}.ExternalRelease|Any CPU.Build.0 = PNNLRelease|Any CPU
		{3DE94267-3EEE-4B9D-887D-B97A6CD07698}.ExternalRelease|x86.ActiveCfg = PNNLRelease|x86
		{3DE94267-3EEE-4B9D-887D-B97A6CD07698}.ExternalRelease|x86.Build.0 = PNNLRelease|x86
		{3DE94267-3EEE-4B9D-887D-B97A6CD07698}.ExternalReleaseInstall|Any CPU.ActiveCfg = PNNLRelease|Any CPU
		{3DE94267-3EEE-4B9D-887D-B97A6CD07698}.ExternalReleaseInstall|Any CPU.Build.0 = PNNLRelease|Any CPU
		{3DE94267-3EEE-4B9D-887D-B97A6CD07698}.ExternalReleaseInstall|x86.ActiveCfg = PNNLRelease|x86
		{3DE94267-3EEE-4B9D-887D-B97A6CD07698}.ExternalReleaseInstall|x86.Build.0 = PNNLRelease|x86
		{3DE94267-3EEE-4B9D-887D-B97A6CD07698}.PNNLRelease|Any CPU.ActiveCfg = PNNLRelease|Any CPU
		{3DE94267-3EEE-4B9D-887D-B97A6CD07698}.PNNLRelease|Any CPU.Build.0 = PNNLRelease|Any CPU
		{3DE94267-3EEE-4B9D-887D-B97A6CD07698}.PNNLRelease|x86.ActiveCfg = PNNLRelease|x86
		{3DE94267-3EEE-4B9D-887D-B97A6CD07698}.PNNLRelease|x86.Build.0 = PNNLRelease|x86
		{3DE94267-3EEE-4B9D-887D-B97A6CD07698}.PNNLReleaseInstall|Any CPU.ActiveCfg = PNNLRelease|Any CPU
		{3DE94267-3EEE-4B9D-887D-B97A6CD07698}.PNNLReleaseInstall|Any CPU.Build.0 = PNNLRelease|Any CPU
		{3DE94267-3EEE-4B9D-887D-B97A6CD07698}.PNNLReleaseInstall|x86.ActiveCfg = PNNLRelease|x86
		{3DE94267-3EEE-4B9D-887D-B97A6CD07698}.PNNLReleaseInstall|x86.Build.0 = PNNLRelease|x86
		{3DE94267-3EEE-4B9D-887D-B97A6CD07698}.Release|Any CPU.ActiveCfg = PNNLRelease|Any CPU
		{3DE94267-3EEE-4B9D-887D-B97A6CD07698}.Release|Any CPU.Build.0 = PNNLRelease|Any CPU
		{3DE94267-3EEE-4B9D-887D-B97A6CD07698}.Release|x86.ActiveCfg = PNNLRelease|x86
		{3DE94267-3EEE-4B9D-887D-B97A6CD07698}.Release|x86.Build.0 = PNNLRelease|x86
		{6544BDEA-10AE-4867-AFC2-8113D7983D7D}.Debug|Any CPU.ActiveCfg = Debug|Any CPU
		{6544BDEA-10AE-4867-AFC2-8113D7983D7D}.Debug|Any CPU.Build.0 = Debug|Any CPU
		{6544BDEA-10AE-4867-AFC2-8113D7983D7D}.Debug|x86.ActiveCfg = Debug|x86
		{6544BDEA-10AE-4867-AFC2-8113D7983D7D}.Debug|x86.Build.0 = Debug|x86
		{6544BDEA-10AE-4867-AFC2-8113D7983D7D}.ExternalRelease|Any CPU.ActiveCfg = PNNLRelease|Any CPU
		{6544BDEA-10AE-4867-AFC2-8113D7983D7D}.ExternalRelease|Any CPU.Build.0 = PNNLRelease|Any CPU
		{6544BDEA-10AE-4867-AFC2-8113D7983D7D}.ExternalRelease|x86.ActiveCfg = PNNLRelease|x86
		{6544BDEA-10AE-4867-AFC2-8113D7983D7D}.ExternalRelease|x86.Build.0 = PNNLRelease|x86
		{6544BDEA-10AE-4867-AFC2-8113D7983D7D}.ExternalReleaseInstall|Any CPU.ActiveCfg = PNNLRelease|Any CPU
		{6544BDEA-10AE-4867-AFC2-8113D7983D7D}.ExternalReleaseInstall|Any CPU.Build.0 = PNNLRelease|Any CPU
		{6544BDEA-10AE-4867-AFC2-8113D7983D7D}.ExternalReleaseInstall|x86.ActiveCfg = PNNLRelease|x86
		{6544BDEA-10AE-4867-AFC2-8113D7983D7D}.ExternalReleaseInstall|x86.Build.0 = PNNLRelease|x86
		{6544BDEA-10AE-4867-AFC2-8113D7983D7D}.PNNLRelease|Any CPU.ActiveCfg = PNNLRelease|Any CPU
		{6544BDEA-10AE-4867-AFC2-8113D7983D7D}.PNNLRelease|Any CPU.Build.0 = PNNLRelease|Any CPU
		{6544BDEA-10AE-4867-AFC2-8113D7983D7D}.PNNLRelease|x86.ActiveCfg = PNNLRelease|x86
		{6544BDEA-10AE-4867-AFC2-8113D7983D7D}.PNNLRelease|x86.Build.0 = PNNLRelease|x86
		{6544BDEA-10AE-4867-AFC2-8113D7983D7D}.PNNLReleaseInstall|Any CPU.ActiveCfg = PNNLRelease|Any CPU
		{6544BDEA-10AE-4867-AFC2-8113D7983D7D}.PNNLReleaseInstall|Any CPU.Build.0 = PNNLRelease|Any CPU
		{6544BDEA-10AE-4867-AFC2-8113D7983D7D}.PNNLReleaseInstall|x86.ActiveCfg = PNNLRelease|x86
		{6544BDEA-10AE-4867-AFC2-8113D7983D7D}.PNNLReleaseInstall|x86.Build.0 = PNNLRelease|x86
		{6544BDEA-10AE-4867-AFC2-8113D7983D7D}.Release|Any CPU.ActiveCfg = PNNLRelease|Any CPU
		{6544BDEA-10AE-4867-AFC2-8113D7983D7D}.Release|Any CPU.Build.0 = PNNLRelease|Any CPU
		{6544BDEA-10AE-4867-AFC2-8113D7983D7D}.Release|x86.ActiveCfg = PNNLRelease|x86
		{6544BDEA-10AE-4867-AFC2-8113D7983D7D}.Release|x86.Build.0 = PNNLRelease|x86
		{6B4EA740-F750-43A6-A0EA-522A06B22331}.Debug|Any CPU.ActiveCfg = Debug|Any CPU
		{6B4EA740-F750-43A6-A0EA-522A06B22331}.Debug|Any CPU.Build.0 = Debug|Any CPU
		{6B4EA740-F750-43A6-A0EA-522A06B22331}.Debug|x86.ActiveCfg = Debug|x86
		{6B4EA740-F750-43A6-A0EA-522A06B22331}.Debug|x86.Build.0 = Debug|x86
		{6B4EA740-F750-43A6-A0EA-522A06B22331}.ExternalRelease|Any CPU.ActiveCfg = Release|Any CPU
		{6B4EA740-F750-43A6-A0EA-522A06B22331}.ExternalRelease|Any CPU.Build.0 = Release|Any CPU
		{6B4EA740-F750-43A6-A0EA-522A06B22331}.ExternalRelease|x86.ActiveCfg = Release|x86
		{6B4EA740-F750-43A6-A0EA-522A06B22331}.ExternalRelease|x86.Build.0 = Release|x86
		{6B4EA740-F750-43A6-A0EA-522A06B22331}.ExternalReleaseInstall|Any CPU.ActiveCfg = Release|Any CPU
		{6B4EA740-F750-43A6-A0EA-522A06B22331}.ExternalReleaseInstall|Any CPU.Build.0 = Release|Any CPU
		{6B4EA740-F750-43A6-A0EA-522A06B22331}.ExternalReleaseInstall|x86.ActiveCfg = Release|x86
		{6B4EA740-F750-43A6-A0EA-522A06B22331}.ExternalReleaseInstall|x86.Build.0 = Release|x86
		{6B4EA740-F750-43A6-A0EA-522A06B22331}.PNNLRelease|Any CPU.ActiveCfg = PNNLRelease|Any CPU
		{6B4EA740-F750-43A6-A0EA-522A06B22331}.PNNLRelease|Any CPU.Build.0 = PNNLRelease|Any CPU
		{6B4EA740-F750-43A6-A0EA-522A06B22331}.PNNLRelease|x86.ActiveCfg = PNNLRelease|x86
		{6B4EA740-F750-43A6-A0EA-522A06B22331}.PNNLRelease|x86.Build.0 = PNNLRelease|x86
		{6B4EA740-F750-43A6-A0EA-522A06B22331}.PNNLReleaseInstall|Any CPU.ActiveCfg = PNNLRelease|Any CPU
		{6B4EA740-F750-43A6-A0EA-522A06B22331}.PNNLReleaseInstall|Any CPU.Build.0 = PNNLRelease|Any CPU
		{6B4EA740-F750-43A6-A0EA-522A06B22331}.PNNLReleaseInstall|x86.ActiveCfg = PNNLRelease|x86
		{6B4EA740-F750-43A6-A0EA-522A06B22331}.PNNLReleaseInstall|x86.Build.0 = PNNLRelease|x86
		{6B4EA740-F750-43A6-A0EA-522A06B22331}.Release|Any CPU.ActiveCfg = Release|Any CPU
		{6B4EA740-F750-43A6-A0EA-522A06B22331}.Release|Any CPU.Build.0 = Release|Any CPU
		{6B4EA740-F750-43A6-A0EA-522A06B22331}.Release|x86.ActiveCfg = Release|x86
		{6B4EA740-F750-43A6-A0EA-522A06B22331}.Release|x86.Build.0 = Release|x86
		{36381F3A-1CA7-4C8B-B99C-035B3C4E84F4}.Debug|Any CPU.ActiveCfg = Debug|x86
		{36381F3A-1CA7-4C8B-B99C-035B3C4E84F4}.Debug|x86.ActiveCfg = Debug|x86
		{36381F3A-1CA7-4C8B-B99C-035B3C4E84F4}.Debug|x86.Build.0 = Debug|x86
		{36381F3A-1CA7-4C8B-B99C-035B3C4E84F4}.ExternalRelease|Any CPU.ActiveCfg = PNNLRelease|x86
		{36381F3A-1CA7-4C8B-B99C-035B3C4E84F4}.ExternalRelease|Any CPU.Build.0 = PNNLRelease|x86
		{36381F3A-1CA7-4C8B-B99C-035B3C4E84F4}.ExternalRelease|x86.ActiveCfg = PNNLRelease|x86
		{36381F3A-1CA7-4C8B-B99C-035B3C4E84F4}.ExternalRelease|x86.Build.0 = PNNLRelease|x86
		{36381F3A-1CA7-4C8B-B99C-035B3C4E84F4}.ExternalReleaseInstall|Any CPU.ActiveCfg = PNNLRelease|x86
		{36381F3A-1CA7-4C8B-B99C-035B3C4E84F4}.ExternalReleaseInstall|Any CPU.Build.0 = PNNLRelease|x86
		{36381F3A-1CA7-4C8B-B99C-035B3C4E84F4}.ExternalReleaseInstall|x86.ActiveCfg = PNNLRelease|x86
		{36381F3A-1CA7-4C8B-B99C-035B3C4E84F4}.ExternalReleaseInstall|x86.Build.0 = PNNLRelease|x86
		{36381F3A-1CA7-4C8B-B99C-035B3C4E84F4}.PNNLRelease|Any CPU.ActiveCfg = PNNLRelease|x86
		{36381F3A-1CA7-4C8B-B99C-035B3C4E84F4}.PNNLRelease|Any CPU.Build.0 = PNNLRelease|x86
		{36381F3A-1CA7-4C8B-B99C-035B3C4E84F4}.PNNLRelease|x86.ActiveCfg = PNNLRelease|x86
		{36381F3A-1CA7-4C8B-B99C-035B3C4E84F4}.PNNLRelease|x86.Build.0 = PNNLRelease|x86
		{36381F3A-1CA7-4C8B-B99C-035B3C4E84F4}.PNNLReleaseInstall|Any CPU.ActiveCfg = PNNLRelease|x86
		{36381F3A-1CA7-4C8B-B99C-035B3C4E84F4}.PNNLReleaseInstall|Any CPU.Build.0 = PNNLRelease|x86
		{36381F3A-1CA7-4C8B-B99C-035B3C4E84F4}.PNNLReleaseInstall|x86.ActiveCfg = PNNLRelease|x86
		{36381F3A-1CA7-4C8B-B99C-035B3C4E84F4}.PNNLReleaseInstall|x86.Build.0 = PNNLRelease|x86
		{36381F3A-1CA7-4C8B-B99C-035B3C4E84F4}.Release|Any CPU.ActiveCfg = PNNLRelease|x86
		{36381F3A-1CA7-4C8B-B99C-035B3C4E84F4}.Release|Any CPU.Build.0 = PNNLRelease|x86
		{36381F3A-1CA7-4C8B-B99C-035B3C4E84F4}.Release|x86.ActiveCfg = PNNLRelease|x86
		{36381F3A-1CA7-4C8B-B99C-035B3C4E84F4}.Release|x86.Build.0 = PNNLRelease|x86
		{B164F88D-3799-46B9-8926-20B40707B2E4}.Debug|Any CPU.ActiveCfg = Debug|x86
		{B164F88D-3799-46B9-8926-20B40707B2E4}.Debug|x86.ActiveCfg = Debug|x86
		{B164F88D-3799-46B9-8926-20B40707B2E4}.Debug|x86.Build.0 = Debug|x86
		{B164F88D-3799-46B9-8926-20B40707B2E4}.ExternalRelease|Any CPU.ActiveCfg = PNNLRelease|x86
		{B164F88D-3799-46B9-8926-20B40707B2E4}.ExternalRelease|Any CPU.Build.0 = PNNLRelease|x86
		{B164F88D-3799-46B9-8926-20B40707B2E4}.ExternalRelease|x86.ActiveCfg = Release|x86
		{B164F88D-3799-46B9-8926-20B40707B2E4}.ExternalRelease|x86.Build.0 = Release|x86
		{B164F88D-3799-46B9-8926-20B40707B2E4}.ExternalReleaseInstall|Any CPU.ActiveCfg = PNNLRelease|x86
		{B164F88D-3799-46B9-8926-20B40707B2E4}.ExternalReleaseInstall|Any CPU.Build.0 = PNNLRelease|x86
		{B164F88D-3799-46B9-8926-20B40707B2E4}.ExternalReleaseInstall|x86.ActiveCfg = Release|x86
		{B164F88D-3799-46B9-8926-20B40707B2E4}.ExternalReleaseInstall|x86.Build.0 = Release|x86
		{B164F88D-3799-46B9-8926-20B40707B2E4}.PNNLRelease|Any CPU.ActiveCfg = PNNLRelease|x86
		{B164F88D-3799-46B9-8926-20B40707B2E4}.PNNLRelease|Any CPU.Build.0 = PNNLRelease|x86
		{B164F88D-3799-46B9-8926-20B40707B2E4}.PNNLRelease|x86.ActiveCfg = PNNLRelease|x86
		{B164F88D-3799-46B9-8926-20B40707B2E4}.PNNLRelease|x86.Build.0 = PNNLRelease|x86
		{B164F88D-3799-46B9-8926-20B40707B2E4}.PNNLReleaseInstall|Any CPU.ActiveCfg = PNNLRelease|x86
		{B164F88D-3799-46B9-8926-20B40707B2E4}.PNNLReleaseInstall|Any CPU.Build.0 = PNNLRelease|x86
		{B164F88D-3799-46B9-8926-20B40707B2E4}.PNNLReleaseInstall|x86.ActiveCfg = PNNLRelease|x86
		{B164F88D-3799-46B9-8926-20B40707B2E4}.PNNLReleaseInstall|x86.Build.0 = PNNLRelease|x86
		{B164F88D-3799-46B9-8926-20B40707B2E4}.Release|Any CPU.ActiveCfg = Release|x86
		{B164F88D-3799-46B9-8926-20B40707B2E4}.Release|x86.ActiveCfg = Release|x86
		{B164F88D-3799-46B9-8926-20B40707B2E4}.Release|x86.Build.0 = Release|x86
		{81D6C70B-ADBB-448B-B1AF-D5E046DBBD92}.Debug|Any CPU.ActiveCfg = Debug|x86
		{81D6C70B-ADBB-448B-B1AF-D5E046DBBD92}.Debug|x86.ActiveCfg = Debug|x86
		{81D6C70B-ADBB-448B-B1AF-D5E046DBBD92}.Debug|x86.Build.0 = Debug|x86
		{81D6C70B-ADBB-448B-B1AF-D5E046DBBD92}.ExternalRelease|Any CPU.ActiveCfg = Debug|x86
		{81D6C70B-ADBB-448B-B1AF-D5E046DBBD92}.ExternalRelease|Any CPU.Build.0 = Debug|x86
		{81D6C70B-ADBB-448B-B1AF-D5E046DBBD92}.ExternalRelease|x86.ActiveCfg = Debug|x86
		{81D6C70B-ADBB-448B-B1AF-D5E046DBBD92}.ExternalRelease|x86.Build.0 = Debug|x86
		{81D6C70B-ADBB-448B-B1AF-D5E046DBBD92}.ExternalReleaseInstall|Any CPU.ActiveCfg = Debug|x86
		{81D6C70B-ADBB-448B-B1AF-D5E046DBBD92}.ExternalReleaseInstall|Any CPU.Build.0 = Debug|x86
		{81D6C70B-ADBB-448B-B1AF-D5E046DBBD92}.ExternalReleaseInstall|x86.ActiveCfg = Debug|x86
		{81D6C70B-ADBB-448B-B1AF-D5E046DBBD92}.ExternalReleaseInstall|x86.Build.0 = Debug|x86
		{81D6C70B-ADBB-448B-B1AF-D5E046DBBD92}.PNNLRelease|Any CPU.ActiveCfg = Debug|x86
		{81D6C70B-ADBB-448B-B1AF-D5E046DBBD92}.PNNLRelease|Any CPU.Build.0 = Debug|x86
		{81D6C70B-ADBB-448B-B1AF-D5E046DBBD92}.PNNLRelease|x86.ActiveCfg = Debug|x86
		{81D6C70B-ADBB-448B-B1AF-D5E046DBBD92}.PNNLRelease|x86.Build.0 = Debug|x86
		{81D6C70B-ADBB-448B-B1AF-D5E046DBBD92}.PNNLReleaseInstall|Any CPU.ActiveCfg = Debug|x86
		{81D6C70B-ADBB-448B-B1AF-D5E046DBBD92}.PNNLReleaseInstall|Any CPU.Build.0 = Debug|x86
		{81D6C70B-ADBB-448B-B1AF-D5E046DBBD92}.PNNLReleaseInstall|x86.ActiveCfg = Debug|x86
		{81D6C70B-ADBB-448B-B1AF-D5E046DBBD92}.PNNLReleaseInstall|x86.Build.0 = Debug|x86
		{81D6C70B-ADBB-448B-B1AF-D5E046DBBD92}.Release|Any CPU.ActiveCfg = Debug|x86
		{81D6C70B-ADBB-448B-B1AF-D5E046DBBD92}.Release|Any CPU.Build.0 = Debug|x86
		{81D6C70B-ADBB-448B-B1AF-D5E046DBBD92}.Release|x86.ActiveCfg = Debug|x86
		{81D6C70B-ADBB-448B-B1AF-D5E046DBBD92}.Release|x86.Build.0 = Debug|x86
		{D6DAC36B-61D0-406A-AB13-F34C9EDF0D65}.Debug|Any CPU.ActiveCfg = Debug|Any CPU
		{D6DAC36B-61D0-406A-AB13-F34C9EDF0D65}.Debug|Any CPU.Build.0 = Debug|Any CPU
		{D6DAC36B-61D0-406A-AB13-F34C9EDF0D65}.Debug|x86.ActiveCfg = Debug|x86
		{D6DAC36B-61D0-406A-AB13-F34C9EDF0D65}.Debug|x86.Build.0 = Debug|x86
		{D6DAC36B-61D0-406A-AB13-F34C9EDF0D65}.ExternalRelease|Any CPU.ActiveCfg = PNNLRelease|Any CPU
		{D6DAC36B-61D0-406A-AB13-F34C9EDF0D65}.ExternalRelease|Any CPU.Build.0 = PNNLRelease|Any CPU
		{D6DAC36B-61D0-406A-AB13-F34C9EDF0D65}.ExternalRelease|x86.ActiveCfg = PNNLRelease|x86
		{D6DAC36B-61D0-406A-AB13-F34C9EDF0D65}.ExternalRelease|x86.Build.0 = PNNLRelease|x86
		{D6DAC36B-61D0-406A-AB13-F34C9EDF0D65}.ExternalReleaseInstall|Any CPU.ActiveCfg = PNNLRelease|Any CPU
		{D6DAC36B-61D0-406A-AB13-F34C9EDF0D65}.ExternalReleaseInstall|Any CPU.Build.0 = PNNLRelease|Any CPU
		{D6DAC36B-61D0-406A-AB13-F34C9EDF0D65}.ExternalReleaseInstall|x86.ActiveCfg = PNNLRelease|x86
		{D6DAC36B-61D0-406A-AB13-F34C9EDF0D65}.ExternalReleaseInstall|x86.Build.0 = PNNLRelease|x86
		{D6DAC36B-61D0-406A-AB13-F34C9EDF0D65}.PNNLRelease|Any CPU.ActiveCfg = PNNLRelease|Any CPU
		{D6DAC36B-61D0-406A-AB13-F34C9EDF0D65}.PNNLRelease|Any CPU.Build.0 = PNNLRelease|Any CPU
		{D6DAC36B-61D0-406A-AB13-F34C9EDF0D65}.PNNLRelease|x86.ActiveCfg = PNNLRelease|x86
		{D6DAC36B-61D0-406A-AB13-F34C9EDF0D65}.PNNLRelease|x86.Build.0 = PNNLRelease|x86
		{D6DAC36B-61D0-406A-AB13-F34C9EDF0D65}.PNNLReleaseInstall|Any CPU.ActiveCfg = PNNLRelease|Any CPU
		{D6DAC36B-61D0-406A-AB13-F34C9EDF0D65}.PNNLReleaseInstall|Any CPU.Build.0 = PNNLRelease|Any CPU
		{D6DAC36B-61D0-406A-AB13-F34C9EDF0D65}.PNNLReleaseInstall|x86.ActiveCfg = PNNLRelease|x86
		{D6DAC36B-61D0-406A-AB13-F34C9EDF0D65}.PNNLReleaseInstall|x86.Build.0 = PNNLRelease|x86
		{D6DAC36B-61D0-406A-AB13-F34C9EDF0D65}.Release|Any CPU.ActiveCfg = PNNLRelease|Any CPU
		{D6DAC36B-61D0-406A-AB13-F34C9EDF0D65}.Release|Any CPU.Build.0 = PNNLRelease|Any CPU
		{D6DAC36B-61D0-406A-AB13-F34C9EDF0D65}.Release|x86.ActiveCfg = PNNLRelease|x86
		{D6DAC36B-61D0-406A-AB13-F34C9EDF0D65}.Release|x86.Build.0 = PNNLRelease|x86
		{6682884C-B3DB-49D3-8445-B2D681FAC9AF}.Debug|Any CPU.ActiveCfg = Debug|Any CPU
		{6682884C-B3DB-49D3-8445-B2D681FAC9AF}.Debug|Any CPU.Build.0 = Debug|Any CPU
		{6682884C-B3DB-49D3-8445-B2D681FAC9AF}.Debug|x86.ActiveCfg = Debug|x86
		{6682884C-B3DB-49D3-8445-B2D681FAC9AF}.Debug|x86.Build.0 = Debug|x86
		{6682884C-B3DB-49D3-8445-B2D681FAC9AF}.ExternalRelease|Any CPU.ActiveCfg = Release|Any CPU
		{6682884C-B3DB-49D3-8445-B2D681FAC9AF}.ExternalRelease|Any CPU.Build.0 = Release|Any CPU
		{6682884C-B3DB-49D3-8445-B2D681FAC9AF}.ExternalRelease|x86.ActiveCfg = Release|x86
		{6682884C-B3DB-49D3-8445-B2D681FAC9AF}.ExternalRelease|x86.Build.0 = Release|x86
		{6682884C-B3DB-49D3-8445-B2D681FAC9AF}.ExternalReleaseInstall|Any CPU.ActiveCfg = Release|Any CPU
		{6682884C-B3DB-49D3-8445-B2D681FAC9AF}.ExternalReleaseInstall|Any CPU.Build.0 = Release|Any CPU
		{6682884C-B3DB-49D3-8445-B2D681FAC9AF}.ExternalReleaseInstall|x86.ActiveCfg = Release|x86
		{6682884C-B3DB-49D3-8445-B2D681FAC9AF}.ExternalReleaseInstall|x86.Build.0 = Release|x86
		{6682884C-B3DB-49D3-8445-B2D681FAC9AF}.PNNLRelease|Any CPU.ActiveCfg = PNNLRelease|Any CPU
		{6682884C-B3DB-49D3-8445-B2D681FAC9AF}.PNNLRelease|Any CPU.Build.0 = PNNLRelease|Any CPU
		{6682884C-B3DB-49D3-8445-B2D681FAC9AF}.PNNLRelease|x86.ActiveCfg = PNNLRelease|x86
		{6682884C-B3DB-49D3-8445-B2D681FAC9AF}.PNNLRelease|x86.Build.0 = PNNLRelease|x86
		{6682884C-B3DB-49D3-8445-B2D681FAC9AF}.PNNLReleaseInstall|Any CPU.ActiveCfg = PNNLRelease|Any CPU
		{6682884C-B3DB-49D3-8445-B2D681FAC9AF}.PNNLReleaseInstall|Any CPU.Build.0 = PNNLRelease|Any CPU
		{6682884C-B3DB-49D3-8445-B2D681FAC9AF}.PNNLReleaseInstall|x86.ActiveCfg = PNNLRelease|x86
		{6682884C-B3DB-49D3-8445-B2D681FAC9AF}.PNNLReleaseInstall|x86.Build.0 = PNNLRelease|x86
		{6682884C-B3DB-49D3-8445-B2D681FAC9AF}.Release|Any CPU.ActiveCfg = Release|Any CPU
		{6682884C-B3DB-49D3-8445-B2D681FAC9AF}.Release|Any CPU.Build.0 = Release|Any CPU
		{6682884C-B3DB-49D3-8445-B2D681FAC9AF}.Release|x86.ActiveCfg = Release|x86
		{6682884C-B3DB-49D3-8445-B2D681FAC9AF}.Release|x86.Build.0 = Release|x86
		{A1833DD8-8445-45A5-ADAA-7F874886DCD3}.Debug|Any CPU.ActiveCfg = Debug|Any CPU
		{A1833DD8-8445-45A5-ADAA-7F874886DCD3}.Debug|Any CPU.Build.0 = Debug|Any CPU
		{A1833DD8-8445-45A5-ADAA-7F874886DCD3}.Debug|x86.ActiveCfg = Debug|x86
		{A1833DD8-8445-45A5-ADAA-7F874886DCD3}.Debug|x86.Build.0 = Debug|x86
		{A1833DD8-8445-45A5-ADAA-7F874886DCD3}.ExternalRelease|Any CPU.ActiveCfg = PNNLRelease|Any CPU
		{A1833DD8-8445-45A5-ADAA-7F874886DCD3}.ExternalRelease|Any CPU.Build.0 = PNNLRelease|Any CPU
		{A1833DD8-8445-45A5-ADAA-7F874886DCD3}.ExternalRelease|x86.ActiveCfg = PNNLRelease|x86
		{A1833DD8-8445-45A5-ADAA-7F874886DCD3}.ExternalRelease|x86.Build.0 = PNNLRelease|x86
		{A1833DD8-8445-45A5-ADAA-7F874886DCD3}.ExternalReleaseInstall|Any CPU.ActiveCfg = PNNLRelease|Any CPU
		{A1833DD8-8445-45A5-ADAA-7F874886DCD3}.ExternalReleaseInstall|Any CPU.Build.0 = PNNLRelease|Any CPU
		{A1833DD8-8445-45A5-ADAA-7F874886DCD3}.ExternalReleaseInstall|x86.ActiveCfg = PNNLRelease|x86
		{A1833DD8-8445-45A5-ADAA-7F874886DCD3}.ExternalReleaseInstall|x86.Build.0 = PNNLRelease|x86
		{A1833DD8-8445-45A5-ADAA-7F874886DCD3}.PNNLRelease|Any CPU.ActiveCfg = PNNLRelease|Any CPU
		{A1833DD8-8445-45A5-ADAA-7F874886DCD3}.PNNLRelease|Any CPU.Build.0 = PNNLRelease|Any CPU
		{A1833DD8-8445-45A5-ADAA-7F874886DCD3}.PNNLRelease|x86.ActiveCfg = PNNLRelease|x86
		{A1833DD8-8445-45A5-ADAA-7F874886DCD3}.PNNLRelease|x86.Build.0 = PNNLRelease|x86
		{A1833DD8-8445-45A5-ADAA-7F874886DCD3}.PNNLReleaseInstall|Any CPU.ActiveCfg = PNNLRelease|Any CPU
		{A1833DD8-8445-45A5-ADAA-7F874886DCD3}.PNNLReleaseInstall|Any CPU.Build.0 = PNNLRelease|Any CPU
		{A1833DD8-8445-45A5-ADAA-7F874886DCD3}.PNNLReleaseInstall|x86.ActiveCfg = PNNLRelease|x86
		{A1833DD8-8445-45A5-ADAA-7F874886DCD3}.PNNLReleaseInstall|x86.Build.0 = PNNLRelease|x86
		{A1833DD8-8445-45A5-ADAA-7F874886DCD3}.Release|Any CPU.ActiveCfg = PNNLRelease|Any CPU
		{A1833DD8-8445-45A5-ADAA-7F874886DCD3}.Release|Any CPU.Build.0 = PNNLRelease|Any CPU
		{A1833DD8-8445-45A5-ADAA-7F874886DCD3}.Release|x86.ActiveCfg = PNNLRelease|x86
		{A1833DD8-8445-45A5-ADAA-7F874886DCD3}.Release|x86.Build.0 = PNNLRelease|x86
		{96BA0FF2-5C3C-4A64-A494-452D45FE0B3B}.Debug|Any CPU.ActiveCfg = Debug|x86
		{96BA0FF2-5C3C-4A64-A494-452D45FE0B3B}.Debug|x86.ActiveCfg = Debug|x86
		{96BA0FF2-5C3C-4A64-A494-452D45FE0B3B}.Debug|x86.Build.0 = Debug|x86
		{96BA0FF2-5C3C-4A64-A494-452D45FE0B3B}.ExternalRelease|Any CPU.ActiveCfg = PNNLRelease|x86
		{96BA0FF2-5C3C-4A64-A494-452D45FE0B3B}.ExternalRelease|Any CPU.Build.0 = PNNLRelease|x86
		{96BA0FF2-5C3C-4A64-A494-452D45FE0B3B}.ExternalRelease|x86.ActiveCfg = PNNLRelease|x86
		{96BA0FF2-5C3C-4A64-A494-452D45FE0B3B}.ExternalRelease|x86.Build.0 = PNNLRelease|x86
		{96BA0FF2-5C3C-4A64-A494-452D45FE0B3B}.ExternalReleaseInstall|Any CPU.ActiveCfg = PNNLRelease|x86
		{96BA0FF2-5C3C-4A64-A494-452D45FE0B3B}.ExternalReleaseInstall|Any CPU.Build.0 = PNNLRelease|x86
		{96BA0FF2-5C3C-4A64-A494-452D45FE0B3B}.ExternalReleaseInstall|x86.ActiveCfg = PNNLRelease|x86
		{96BA0FF2-5C3C-4A64-A494-452D45FE0B3B}.ExternalReleaseInstall|x86.Build.0 = PNNLRelease|x86
		{96BA0FF2-5C3C-4A64-A494-452D45FE0B3B}.PNNLRelease|Any CPU.ActiveCfg = PNNLRelease|x86
		{96BA0FF2-5C3C-4A64-A494-452D45FE0B3B}.PNNLRelease|Any CPU.Build.0 = PNNLRelease|x86
		{96BA0FF2-5C3C-4A64-A494-452D45FE0B3B}.PNNLRelease|x86.ActiveCfg = PNNLRelease|x86
		{96BA0FF2-5C3C-4A64-A494-452D45FE0B3B}.PNNLRelease|x86.Build.0 = PNNLRelease|x86
		{96BA0FF2-5C3C-4A64-A494-452D45FE0B3B}.PNNLReleaseInstall|Any CPU.ActiveCfg = PNNLRelease|x86
		{96BA0FF2-5C3C-4A64-A494-452D45FE0B3B}.PNNLReleaseInstall|Any CPU.Build.0 = PNNLRelease|x86
		{96BA0FF2-5C3C-4A64-A494-452D45FE0B3B}.PNNLReleaseInstall|x86.ActiveCfg = PNNLRelease|x86
		{96BA0FF2-5C3C-4A64-A494-452D45FE0B3B}.PNNLReleaseInstall|x86.Build.0 = PNNLRelease|x86
		{96BA0FF2-5C3C-4A64-A494-452D45FE0B3B}.Release|Any CPU.ActiveCfg = PNNLRelease|x86
		{96BA0FF2-5C3C-4A64-A494-452D45FE0B3B}.Release|Any CPU.Build.0 = PNNLRelease|x86
		{96BA0FF2-5C3C-4A64-A494-452D45FE0B3B}.Release|x86.ActiveCfg = PNNLRelease|x86
		{96BA0FF2-5C3C-4A64-A494-452D45FE0B3B}.Release|x86.Build.0 = PNNLRelease|x86
		{4C87CD14-37F7-4E6F-AA7A-6398698C4AAC}.Debug|Any CPU.ActiveCfg = Debug|x86
		{4C87CD14-37F7-4E6F-AA7A-6398698C4AAC}.Debug|x86.ActiveCfg = Debug|x86
		{4C87CD14-37F7-4E6F-AA7A-6398698C4AAC}.Debug|x86.Build.0 = Debug|x86
		{4C87CD14-37F7-4E6F-AA7A-6398698C4AAC}.ExternalRelease|Any CPU.ActiveCfg = ExternalRelease|x86
		{4C87CD14-37F7-4E6F-AA7A-6398698C4AAC}.ExternalRelease|x86.ActiveCfg = ExternalRelease|x86
		{4C87CD14-37F7-4E6F-AA7A-6398698C4AAC}.ExternalRelease|x86.Build.0 = ExternalRelease|x86
		{4C87CD14-37F7-4E6F-AA7A-6398698C4AAC}.ExternalReleaseInstall|Any CPU.ActiveCfg = fluidicsrelease|x86
		{4C87CD14-37F7-4E6F-AA7A-6398698C4AAC}.ExternalReleaseInstall|Any CPU.Build.0 = fluidicsrelease|x86
		{4C87CD14-37F7-4E6F-AA7A-6398698C4AAC}.ExternalReleaseInstall|x86.ActiveCfg = ExternalRelease|x86
		{4C87CD14-37F7-4E6F-AA7A-6398698C4AAC}.ExternalReleaseInstall|x86.Build.0 = ExternalRelease|x86
		{4C87CD14-37F7-4E6F-AA7A-6398698C4AAC}.PNNLRelease|Any CPU.ActiveCfg = PNNLRelease|x86
		{4C87CD14-37F7-4E6F-AA7A-6398698C4AAC}.PNNLRelease|Any CPU.Build.0 = PNNLRelease|x86
		{4C87CD14-37F7-4E6F-AA7A-6398698C4AAC}.PNNLRelease|x86.ActiveCfg = PNNLRelease|x86
		{4C87CD14-37F7-4E6F-AA7A-6398698C4AAC}.PNNLRelease|x86.Build.0 = PNNLRelease|x86
		{4C87CD14-37F7-4E6F-AA7A-6398698C4AAC}.PNNLReleaseInstall|Any CPU.ActiveCfg = fluidicsrelease|x86
		{4C87CD14-37F7-4E6F-AA7A-6398698C4AAC}.PNNLReleaseInstall|Any CPU.Build.0 = fluidicsrelease|x86
		{4C87CD14-37F7-4E6F-AA7A-6398698C4AAC}.PNNLReleaseInstall|x86.ActiveCfg = PNNLRelease|x86
		{4C87CD14-37F7-4E6F-AA7A-6398698C4AAC}.PNNLReleaseInstall|x86.Build.0 = PNNLRelease|x86
		{4C87CD14-37F7-4E6F-AA7A-6398698C4AAC}.Release|Any CPU.ActiveCfg = Release|x86
		{4C87CD14-37F7-4E6F-AA7A-6398698C4AAC}.Release|x86.ActiveCfg = Release|x86
		{4C87CD14-37F7-4E6F-AA7A-6398698C4AAC}.Release|x86.Build.0 = Release|x86
		{4E97009E-F375-426B-8108-DEE8575C8D67}.Debug|Any CPU.ActiveCfg = Debug|Any CPU
		{4E97009E-F375-426B-8108-DEE8575C8D67}.Debug|Any CPU.Build.0 = Debug|Any CPU
		{4E97009E-F375-426B-8108-DEE8575C8D67}.Debug|x86.ActiveCfg = Debug|x86
		{4E97009E-F375-426B-8108-DEE8575C8D67}.Debug|x86.Build.0 = Debug|x86
		{4E97009E-F375-426B-8108-DEE8575C8D67}.ExternalRelease|Any CPU.ActiveCfg = PNNLRelease|Any CPU
		{4E97009E-F375-426B-8108-DEE8575C8D67}.ExternalRelease|Any CPU.Build.0 = PNNLRelease|Any CPU
		{4E97009E-F375-426B-8108-DEE8575C8D67}.ExternalRelease|x86.ActiveCfg = PNNLRelease|x86
		{4E97009E-F375-426B-8108-DEE8575C8D67}.ExternalRelease|x86.Build.0 = PNNLRelease|x86
		{4E97009E-F375-426B-8108-DEE8575C8D67}.ExternalReleaseInstall|Any CPU.ActiveCfg = PNNLRelease|Any CPU
		{4E97009E-F375-426B-8108-DEE8575C8D67}.ExternalReleaseInstall|Any CPU.Build.0 = PNNLRelease|Any CPU
		{4E97009E-F375-426B-8108-DEE8575C8D67}.ExternalReleaseInstall|x86.ActiveCfg = PNNLRelease|x86
		{4E97009E-F375-426B-8108-DEE8575C8D67}.ExternalReleaseInstall|x86.Build.0 = PNNLRelease|x86
		{4E97009E-F375-426B-8108-DEE8575C8D67}.PNNLRelease|Any CPU.ActiveCfg = PNNLRelease|Any CPU
		{4E97009E-F375-426B-8108-DEE8575C8D67}.PNNLRelease|Any CPU.Build.0 = PNNLRelease|Any CPU
		{4E97009E-F375-426B-8108-DEE8575C8D67}.PNNLRelease|x86.ActiveCfg = PNNLRelease|x86
		{4E97009E-F375-426B-8108-DEE8575C8D67}.PNNLRelease|x86.Build.0 = PNNLRelease|x86
		{4E97009E-F375-426B-8108-DEE8575C8D67}.PNNLReleaseInstall|Any CPU.ActiveCfg = PNNLRelease|Any CPU
		{4E97009E-F375-426B-8108-DEE8575C8D67}.PNNLReleaseInstall|Any CPU.Build.0 = PNNLRelease|Any CPU
		{4E97009E-F375-426B-8108-DEE8575C8D67}.PNNLReleaseInstall|x86.ActiveCfg = PNNLRelease|x86
		{4E97009E-F375-426B-8108-DEE8575C8D67}.PNNLReleaseInstall|x86.Build.0 = PNNLRelease|x86
		{4E97009E-F375-426B-8108-DEE8575C8D67}.Release|Any CPU.ActiveCfg = PNNLRelease|Any CPU
		{4E97009E-F375-426B-8108-DEE8575C8D67}.Release|Any CPU.Build.0 = PNNLRelease|Any CPU
		{4E97009E-F375-426B-8108-DEE8575C8D67}.Release|x86.ActiveCfg = PNNLRelease|x86
		{4E97009E-F375-426B-8108-DEE8575C8D67}.Release|x86.Build.0 = PNNLRelease|x86
		{90551821-B121-4C22-BA8D-116E1502D6CE}.Debug|Any CPU.ActiveCfg = Debug|Any CPU
		{90551821-B121-4C22-BA8D-116E1502D6CE}.Debug|Any CPU.Build.0 = Debug|Any CPU
		{90551821-B121-4C22-BA8D-116E1502D6CE}.Debug|x86.ActiveCfg = Debug|x86
		{90551821-B121-4C22-BA8D-116E1502D6CE}.Debug|x86.Build.0 = Debug|x86
		{90551821-B121-4C22-BA8D-116E1502D6CE}.ExternalRelease|Any CPU.ActiveCfg = PNNLRelease|Any CPU
		{90551821-B121-4C22-BA8D-116E1502D6CE}.ExternalRelease|Any CPU.Build.0 = PNNLRelease|Any CPU
		{90551821-B121-4C22-BA8D-116E1502D6CE}.ExternalRelease|x86.ActiveCfg = PNNLRelease|x86
		{90551821-B121-4C22-BA8D-116E1502D6CE}.ExternalRelease|x86.Build.0 = PNNLRelease|x86
		{90551821-B121-4C22-BA8D-116E1502D6CE}.ExternalReleaseInstall|Any CPU.ActiveCfg = PNNLRelease|Any CPU
		{90551821-B121-4C22-BA8D-116E1502D6CE}.ExternalReleaseInstall|Any CPU.Build.0 = PNNLRelease|Any CPU
		{90551821-B121-4C22-BA8D-116E1502D6CE}.ExternalReleaseInstall|x86.ActiveCfg = PNNLRelease|x86
		{90551821-B121-4C22-BA8D-116E1502D6CE}.ExternalReleaseInstall|x86.Build.0 = PNNLRelease|x86
		{90551821-B121-4C22-BA8D-116E1502D6CE}.PNNLRelease|Any CPU.ActiveCfg = PNNLRelease|Any CPU
		{90551821-B121-4C22-BA8D-116E1502D6CE}.PNNLRelease|Any CPU.Build.0 = PNNLRelease|Any CPU
		{90551821-B121-4C22-BA8D-116E1502D6CE}.PNNLRelease|x86.ActiveCfg = PNNLRelease|x86
		{90551821-B121-4C22-BA8D-116E1502D6CE}.PNNLRelease|x86.Build.0 = PNNLRelease|x86
		{90551821-B121-4C22-BA8D-116E1502D6CE}.PNNLReleaseInstall|Any CPU.ActiveCfg = PNNLRelease|Any CPU
		{90551821-B121-4C22-BA8D-116E1502D6CE}.PNNLReleaseInstall|Any CPU.Build.0 = PNNLRelease|Any CPU
		{90551821-B121-4C22-BA8D-116E1502D6CE}.PNNLReleaseInstall|x86.ActiveCfg = PNNLRelease|x86
		{90551821-B121-4C22-BA8D-116E1502D6CE}.PNNLReleaseInstall|x86.Build.0 = PNNLRelease|x86
		{90551821-B121-4C22-BA8D-116E1502D6CE}.Release|Any CPU.ActiveCfg = PNNLRelease|Any CPU
		{90551821-B121-4C22-BA8D-116E1502D6CE}.Release|Any CPU.Build.0 = PNNLRelease|Any CPU
		{90551821-B121-4C22-BA8D-116E1502D6CE}.Release|x86.ActiveCfg = PNNLRelease|x86
		{90551821-B121-4C22-BA8D-116E1502D6CE}.Release|x86.Build.0 = PNNLRelease|x86
		{1CE62A77-40A1-418D-B143-C7C6935BD17A}.Debug|Any CPU.ActiveCfg = Debug|x86
		{1CE62A77-40A1-418D-B143-C7C6935BD17A}.Debug|x86.ActiveCfg = Debug|x86
		{1CE62A77-40A1-418D-B143-C7C6935BD17A}.Debug|x86.Build.0 = Debug|x86
		{1CE62A77-40A1-418D-B143-C7C6935BD17A}.ExternalRelease|Any CPU.ActiveCfg = PNNLRelease|x86
		{1CE62A77-40A1-418D-B143-C7C6935BD17A}.ExternalRelease|Any CPU.Build.0 = PNNLRelease|x86
		{1CE62A77-40A1-418D-B143-C7C6935BD17A}.ExternalRelease|x86.ActiveCfg = PNNLRelease|x86
		{1CE62A77-40A1-418D-B143-C7C6935BD17A}.ExternalRelease|x86.Build.0 = PNNLRelease|x86
		{1CE62A77-40A1-418D-B143-C7C6935BD17A}.ExternalReleaseInstall|Any CPU.ActiveCfg = PNNLRelease|x86
		{1CE62A77-40A1-418D-B143-C7C6935BD17A}.ExternalReleaseInstall|Any CPU.Build.0 = PNNLRelease|x86
		{1CE62A77-40A1-418D-B143-C7C6935BD17A}.ExternalReleaseInstall|x86.ActiveCfg = PNNLRelease|x86
		{1CE62A77-40A1-418D-B143-C7C6935BD17A}.ExternalReleaseInstall|x86.Build.0 = PNNLRelease|x86
		{1CE62A77-40A1-418D-B143-C7C6935BD17A}.PNNLRelease|Any CPU.ActiveCfg = PNNLRelease|x86
		{1CE62A77-40A1-418D-B143-C7C6935BD17A}.PNNLRelease|Any CPU.Build.0 = PNNLRelease|x86
		{1CE62A77-40A1-418D-B143-C7C6935BD17A}.PNNLRelease|x86.ActiveCfg = PNNLRelease|x86
		{1CE62A77-40A1-418D-B143-C7C6935BD17A}.PNNLRelease|x86.Build.0 = PNNLRelease|x86
		{1CE62A77-40A1-418D-B143-C7C6935BD17A}.PNNLReleaseInstall|Any CPU.ActiveCfg = PNNLRelease|x86
		{1CE62A77-40A1-418D-B143-C7C6935BD17A}.PNNLReleaseInstall|Any CPU.Build.0 = PNNLRelease|x86
		{1CE62A77-40A1-418D-B143-C7C6935BD17A}.PNNLReleaseInstall|x86.ActiveCfg = PNNLRelease|x86
		{1CE62A77-40A1-418D-B143-C7C6935BD17A}.PNNLReleaseInstall|x86.Build.0 = PNNLRelease|x86
		{1CE62A77-40A1-418D-B143-C7C6935BD17A}.Release|Any CPU.ActiveCfg = PNNLRelease|x86
		{1CE62A77-40A1-418D-B143-C7C6935BD17A}.Release|Any CPU.Build.0 = PNNLRelease|x86
		{1CE62A77-40A1-418D-B143-C7C6935BD17A}.Release|x86.ActiveCfg = PNNLRelease|x86
		{1CE62A77-40A1-418D-B143-C7C6935BD17A}.Release|x86.Build.0 = PNNLRelease|x86
		{ACB66D29-7329-405B-8D04-C24FF0DBAEED}.Debug|Any CPU.ActiveCfg = Debug|x86
		{ACB66D29-7329-405B-8D04-C24FF0DBAEED}.Debug|x86.ActiveCfg = Debug|x86
		{ACB66D29-7329-405B-8D04-C24FF0DBAEED}.Debug|x86.Build.0 = Debug|x86
		{ACB66D29-7329-405B-8D04-C24FF0DBAEED}.ExternalRelease|Any CPU.ActiveCfg = PNNLRelease|x86
		{ACB66D29-7329-405B-8D04-C24FF0DBAEED}.ExternalRelease|Any CPU.Build.0 = PNNLRelease|x86
		{ACB66D29-7329-405B-8D04-C24FF0DBAEED}.ExternalRelease|x86.ActiveCfg = PNNLRelease|x86
		{ACB66D29-7329-405B-8D04-C24FF0DBAEED}.ExternalRelease|x86.Build.0 = PNNLRelease|x86
		{ACB66D29-7329-405B-8D04-C24FF0DBAEED}.ExternalReleaseInstall|Any CPU.ActiveCfg = PNNLRelease|x86
		{ACB66D29-7329-405B-8D04-C24FF0DBAEED}.ExternalReleaseInstall|Any CPU.Build.0 = PNNLRelease|x86
		{ACB66D29-7329-405B-8D04-C24FF0DBAEED}.ExternalReleaseInstall|x86.ActiveCfg = PNNLRelease|x86
		{ACB66D29-7329-405B-8D04-C24FF0DBAEED}.ExternalReleaseInstall|x86.Build.0 = PNNLRelease|x86
		{ACB66D29-7329-405B-8D04-C24FF0DBAEED}.PNNLRelease|Any CPU.ActiveCfg = PNNLRelease|x86
		{ACB66D29-7329-405B-8D04-C24FF0DBAEED}.PNNLRelease|Any CPU.Build.0 = PNNLRelease|x86
		{ACB66D29-7329-405B-8D04-C24FF0DBAEED}.PNNLRelease|x86.ActiveCfg = PNNLRelease|x86
		{ACB66D29-7329-405B-8D04-C24FF0DBAEED}.PNNLRelease|x86.Build.0 = PNNLRelease|x86
		{ACB66D29-7329-405B-8D04-C24FF0DBAEED}.PNNLReleaseInstall|Any CPU.ActiveCfg = PNNLRelease|x86
		{ACB66D29-7329-405B-8D04-C24FF0DBAEED}.PNNLReleaseInstall|Any CPU.Build.0 = PNNLRelease|x86
		{ACB66D29-7329-405B-8D04-C24FF0DBAEED}.PNNLReleaseInstall|x86.ActiveCfg = PNNLRelease|x86
		{ACB66D29-7329-405B-8D04-C24FF0DBAEED}.PNNLReleaseInstall|x86.Build.0 = PNNLRelease|x86
		{ACB66D29-7329-405B-8D04-C24FF0DBAEED}.Release|Any CPU.ActiveCfg = PNNLRelease|x86
		{ACB66D29-7329-405B-8D04-C24FF0DBAEED}.Release|Any CPU.Build.0 = PNNLRelease|x86
		{ACB66D29-7329-405B-8D04-C24FF0DBAEED}.Release|x86.ActiveCfg = PNNLRelease|x86
		{ACB66D29-7329-405B-8D04-C24FF0DBAEED}.Release|x86.Build.0 = PNNLRelease|x86
		{301C4DAC-24B7-4032-88BF-3BFB13B9DEFE}.Debug|Any CPU.ActiveCfg = Debug|Any CPU
		{301C4DAC-24B7-4032-88BF-3BFB13B9DEFE}.Debug|Any CPU.Build.0 = Debug|Any CPU
		{301C4DAC-24B7-4032-88BF-3BFB13B9DEFE}.Debug|x86.ActiveCfg = Debug|x86
		{301C4DAC-24B7-4032-88BF-3BFB13B9DEFE}.Debug|x86.Build.0 = Debug|x86
		{301C4DAC-24B7-4032-88BF-3BFB13B9DEFE}.ExternalRelease|Any CPU.ActiveCfg = PNNLRelease|Any CPU
		{301C4DAC-24B7-4032-88BF-3BFB13B9DEFE}.ExternalRelease|Any CPU.Build.0 = PNNLRelease|Any CPU
		{301C4DAC-24B7-4032-88BF-3BFB13B9DEFE}.ExternalRelease|x86.ActiveCfg = PNNLRelease|x86
		{301C4DAC-24B7-4032-88BF-3BFB13B9DEFE}.ExternalRelease|x86.Build.0 = PNNLRelease|x86
		{301C4DAC-24B7-4032-88BF-3BFB13B9DEFE}.ExternalReleaseInstall|Any CPU.ActiveCfg = PNNLRelease|Any CPU
		{301C4DAC-24B7-4032-88BF-3BFB13B9DEFE}.ExternalReleaseInstall|Any CPU.Build.0 = PNNLRelease|Any CPU
		{301C4DAC-24B7-4032-88BF-3BFB13B9DEFE}.ExternalReleaseInstall|x86.ActiveCfg = PNNLRelease|x86
		{301C4DAC-24B7-4032-88BF-3BFB13B9DEFE}.ExternalReleaseInstall|x86.Build.0 = PNNLRelease|x86
		{301C4DAC-24B7-4032-88BF-3BFB13B9DEFE}.PNNLRelease|Any CPU.ActiveCfg = PNNLRelease|Any CPU
		{301C4DAC-24B7-4032-88BF-3BFB13B9DEFE}.PNNLRelease|Any CPU.Build.0 = PNNLRelease|Any CPU
		{301C4DAC-24B7-4032-88BF-3BFB13B9DEFE}.PNNLRelease|x86.ActiveCfg = PNNLRelease|x86
		{301C4DAC-24B7-4032-88BF-3BFB13B9DEFE}.PNNLRelease|x86.Build.0 = PNNLRelease|x86
		{301C4DAC-24B7-4032-88BF-3BFB13B9DEFE}.PNNLReleaseInstall|Any CPU.ActiveCfg = PNNLRelease|Any CPU
		{301C4DAC-24B7-4032-88BF-3BFB13B9DEFE}.PNNLReleaseInstall|Any CPU.Build.0 = PNNLRelease|Any CPU
		{301C4DAC-24B7-4032-88BF-3BFB13B9DEFE}.PNNLReleaseInstall|x86.ActiveCfg = PNNLRelease|x86
		{301C4DAC-24B7-4032-88BF-3BFB13B9DEFE}.PNNLReleaseInstall|x86.Build.0 = PNNLRelease|x86
		{301C4DAC-24B7-4032-88BF-3BFB13B9DEFE}.Release|Any CPU.ActiveCfg = PNNLRelease|Any CPU
		{301C4DAC-24B7-4032-88BF-3BFB13B9DEFE}.Release|Any CPU.Build.0 = PNNLRelease|Any CPU
		{301C4DAC-24B7-4032-88BF-3BFB13B9DEFE}.Release|x86.ActiveCfg = PNNLRelease|x86
		{301C4DAC-24B7-4032-88BF-3BFB13B9DEFE}.Release|x86.Build.0 = PNNLRelease|x86
		{A68203D4-AF87-44F6-A2F6-9A34FE308789}.Debug|Any CPU.ActiveCfg = Debug|x86
		{A68203D4-AF87-44F6-A2F6-9A34FE308789}.Debug|x86.ActiveCfg = Debug|x86
		{A68203D4-AF87-44F6-A2F6-9A34FE308789}.Debug|x86.Build.0 = Debug|x86
		{A68203D4-AF87-44F6-A2F6-9A34FE308789}.ExternalRelease|Any CPU.ActiveCfg = PNNLRelease|x86
		{A68203D4-AF87-44F6-A2F6-9A34FE308789}.ExternalRelease|Any CPU.Build.0 = PNNLRelease|x86
		{A68203D4-AF87-44F6-A2F6-9A34FE308789}.ExternalRelease|x86.ActiveCfg = PNNLRelease|x86
		{A68203D4-AF87-44F6-A2F6-9A34FE308789}.ExternalRelease|x86.Build.0 = PNNLRelease|x86
		{A68203D4-AF87-44F6-A2F6-9A34FE308789}.ExternalReleaseInstall|Any CPU.ActiveCfg = PNNLRelease|x86
		{A68203D4-AF87-44F6-A2F6-9A34FE308789}.ExternalReleaseInstall|Any CPU.Build.0 = PNNLRelease|x86
		{A68203D4-AF87-44F6-A2F6-9A34FE308789}.ExternalReleaseInstall|x86.ActiveCfg = PNNLRelease|x86
		{A68203D4-AF87-44F6-A2F6-9A34FE308789}.ExternalReleaseInstall|x86.Build.0 = PNNLRelease|x86
		{A68203D4-AF87-44F6-A2F6-9A34FE308789}.PNNLRelease|Any CPU.ActiveCfg = PNNLRelease|x86
		{A68203D4-AF87-44F6-A2F6-9A34FE308789}.PNNLRelease|Any CPU.Build.0 = PNNLRelease|x86
		{A68203D4-AF87-44F6-A2F6-9A34FE308789}.PNNLRelease|x86.ActiveCfg = PNNLRelease|x86
		{A68203D4-AF87-44F6-A2F6-9A34FE308789}.PNNLRelease|x86.Build.0 = PNNLRelease|x86
		{A68203D4-AF87-44F6-A2F6-9A34FE308789}.PNNLReleaseInstall|Any CPU.ActiveCfg = PNNLRelease|x86
		{A68203D4-AF87-44F6-A2F6-9A34FE308789}.PNNLReleaseInstall|Any CPU.Build.0 = PNNLRelease|x86
		{A68203D4-AF87-44F6-A2F6-9A34FE308789}.PNNLReleaseInstall|x86.ActiveCfg = PNNLRelease|x86
		{A68203D4-AF87-44F6-A2F6-9A34FE308789}.PNNLReleaseInstall|x86.Build.0 = PNNLRelease|x86
		{A68203D4-AF87-44F6-A2F6-9A34FE308789}.Release|Any CPU.ActiveCfg = PNNLRelease|x86
		{A68203D4-AF87-44F6-A2F6-9A34FE308789}.Release|Any CPU.Build.0 = PNNLRelease|x86
		{A68203D4-AF87-44F6-A2F6-9A34FE308789}.Release|x86.ActiveCfg = PNNLRelease|x86
		{A68203D4-AF87-44F6-A2F6-9A34FE308789}.Release|x86.Build.0 = PNNLRelease|x86
		{16B43514-F328-4401-B5B6-D14F9FF51516}.Debug|Any CPU.ActiveCfg = Debug|x86
		{16B43514-F328-4401-B5B6-D14F9FF51516}.Debug|x86.ActiveCfg = Debug|x86
		{16B43514-F328-4401-B5B6-D14F9FF51516}.Debug|x86.Build.0 = Debug|x86
		{16B43514-F328-4401-B5B6-D14F9FF51516}.ExternalRelease|Any CPU.ActiveCfg = PNNLRelease|x86
		{16B43514-F328-4401-B5B6-D14F9FF51516}.ExternalRelease|Any CPU.Build.0 = PNNLRelease|x86
		{16B43514-F328-4401-B5B6-D14F9FF51516}.ExternalRelease|x86.ActiveCfg = PNNLRelease|x86
		{16B43514-F328-4401-B5B6-D14F9FF51516}.ExternalRelease|x86.Build.0 = PNNLRelease|x86
		{16B43514-F328-4401-B5B6-D14F9FF51516}.ExternalReleaseInstall|Any CPU.ActiveCfg = PNNLRelease|x86
		{16B43514-F328-4401-B5B6-D14F9FF51516}.ExternalReleaseInstall|Any CPU.Build.0 = PNNLRelease|x86
		{16B43514-F328-4401-B5B6-D14F9FF51516}.ExternalReleaseInstall|x86.ActiveCfg = PNNLRelease|x86
		{16B43514-F328-4401-B5B6-D14F9FF51516}.ExternalReleaseInstall|x86.Build.0 = PNNLRelease|x86
		{16B43514-F328-4401-B5B6-D14F9FF51516}.PNNLRelease|Any CPU.ActiveCfg = PNNLRelease|x86
		{16B43514-F328-4401-B5B6-D14F9FF51516}.PNNLRelease|Any CPU.Build.0 = PNNLRelease|x86
		{16B43514-F328-4401-B5B6-D14F9FF51516}.PNNLRelease|x86.ActiveCfg = PNNLRelease|x86
		{16B43514-F328-4401-B5B6-D14F9FF51516}.PNNLRelease|x86.Build.0 = PNNLRelease|x86
		{16B43514-F328-4401-B5B6-D14F9FF51516}.PNNLReleaseInstall|Any CPU.ActiveCfg = PNNLRelease|x86
		{16B43514-F328-4401-B5B6-D14F9FF51516}.PNNLReleaseInstall|Any CPU.Build.0 = PNNLRelease|x86
		{16B43514-F328-4401-B5B6-D14F9FF51516}.PNNLReleaseInstall|x86.ActiveCfg = PNNLRelease|x86
		{16B43514-F328-4401-B5B6-D14F9FF51516}.PNNLReleaseInstall|x86.Build.0 = PNNLRelease|x86
		{16B43514-F328-4401-B5B6-D14F9FF51516}.Release|Any CPU.ActiveCfg = PNNLRelease|x86
		{16B43514-F328-4401-B5B6-D14F9FF51516}.Release|Any CPU.Build.0 = PNNLRelease|x86
		{16B43514-F328-4401-B5B6-D14F9FF51516}.Release|x86.ActiveCfg = PNNLRelease|x86
		{16B43514-F328-4401-B5B6-D14F9FF51516}.Release|x86.Build.0 = PNNLRelease|x86
		{A9ED704A-295B-4BAD-8B6A-9A07BEC1A315}.Debug|Any CPU.ActiveCfg = Debug|x86
		{A9ED704A-295B-4BAD-8B6A-9A07BEC1A315}.Debug|x86.ActiveCfg = Debug|x86
		{A9ED704A-295B-4BAD-8B6A-9A07BEC1A315}.Debug|x86.Build.0 = Debug|x86
		{A9ED704A-295B-4BAD-8B6A-9A07BEC1A315}.ExternalRelease|Any CPU.ActiveCfg = PNNLRelease|x86
		{A9ED704A-295B-4BAD-8B6A-9A07BEC1A315}.ExternalRelease|Any CPU.Build.0 = PNNLRelease|x86
		{A9ED704A-295B-4BAD-8B6A-9A07BEC1A315}.ExternalRelease|x86.ActiveCfg = PNNLRelease|x86
		{A9ED704A-295B-4BAD-8B6A-9A07BEC1A315}.ExternalRelease|x86.Build.0 = PNNLRelease|x86
		{A9ED704A-295B-4BAD-8B6A-9A07BEC1A315}.ExternalReleaseInstall|Any CPU.ActiveCfg = PNNLRelease|x86
		{A9ED704A-295B-4BAD-8B6A-9A07BEC1A315}.ExternalReleaseInstall|Any CPU.Build.0 = PNNLRelease|x86
		{A9ED704A-295B-4BAD-8B6A-9A07BEC1A315}.ExternalReleaseInstall|x86.ActiveCfg = PNNLRelease|x86
		{A9ED704A-295B-4BAD-8B6A-9A07BEC1A315}.ExternalReleaseInstall|x86.Build.0 = PNNLRelease|x86
		{A9ED704A-295B-4BAD-8B6A-9A07BEC1A315}.PNNLRelease|Any CPU.ActiveCfg = PNNLRelease|x86
		{A9ED704A-295B-4BAD-8B6A-9A07BEC1A315}.PNNLRelease|Any CPU.Build.0 = PNNLRelease|x86
		{A9ED704A-295B-4BAD-8B6A-9A07BEC1A315}.PNNLRelease|x86.ActiveCfg = PNNLRelease|x86
		{A9ED704A-295B-4BAD-8B6A-9A07BEC1A315}.PNNLRelease|x86.Build.0 = PNNLRelease|x86
		{A9ED704A-295B-4BAD-8B6A-9A07BEC1A315}.PNNLReleaseInstall|Any CPU.ActiveCfg = PNNLRelease|x86
		{A9ED704A-295B-4BAD-8B6A-9A07BEC1A315}.PNNLReleaseInstall|Any CPU.Build.0 = PNNLRelease|x86
		{A9ED704A-295B-4BAD-8B6A-9A07BEC1A315}.PNNLReleaseInstall|x86.ActiveCfg = PNNLRelease|x86
		{A9ED704A-295B-4BAD-8B6A-9A07BEC1A315}.PNNLReleaseInstall|x86.Build.0 = PNNLRelease|x86
		{A9ED704A-295B-4BAD-8B6A-9A07BEC1A315}.Release|Any CPU.ActiveCfg = PNNLRelease|x86
		{A9ED704A-295B-4BAD-8B6A-9A07BEC1A315}.Release|Any CPU.Build.0 = PNNLRelease|x86
		{A9ED704A-295B-4BAD-8B6A-9A07BEC1A315}.Release|x86.ActiveCfg = PNNLRelease|x86
		{A9ED704A-295B-4BAD-8B6A-9A07BEC1A315}.Release|x86.Build.0 = PNNLRelease|x86
		{44F85A93-8010-44CE-8655-21DDAEC72AC1}.Debug|Any CPU.ActiveCfg = Debug|Any CPU
		{44F85A93-8010-44CE-8655-21DDAEC72AC1}.Debug|Any CPU.Build.0 = Debug|Any CPU
		{44F85A93-8010-44CE-8655-21DDAEC72AC1}.Debug|x86.ActiveCfg = Debug|x86
		{44F85A93-8010-44CE-8655-21DDAEC72AC1}.Debug|x86.Build.0 = Debug|x86
		{44F85A93-8010-44CE-8655-21DDAEC72AC1}.ExternalRelease|Any CPU.ActiveCfg = PNNLRelease|Any CPU
		{44F85A93-8010-44CE-8655-21DDAEC72AC1}.ExternalRelease|Any CPU.Build.0 = PNNLRelease|Any CPU
		{44F85A93-8010-44CE-8655-21DDAEC72AC1}.ExternalRelease|x86.ActiveCfg = PNNLRelease|x86
		{44F85A93-8010-44CE-8655-21DDAEC72AC1}.ExternalRelease|x86.Build.0 = PNNLRelease|x86
		{44F85A93-8010-44CE-8655-21DDAEC72AC1}.ExternalReleaseInstall|Any CPU.ActiveCfg = PNNLRelease|Any CPU
		{44F85A93-8010-44CE-8655-21DDAEC72AC1}.ExternalReleaseInstall|Any CPU.Build.0 = PNNLRelease|Any CPU
		{44F85A93-8010-44CE-8655-21DDAEC72AC1}.ExternalReleaseInstall|x86.ActiveCfg = PNNLRelease|x86
		{44F85A93-8010-44CE-8655-21DDAEC72AC1}.ExternalReleaseInstall|x86.Build.0 = PNNLRelease|x86
		{44F85A93-8010-44CE-8655-21DDAEC72AC1}.PNNLRelease|Any CPU.ActiveCfg = PNNLRelease|Any CPU
		{44F85A93-8010-44CE-8655-21DDAEC72AC1}.PNNLRelease|Any CPU.Build.0 = PNNLRelease|Any CPU
		{44F85A93-8010-44CE-8655-21DDAEC72AC1}.PNNLRelease|x86.ActiveCfg = PNNLRelease|x86
		{44F85A93-8010-44CE-8655-21DDAEC72AC1}.PNNLRelease|x86.Build.0 = PNNLRelease|x86
		{44F85A93-8010-44CE-8655-21DDAEC72AC1}.PNNLReleaseInstall|Any CPU.ActiveCfg = PNNLRelease|Any CPU
		{44F85A93-8010-44CE-8655-21DDAEC72AC1}.PNNLReleaseInstall|Any CPU.Build.0 = PNNLRelease|Any CPU
		{44F85A93-8010-44CE-8655-21DDAEC72AC1}.PNNLReleaseInstall|x86.ActiveCfg = PNNLRelease|x86
		{44F85A93-8010-44CE-8655-21DDAEC72AC1}.PNNLReleaseInstall|x86.Build.0 = PNNLRelease|x86
		{44F85A93-8010-44CE-8655-21DDAEC72AC1}.Release|Any CPU.ActiveCfg = PNNLRelease|Any CPU
		{44F85A93-8010-44CE-8655-21DDAEC72AC1}.Release|Any CPU.Build.0 = PNNLRelease|Any CPU
		{44F85A93-8010-44CE-8655-21DDAEC72AC1}.Release|x86.ActiveCfg = PNNLRelease|x86
		{44F85A93-8010-44CE-8655-21DDAEC72AC1}.Release|x86.Build.0 = PNNLRelease|x86
		{EDF39882-C0AF-424B-9096-6F1384A5FD71}.Debug|Any CPU.ActiveCfg = Debug|Any CPU
		{EDF39882-C0AF-424B-9096-6F1384A5FD71}.Debug|Any CPU.Build.0 = Debug|Any CPU
		{EDF39882-C0AF-424B-9096-6F1384A5FD71}.Debug|x86.ActiveCfg = Debug|x86
		{EDF39882-C0AF-424B-9096-6F1384A5FD71}.Debug|x86.Build.0 = Debug|x86
		{EDF39882-C0AF-424B-9096-6F1384A5FD71}.ExternalRelease|Any CPU.ActiveCfg = PNNLRelease|Any CPU
		{EDF39882-C0AF-424B-9096-6F1384A5FD71}.ExternalRelease|Any CPU.Build.0 = PNNLRelease|Any CPU
		{EDF39882-C0AF-424B-9096-6F1384A5FD71}.ExternalRelease|x86.ActiveCfg = PNNLRelease|x86
		{EDF39882-C0AF-424B-9096-6F1384A5FD71}.ExternalRelease|x86.Build.0 = PNNLRelease|x86
		{EDF39882-C0AF-424B-9096-6F1384A5FD71}.ExternalReleaseInstall|Any CPU.ActiveCfg = PNNLRelease|Any CPU
		{EDF39882-C0AF-424B-9096-6F1384A5FD71}.ExternalReleaseInstall|Any CPU.Build.0 = PNNLRelease|Any CPU
		{EDF39882-C0AF-424B-9096-6F1384A5FD71}.ExternalReleaseInstall|x86.ActiveCfg = PNNLRelease|x86
		{EDF39882-C0AF-424B-9096-6F1384A5FD71}.ExternalReleaseInstall|x86.Build.0 = PNNLRelease|x86
		{EDF39882-C0AF-424B-9096-6F1384A5FD71}.PNNLRelease|Any CPU.ActiveCfg = PNNLRelease|Any CPU
		{EDF39882-C0AF-424B-9096-6F1384A5FD71}.PNNLRelease|Any CPU.Build.0 = PNNLRelease|Any CPU
		{EDF39882-C0AF-424B-9096-6F1384A5FD71}.PNNLRelease|x86.ActiveCfg = PNNLRelease|x86
		{EDF39882-C0AF-424B-9096-6F1384A5FD71}.PNNLRelease|x86.Build.0 = PNNLRelease|x86
		{EDF39882-C0AF-424B-9096-6F1384A5FD71}.PNNLReleaseInstall|Any CPU.ActiveCfg = PNNLRelease|Any CPU
		{EDF39882-C0AF-424B-9096-6F1384A5FD71}.PNNLReleaseInstall|Any CPU.Build.0 = PNNLRelease|Any CPU
		{EDF39882-C0AF-424B-9096-6F1384A5FD71}.PNNLReleaseInstall|x86.ActiveCfg = PNNLRelease|x86
		{EDF39882-C0AF-424B-9096-6F1384A5FD71}.PNNLReleaseInstall|x86.Build.0 = PNNLRelease|x86
		{EDF39882-C0AF-424B-9096-6F1384A5FD71}.Release|Any CPU.ActiveCfg = PNNLRelease|Any CPU
		{EDF39882-C0AF-424B-9096-6F1384A5FD71}.Release|Any CPU.Build.0 = PNNLRelease|Any CPU
		{EDF39882-C0AF-424B-9096-6F1384A5FD71}.Release|x86.ActiveCfg = PNNLRelease|x86
		{EDF39882-C0AF-424B-9096-6F1384A5FD71}.Release|x86.Build.0 = PNNLRelease|x86
		{81761693-59ED-42AC-B879-5D1594EFA7B4}.Debug|Any CPU.ActiveCfg = Debug|x86
		{81761693-59ED-42AC-B879-5D1594EFA7B4}.Debug|x86.ActiveCfg = Debug|x86
		{81761693-59ED-42AC-B879-5D1594EFA7B4}.Debug|x86.Build.0 = Debug|x86
		{81761693-59ED-42AC-B879-5D1594EFA7B4}.ExternalRelease|Any CPU.ActiveCfg = PNNLRelease|x86
		{81761693-59ED-42AC-B879-5D1594EFA7B4}.ExternalRelease|Any CPU.Build.0 = PNNLRelease|x86
		{81761693-59ED-42AC-B879-5D1594EFA7B4}.ExternalRelease|x86.ActiveCfg = PNNLRelease|x86
		{81761693-59ED-42AC-B879-5D1594EFA7B4}.ExternalRelease|x86.Build.0 = PNNLRelease|x86
		{81761693-59ED-42AC-B879-5D1594EFA7B4}.ExternalReleaseInstall|Any CPU.ActiveCfg = PNNLRelease|x86
		{81761693-59ED-42AC-B879-5D1594EFA7B4}.ExternalReleaseInstall|Any CPU.Build.0 = PNNLRelease|x86
		{81761693-59ED-42AC-B879-5D1594EFA7B4}.ExternalReleaseInstall|x86.ActiveCfg = PNNLRelease|x86
		{81761693-59ED-42AC-B879-5D1594EFA7B4}.ExternalReleaseInstall|x86.Build.0 = PNNLRelease|x86
		{81761693-59ED-42AC-B879-5D1594EFA7B4}.PNNLRelease|Any CPU.ActiveCfg = PNNLRelease|x86
		{81761693-59ED-42AC-B879-5D1594EFA7B4}.PNNLRelease|Any CPU.Build.0 = PNNLRelease|x86
		{81761693-59ED-42AC-B879-5D1594EFA7B4}.PNNLRelease|x86.ActiveCfg = PNNLRelease|x86
		{81761693-59ED-42AC-B879-5D1594EFA7B4}.PNNLRelease|x86.Build.0 = PNNLRelease|x86
		{81761693-59ED-42AC-B879-5D1594EFA7B4}.PNNLReleaseInstall|Any CPU.ActiveCfg = PNNLRelease|x86
		{81761693-59ED-42AC-B879-5D1594EFA7B4}.PNNLReleaseInstall|Any CPU.Build.0 = PNNLRelease|x86
		{81761693-59ED-42AC-B879-5D1594EFA7B4}.PNNLReleaseInstall|x86.ActiveCfg = PNNLRelease|x86
		{81761693-59ED-42AC-B879-5D1594EFA7B4}.PNNLReleaseInstall|x86.Build.0 = PNNLRelease|x86
		{81761693-59ED-42AC-B879-5D1594EFA7B4}.Release|Any CPU.ActiveCfg = PNNLRelease|x86
		{81761693-59ED-42AC-B879-5D1594EFA7B4}.Release|Any CPU.Build.0 = PNNLRelease|x86
		{81761693-59ED-42AC-B879-5D1594EFA7B4}.Release|x86.ActiveCfg = PNNLRelease|x86
		{81761693-59ED-42AC-B879-5D1594EFA7B4}.Release|x86.Build.0 = PNNLRelease|x86
		{27977D25-FA44-4809-9FC4-9F8B306E973F}.Debug|Any CPU.ActiveCfg = Debug|x86
		{27977D25-FA44-4809-9FC4-9F8B306E973F}.Debug|x86.ActiveCfg = Debug|x86
		{27977D25-FA44-4809-9FC4-9F8B306E973F}.Debug|x86.Build.0 = Debug|x86
		{27977D25-FA44-4809-9FC4-9F8B306E973F}.ExternalRelease|Any CPU.ActiveCfg = PNNLRelease|x86
		{27977D25-FA44-4809-9FC4-9F8B306E973F}.ExternalRelease|Any CPU.Build.0 = PNNLRelease|x86
		{27977D25-FA44-4809-9FC4-9F8B306E973F}.ExternalRelease|x86.ActiveCfg = PNNLRelease|x86
		{27977D25-FA44-4809-9FC4-9F8B306E973F}.ExternalRelease|x86.Build.0 = PNNLRelease|x86
		{27977D25-FA44-4809-9FC4-9F8B306E973F}.ExternalReleaseInstall|Any CPU.ActiveCfg = PNNLRelease|x86
		{27977D25-FA44-4809-9FC4-9F8B306E973F}.ExternalReleaseInstall|Any CPU.Build.0 = PNNLRelease|x86
		{27977D25-FA44-4809-9FC4-9F8B306E973F}.ExternalReleaseInstall|x86.ActiveCfg = PNNLRelease|x86
		{27977D25-FA44-4809-9FC4-9F8B306E973F}.ExternalReleaseInstall|x86.Build.0 = PNNLRelease|x86
		{27977D25-FA44-4809-9FC4-9F8B306E973F}.PNNLRelease|Any CPU.ActiveCfg = PNNLRelease|x86
		{27977D25-FA44-4809-9FC4-9F8B306E973F}.PNNLRelease|Any CPU.Build.0 = PNNLRelease|x86
		{27977D25-FA44-4809-9FC4-9F8B306E973F}.PNNLRelease|x86.ActiveCfg = PNNLRelease|x86
		{27977D25-FA44-4809-9FC4-9F8B306E973F}.PNNLRelease|x86.Build.0 = PNNLRelease|x86
		{27977D25-FA44-4809-9FC4-9F8B306E973F}.PNNLReleaseInstall|Any CPU.ActiveCfg = PNNLRelease|x86
		{27977D25-FA44-4809-9FC4-9F8B306E973F}.PNNLReleaseInstall|Any CPU.Build.0 = PNNLRelease|x86
		{27977D25-FA44-4809-9FC4-9F8B306E973F}.PNNLReleaseInstall|x86.ActiveCfg = PNNLRelease|x86
		{27977D25-FA44-4809-9FC4-9F8B306E973F}.PNNLReleaseInstall|x86.Build.0 = PNNLRelease|x86
		{27977D25-FA44-4809-9FC4-9F8B306E973F}.Release|Any CPU.ActiveCfg = PNNLRelease|x86
		{27977D25-FA44-4809-9FC4-9F8B306E973F}.Release|Any CPU.Build.0 = PNNLRelease|x86
		{27977D25-FA44-4809-9FC4-9F8B306E973F}.Release|x86.ActiveCfg = PNNLRelease|x86
		{27977D25-FA44-4809-9FC4-9F8B306E973F}.Release|x86.Build.0 = PNNLRelease|x86
		{4F2EEDA1-5398-4009-B268-1A5996FB7B90}.Debug|Any CPU.ActiveCfg = Debug|Any CPU
		{4F2EEDA1-5398-4009-B268-1A5996FB7B90}.Debug|Any CPU.Build.0 = Debug|Any CPU
		{4F2EEDA1-5398-4009-B268-1A5996FB7B90}.Debug|x86.ActiveCfg = Debug|x86
		{4F2EEDA1-5398-4009-B268-1A5996FB7B90}.Debug|x86.Build.0 = Debug|x86
		{4F2EEDA1-5398-4009-B268-1A5996FB7B90}.ExternalRelease|Any CPU.ActiveCfg = PNNLRelease|Any CPU
		{4F2EEDA1-5398-4009-B268-1A5996FB7B90}.ExternalRelease|Any CPU.Build.0 = PNNLRelease|Any CPU
		{4F2EEDA1-5398-4009-B268-1A5996FB7B90}.ExternalRelease|x86.ActiveCfg = PNNLRelease|x86
		{4F2EEDA1-5398-4009-B268-1A5996FB7B90}.ExternalRelease|x86.Build.0 = PNNLRelease|x86
		{4F2EEDA1-5398-4009-B268-1A5996FB7B90}.ExternalReleaseInstall|Any CPU.ActiveCfg = PNNLRelease|Any CPU
		{4F2EEDA1-5398-4009-B268-1A5996FB7B90}.ExternalReleaseInstall|Any CPU.Build.0 = PNNLRelease|Any CPU
		{4F2EEDA1-5398-4009-B268-1A5996FB7B90}.ExternalReleaseInstall|x86.ActiveCfg = PNNLRelease|x86
		{4F2EEDA1-5398-4009-B268-1A5996FB7B90}.ExternalReleaseInstall|x86.Build.0 = PNNLRelease|x86
		{4F2EEDA1-5398-4009-B268-1A5996FB7B90}.PNNLRelease|Any CPU.ActiveCfg = PNNLRelease|Any CPU
		{4F2EEDA1-5398-4009-B268-1A5996FB7B90}.PNNLRelease|Any CPU.Build.0 = PNNLRelease|Any CPU
		{4F2EEDA1-5398-4009-B268-1A5996FB7B90}.PNNLRelease|x86.ActiveCfg = PNNLRelease|x86
		{4F2EEDA1-5398-4009-B268-1A5996FB7B90}.PNNLRelease|x86.Build.0 = PNNLRelease|x86
		{4F2EEDA1-5398-4009-B268-1A5996FB7B90}.PNNLReleaseInstall|Any CPU.ActiveCfg = PNNLRelease|Any CPU
		{4F2EEDA1-5398-4009-B268-1A5996FB7B90}.PNNLReleaseInstall|Any CPU.Build.0 = PNNLRelease|Any CPU
		{4F2EEDA1-5398-4009-B268-1A5996FB7B90}.PNNLReleaseInstall|x86.ActiveCfg = PNNLRelease|x86
		{4F2EEDA1-5398-4009-B268-1A5996FB7B90}.PNNLReleaseInstall|x86.Build.0 = PNNLRelease|x86
		{4F2EEDA1-5398-4009-B268-1A5996FB7B90}.Release|Any CPU.ActiveCfg = PNNLRelease|Any CPU
		{4F2EEDA1-5398-4009-B268-1A5996FB7B90}.Release|Any CPU.Build.0 = PNNLRelease|Any CPU
		{4F2EEDA1-5398-4009-B268-1A5996FB7B90}.Release|x86.ActiveCfg = PNNLRelease|x86
		{4F2EEDA1-5398-4009-B268-1A5996FB7B90}.Release|x86.Build.0 = PNNLRelease|x86
		{51F59458-D3D7-41D6-8E09-19A12AD54B7A}.Debug|Any CPU.ActiveCfg = Debug|x86
		{51F59458-D3D7-41D6-8E09-19A12AD54B7A}.Debug|x86.ActiveCfg = Debug|x86
		{51F59458-D3D7-41D6-8E09-19A12AD54B7A}.Debug|x86.Build.0 = Debug|x86
		{51F59458-D3D7-41D6-8E09-19A12AD54B7A}.ExternalRelease|Any CPU.ActiveCfg = PNNLRelease|x86
		{51F59458-D3D7-41D6-8E09-19A12AD54B7A}.ExternalRelease|Any CPU.Build.0 = PNNLRelease|x86
		{51F59458-D3D7-41D6-8E09-19A12AD54B7A}.ExternalRelease|x86.ActiveCfg = PNNLRelease|x86
		{51F59458-D3D7-41D6-8E09-19A12AD54B7A}.ExternalRelease|x86.Build.0 = PNNLRelease|x86
		{51F59458-D3D7-41D6-8E09-19A12AD54B7A}.ExternalReleaseInstall|Any CPU.ActiveCfg = PNNLRelease|x86
		{51F59458-D3D7-41D6-8E09-19A12AD54B7A}.ExternalReleaseInstall|Any CPU.Build.0 = PNNLRelease|x86
		{51F59458-D3D7-41D6-8E09-19A12AD54B7A}.ExternalReleaseInstall|x86.ActiveCfg = PNNLRelease|x86
		{51F59458-D3D7-41D6-8E09-19A12AD54B7A}.ExternalReleaseInstall|x86.Build.0 = PNNLRelease|x86
		{51F59458-D3D7-41D6-8E09-19A12AD54B7A}.PNNLRelease|Any CPU.ActiveCfg = PNNLRelease|x86
		{51F59458-D3D7-41D6-8E09-19A12AD54B7A}.PNNLRelease|Any CPU.Build.0 = PNNLRelease|x86
		{51F59458-D3D7-41D6-8E09-19A12AD54B7A}.PNNLRelease|x86.ActiveCfg = PNNLRelease|x86
		{51F59458-D3D7-41D6-8E09-19A12AD54B7A}.PNNLRelease|x86.Build.0 = PNNLRelease|x86
		{51F59458-D3D7-41D6-8E09-19A12AD54B7A}.PNNLReleaseInstall|Any CPU.ActiveCfg = PNNLRelease|x86
		{51F59458-D3D7-41D6-8E09-19A12AD54B7A}.PNNLReleaseInstall|Any CPU.Build.0 = PNNLRelease|x86
		{51F59458-D3D7-41D6-8E09-19A12AD54B7A}.PNNLReleaseInstall|x86.ActiveCfg = PNNLRelease|x86
		{51F59458-D3D7-41D6-8E09-19A12AD54B7A}.PNNLReleaseInstall|x86.Build.0 = PNNLRelease|x86
		{51F59458-D3D7-41D6-8E09-19A12AD54B7A}.Release|Any CPU.ActiveCfg = PNNLRelease|x86
		{51F59458-D3D7-41D6-8E09-19A12AD54B7A}.Release|Any CPU.Build.0 = PNNLRelease|x86
		{51F59458-D3D7-41D6-8E09-19A12AD54B7A}.Release|x86.ActiveCfg = PNNLRelease|x86
		{51F59458-D3D7-41D6-8E09-19A12AD54B7A}.Release|x86.Build.0 = PNNLRelease|x86
		{08F2C18B-27E7-4DD4-A47F-760E52C2D552}.Debug|Any CPU.ActiveCfg = Debug|x86
		{08F2C18B-27E7-4DD4-A47F-760E52C2D552}.Debug|x86.ActiveCfg = Debug|x86
		{08F2C18B-27E7-4DD4-A47F-760E52C2D552}.Debug|x86.Build.0 = Debug|x86
		{08F2C18B-27E7-4DD4-A47F-760E52C2D552}.ExternalRelease|Any CPU.ActiveCfg = Debug|x86
		{08F2C18B-27E7-4DD4-A47F-760E52C2D552}.ExternalRelease|Any CPU.Build.0 = Debug|x86
		{08F2C18B-27E7-4DD4-A47F-760E52C2D552}.ExternalRelease|x86.ActiveCfg = Debug|x86
		{08F2C18B-27E7-4DD4-A47F-760E52C2D552}.ExternalRelease|x86.Build.0 = Debug|x86
		{08F2C18B-27E7-4DD4-A47F-760E52C2D552}.ExternalReleaseInstall|Any CPU.ActiveCfg = Debug|x86
		{08F2C18B-27E7-4DD4-A47F-760E52C2D552}.ExternalReleaseInstall|Any CPU.Build.0 = Debug|x86
		{08F2C18B-27E7-4DD4-A47F-760E52C2D552}.ExternalReleaseInstall|x86.ActiveCfg = Debug|x86
		{08F2C18B-27E7-4DD4-A47F-760E52C2D552}.ExternalReleaseInstall|x86.Build.0 = Debug|x86
		{08F2C18B-27E7-4DD4-A47F-760E52C2D552}.PNNLRelease|Any CPU.ActiveCfg = Debug|x86
		{08F2C18B-27E7-4DD4-A47F-760E52C2D552}.PNNLRelease|Any CPU.Build.0 = Debug|x86
		{08F2C18B-27E7-4DD4-A47F-760E52C2D552}.PNNLRelease|x86.ActiveCfg = Debug|x86
		{08F2C18B-27E7-4DD4-A47F-760E52C2D552}.PNNLRelease|x86.Build.0 = Debug|x86
		{08F2C18B-27E7-4DD4-A47F-760E52C2D552}.PNNLReleaseInstall|Any CPU.ActiveCfg = Debug|x86
		{08F2C18B-27E7-4DD4-A47F-760E52C2D552}.PNNLReleaseInstall|Any CPU.Build.0 = Debug|x86
		{08F2C18B-27E7-4DD4-A47F-760E52C2D552}.PNNLReleaseInstall|x86.ActiveCfg = Debug|x86
		{08F2C18B-27E7-4DD4-A47F-760E52C2D552}.PNNLReleaseInstall|x86.Build.0 = Debug|x86
		{08F2C18B-27E7-4DD4-A47F-760E52C2D552}.Release|Any CPU.ActiveCfg = Debug|x86
		{08F2C18B-27E7-4DD4-A47F-760E52C2D552}.Release|Any CPU.Build.0 = Debug|x86
		{08F2C18B-27E7-4DD4-A47F-760E52C2D552}.Release|x86.ActiveCfg = Debug|x86
		{08F2C18B-27E7-4DD4-A47F-760E52C2D552}.Release|x86.Build.0 = Debug|x86
		{82DBCBCC-6FC8-4E62-98EB-46DA1DDA27F4}.Debug|Any CPU.ActiveCfg = Debug|x86
		{82DBCBCC-6FC8-4E62-98EB-46DA1DDA27F4}.Debug|x86.ActiveCfg = Debug|x86
		{82DBCBCC-6FC8-4E62-98EB-46DA1DDA27F4}.Debug|x86.Build.0 = Debug|x86
		{82DBCBCC-6FC8-4E62-98EB-46DA1DDA27F4}.ExternalRelease|Any CPU.ActiveCfg = ExternalRelease|x86
		{82DBCBCC-6FC8-4E62-98EB-46DA1DDA27F4}.ExternalRelease|x86.ActiveCfg = ExternalRelease|x86
		{82DBCBCC-6FC8-4E62-98EB-46DA1DDA27F4}.ExternalRelease|x86.Build.0 = ExternalRelease|x86
		{82DBCBCC-6FC8-4E62-98EB-46DA1DDA27F4}.ExternalReleaseInstall|Any CPU.ActiveCfg = ExternalReleaseInstall|x86
		{82DBCBCC-6FC8-4E62-98EB-46DA1DDA27F4}.ExternalReleaseInstall|x86.ActiveCfg = ExternalReleaseInstall|x86
		{82DBCBCC-6FC8-4E62-98EB-46DA1DDA27F4}.ExternalReleaseInstall|x86.Build.0 = ExternalReleaseInstall|x86
		{82DBCBCC-6FC8-4E62-98EB-46DA1DDA27F4}.PNNLRelease|Any CPU.ActiveCfg = PNNLRelease|x86
		{82DBCBCC-6FC8-4E62-98EB-46DA1DDA27F4}.PNNLRelease|Any CPU.Build.0 = PNNLRelease|x86
		{82DBCBCC-6FC8-4E62-98EB-46DA1DDA27F4}.PNNLRelease|x86.ActiveCfg = PNNLRelease|x86
		{82DBCBCC-6FC8-4E62-98EB-46DA1DDA27F4}.PNNLRelease|x86.Build.0 = PNNLRelease|x86
		{82DBCBCC-6FC8-4E62-98EB-46DA1DDA27F4}.PNNLReleaseInstall|Any CPU.ActiveCfg = PNNLReleaseInstall|x86
		{82DBCBCC-6FC8-4E62-98EB-46DA1DDA27F4}.PNNLReleaseInstall|x86.ActiveCfg = PNNLReleaseInstall|x86
		{82DBCBCC-6FC8-4E62-98EB-46DA1DDA27F4}.PNNLReleaseInstall|x86.Build.0 = PNNLReleaseInstall|x86
		{82DBCBCC-6FC8-4E62-98EB-46DA1DDA27F4}.Release|Any CPU.ActiveCfg = ExternalReleaseInstall|x86
		{82DBCBCC-6FC8-4E62-98EB-46DA1DDA27F4}.Release|Any CPU.Build.0 = ExternalReleaseInstall|x86
		{82DBCBCC-6FC8-4E62-98EB-46DA1DDA27F4}.Release|x86.ActiveCfg = ExternalReleaseInstall|x86
		{82DBCBCC-6FC8-4E62-98EB-46DA1DDA27F4}.Release|x86.Build.0 = ExternalReleaseInstall|x86
		{F3EB0B04-7562-4B7D-871C-579C2C8A2045}.Debug|Any CPU.ActiveCfg = Debug|Any CPU
		{F3EB0B04-7562-4B7D-871C-579C2C8A2045}.Debug|Any CPU.Build.0 = Debug|Any CPU
		{F3EB0B04-7562-4B7D-871C-579C2C8A2045}.Debug|x86.ActiveCfg = Debug|x86
		{F3EB0B04-7562-4B7D-871C-579C2C8A2045}.Debug|x86.Build.0 = Debug|x86
		{F3EB0B04-7562-4B7D-871C-579C2C8A2045}.ExternalRelease|Any CPU.ActiveCfg = Release|Any CPU
		{F3EB0B04-7562-4B7D-871C-579C2C8A2045}.ExternalRelease|Any CPU.Build.0 = Release|Any CPU
		{F3EB0B04-7562-4B7D-871C-579C2C8A2045}.ExternalRelease|x86.ActiveCfg = Release|x86
		{F3EB0B04-7562-4B7D-871C-579C2C8A2045}.ExternalRelease|x86.Build.0 = Release|x86
		{F3EB0B04-7562-4B7D-871C-579C2C8A2045}.ExternalReleaseInstall|Any CPU.ActiveCfg = Release|Any CPU
		{F3EB0B04-7562-4B7D-871C-579C2C8A2045}.ExternalReleaseInstall|Any CPU.Build.0 = Release|Any CPU
		{F3EB0B04-7562-4B7D-871C-579C2C8A2045}.ExternalReleaseInstall|x86.ActiveCfg = Release|x86
		{F3EB0B04-7562-4B7D-871C-579C2C8A2045}.ExternalReleaseInstall|x86.Build.0 = Release|x86
		{F3EB0B04-7562-4B7D-871C-579C2C8A2045}.PNNLRelease|Any CPU.ActiveCfg = PNNLRelease|Any CPU
		{F3EB0B04-7562-4B7D-871C-579C2C8A2045}.PNNLRelease|Any CPU.Build.0 = PNNLRelease|Any CPU
		{F3EB0B04-7562-4B7D-871C-579C2C8A2045}.PNNLRelease|x86.ActiveCfg = PNNLRelease|x86
		{F3EB0B04-7562-4B7D-871C-579C2C8A2045}.PNNLRelease|x86.Build.0 = PNNLRelease|x86
		{F3EB0B04-7562-4B7D-871C-579C2C8A2045}.PNNLReleaseInstall|Any CPU.ActiveCfg = PNNLRelease|Any CPU
		{F3EB0B04-7562-4B7D-871C-579C2C8A2045}.PNNLReleaseInstall|Any CPU.Build.0 = PNNLRelease|Any CPU
		{F3EB0B04-7562-4B7D-871C-579C2C8A2045}.PNNLReleaseInstall|x86.ActiveCfg = PNNLRelease|x86
		{F3EB0B04-7562-4B7D-871C-579C2C8A2045}.PNNLReleaseInstall|x86.Build.0 = PNNLRelease|x86
		{F3EB0B04-7562-4B7D-871C-579C2C8A2045}.Release|Any CPU.ActiveCfg = Release|Any CPU
		{F3EB0B04-7562-4B7D-871C-579C2C8A2045}.Release|Any CPU.Build.0 = Release|Any CPU
		{F3EB0B04-7562-4B7D-871C-579C2C8A2045}.Release|x86.ActiveCfg = Release|x86
		{F3EB0B04-7562-4B7D-871C-579C2C8A2045}.Release|x86.Build.0 = Release|x86
		{BEBD0826-4489-4E26-8456-240AF4C30E8A}.Debug|Any CPU.ActiveCfg = Debug|Any CPU
		{BEBD0826-4489-4E26-8456-240AF4C30E8A}.Debug|Any CPU.Build.0 = Debug|Any CPU
		{BEBD0826-4489-4E26-8456-240AF4C30E8A}.Debug|x86.ActiveCfg = Debug|x86
		{BEBD0826-4489-4E26-8456-240AF4C30E8A}.Debug|x86.Build.0 = Debug|x86
		{BEBD0826-4489-4E26-8456-240AF4C30E8A}.ExternalRelease|Any CPU.ActiveCfg = Release|Any CPU
		{BEBD0826-4489-4E26-8456-240AF4C30E8A}.ExternalRelease|Any CPU.Build.0 = Release|Any CPU
		{BEBD0826-4489-4E26-8456-240AF4C30E8A}.ExternalRelease|x86.ActiveCfg = Release|x86
		{BEBD0826-4489-4E26-8456-240AF4C30E8A}.ExternalRelease|x86.Build.0 = Release|x86
		{BEBD0826-4489-4E26-8456-240AF4C30E8A}.ExternalReleaseInstall|Any CPU.ActiveCfg = Release|Any CPU
		{BEBD0826-4489-4E26-8456-240AF4C30E8A}.ExternalReleaseInstall|Any CPU.Build.0 = Release|Any CPU
		{BEBD0826-4489-4E26-8456-240AF4C30E8A}.ExternalReleaseInstall|x86.ActiveCfg = Release|x86
		{BEBD0826-4489-4E26-8456-240AF4C30E8A}.ExternalReleaseInstall|x86.Build.0 = Release|x86
		{BEBD0826-4489-4E26-8456-240AF4C30E8A}.PNNLRelease|Any CPU.ActiveCfg = PNNLRelease|Any CPU
		{BEBD0826-4489-4E26-8456-240AF4C30E8A}.PNNLRelease|Any CPU.Build.0 = PNNLRelease|Any CPU
		{BEBD0826-4489-4E26-8456-240AF4C30E8A}.PNNLRelease|x86.ActiveCfg = PNNLRelease|x86
		{BEBD0826-4489-4E26-8456-240AF4C30E8A}.PNNLRelease|x86.Build.0 = PNNLRelease|x86
		{BEBD0826-4489-4E26-8456-240AF4C30E8A}.PNNLReleaseInstall|Any CPU.ActiveCfg = PNNLRelease|Any CPU
		{BEBD0826-4489-4E26-8456-240AF4C30E8A}.PNNLReleaseInstall|Any CPU.Build.0 = PNNLRelease|Any CPU
		{BEBD0826-4489-4E26-8456-240AF4C30E8A}.PNNLReleaseInstall|x86.ActiveCfg = PNNLRelease|x86
		{BEBD0826-4489-4E26-8456-240AF4C30E8A}.PNNLReleaseInstall|x86.Build.0 = PNNLRelease|x86
		{BEBD0826-4489-4E26-8456-240AF4C30E8A}.Release|Any CPU.ActiveCfg = Release|Any CPU
		{BEBD0826-4489-4E26-8456-240AF4C30E8A}.Release|Any CPU.Build.0 = Release|Any CPU
		{BEBD0826-4489-4E26-8456-240AF4C30E8A}.Release|x86.ActiveCfg = Release|x86
		{BEBD0826-4489-4E26-8456-240AF4C30E8A}.Release|x86.Build.0 = Release|x86
	EndGlobalSection
	GlobalSection(SolutionProperties) = preSolution
		HideSolutionNode = FALSE
	EndGlobalSection
EndGlobal
