
Microsoft Visual Studio Solution File, Format Version 12.00
# Visual Studio 2013
VisualStudioVersion = 12.0.30723.0
MinimumVisualStudioVersion = 10.0.40219.1
Project("{FAE04EC0-301F-11D3-BF4B-00C04F79EFBC}") = "LcmsNetDmsTools", "LcmsNetDmsTools\LcmsNetDmsTools.csproj", "{FCEFBC23-1CF4-4CE8-AB5D-5CFDA05854B7}"
EndProject
Global
	GlobalSection(SolutionConfigurationPlatforms) = preSolution
		Debug|Any CPU = Debug|Any CPU
		Debug|Mixed Platforms = Debug|Mixed Platforms
		Debug|x86 = Debug|x86
		PNNLRelease|Any CPU = PNNLRelease|Any CPU
		PNNLRelease|Mixed Platforms = PNNLRelease|Mixed Platforms
		PNNLRelease|x86 = PNNLRelease|x86
		Release|Any CPU = Release|Any CPU
		Release|Mixed Platforms = Release|Mixed Platforms
		Release|x86 = Release|x86
	EndGlobalSection
	GlobalSection(ProjectConfigurationPlatforms) = postSolution
		{FCEFBC23-1CF4-4CE8-AB5D-5CFDA05854B7}.Debug|Any CPU.ActiveCfg = Debug|Any CPU
		{FCEFBC23-1CF4-4CE8-AB5D-5CFDA05854B7}.Debug|Any CPU.Build.0 = Debug|Any CPU
		{FCEFBC23-1CF4-4CE8-AB5D-5CFDA05854B7}.Debug|Mixed Platforms.ActiveCfg = Debug|Any CPU
		{FCEFBC23-1CF4-4CE8-AB5D-5CFDA05854B7}.Debug|Mixed Platforms.Build.0 = Debug|Any CPU
		{FCEFBC23-1CF4-4CE8-AB5D-5CFDA05854B7}.Debug|x86.ActiveCfg = Debug|x86
		{FCEFBC23-1CF4-4CE8-AB5D-5CFDA05854B7}.PNNLRelease|Any CPU.ActiveCfg = Release|Any CPU
		{FCEFBC23-1CF4-4CE8-AB5D-5CFDA05854B7}.PNNLRelease|Any CPU.Build.0 = Release|Any CPU
		{FCEFBC23-1CF4-4CE8-AB5D-5CFDA05854B7}.PNNLRelease|Mixed Platforms.ActiveCfg = Release|Any CPU
		{FCEFBC23-1CF4-4CE8-AB5D-5CFDA05854B7}.PNNLRelease|Mixed Platforms.Build.0 = Release|Any CPU
		{FCEFBC23-1CF4-4CE8-AB5D-5CFDA05854B7}.PNNLRelease|x86.ActiveCfg = Release|x86
		{FCEFBC23-1CF4-4CE8-AB5D-5CFDA05854B7}.PNNLRelease|x86.Build.0 = Release|x86
		{FCEFBC23-1CF4-4CE8-AB5D-5CFDA05854B7}.Release|Any CPU.ActiveCfg = Release|Any CPU
		{FCEFBC23-1CF4-4CE8-AB5D-5CFDA05854B7}.Release|Any CPU.Build.0 = Release|Any CPU
		{FCEFBC23-1CF4-4CE8-AB5D-5CFDA05854B7}.Release|Mixed Platforms.ActiveCfg = Release|Any CPU
		{FCEFBC23-1CF4-4CE8-AB5D-5CFDA05854B7}.Release|Mixed Platforms.Build.0 = Release|Any CPU
		{FCEFBC23-1CF4-4CE8-AB5D-5CFDA05854B7}.Release|x86.ActiveCfg = Release|x86
		{FCEFBC23-1CF4-4CE8-AB5D-5CFDA05854B7}.Release|x86.Build.0 = Release|x86
	EndGlobalSection
	GlobalSection(SolutionProperties) = preSolution
		HideSolutionNode = FALSE
	EndGlobalSection
EndGlobal
